
Microsoft Visual Studio Solution File, Format Version 12.00
# Visual Studio Version 17
VisualStudioVersion = 17.2.32630.192
MinimumVisualStudioVersion = 10.0.40219.1
Project("{9A19103F-16F7-4668-BE54-9A1E7A4F7556}") = "R5T.O0016", "R5T.O0016\R5T.O0016.csproj", "{C91CE266-6341-4C82-B3FF-69600F776326}"
EndProject
Project("{2150E333-8FDC-42A3-9474-1A3956D46DE8}") = "_Dependencies", "_Dependencies", "{DC1471CB-7194-44B8-9441-1D6FF0EA07B6}"
EndProject
Project("{9A19103F-16F7-4668-BE54-9A1E7A4F7556}") = "R5T.F0000", "..\..\R5T.F0000\source\R5T.F0000\R5T.F0000.csproj", "{23483335-983B-4937-A674-E97CDF4FD62A}"
EndProject
Project("{9A19103F-16F7-4668-BE54-9A1E7A4F7556}") = "R5T.F0002", "..\..\R5T.F0002\source\R5T.F0002\R5T.F0002.csproj", "{80DA4CF6-392F-47D9-8099-A745DE7B1475}"
EndProject
Project("{9A19103F-16F7-4668-BE54-9A1E7A4F7556}") = "R5T.F0019", "..\..\R5T.F0019\source\R5T.F0019\R5T.F0019.csproj", "{094BC871-2F46-4FFC-A60C-12118DB460D1}"
EndProject
Project("{9A19103F-16F7-4668-BE54-9A1E7A4F7556}") = "R5T.F0024.T001", "..\..\R5T.F0024\source\R5T.F0024.T001\R5T.F0024.T001.csproj", "{85084363-6422-46D1-96FC-87F156450BA9}"
EndProject
Project("{9A19103F-16F7-4668-BE54-9A1E7A4F7556}") = "R5T.F0024", "..\..\R5T.F0024\source\R5T.F0024\R5T.F0024.csproj", "{E902E54F-4B34-4BDF-8531-16FAAA4E735A}"
EndProject
Project("{9A19103F-16F7-4668-BE54-9A1E7A4F7556}") = "R5T.F0032", "..\..\R5T.F0032\source\R5T.F0032\R5T.F0032.csproj", "{A456D499-23F7-437E-B5D3-8EC4670722DB}"
EndProject
Project("{9A19103F-16F7-4668-BE54-9A1E7A4F7556}") = "R5T.F0035.F001", "..\..\R5T.F0035\source\R5T.F0035.F001\R5T.F0035.F001.csproj", "{82614220-40E0-4548-AF6B-CBEB37151B71}"
EndProject
Project("{9A19103F-16F7-4668-BE54-9A1E7A4F7556}") = "R5T.F0041", "..\..\R5T.F0041\source\R5T.F0041\R5T.F0041.csproj", "{686250DA-1C39-41DF-9B6A-D60841CDD1E7}"
EndProject
Project("{9A19103F-16F7-4668-BE54-9A1E7A4F7556}") = "R5T.F0042.F001", "..\..\R5T.F0042\source\R5T.F0042.F001\R5T.F0042.F001.csproj", "{3A24C5E0-D9DA-4E29-922A-8F01851588A8}"
EndProject
Project("{9A19103F-16F7-4668-BE54-9A1E7A4F7556}") = "R5T.F0042.F002", "..\..\R5T.F0042\source\R5T.F0042.F002\R5T.F0042.F002.csproj", "{62F98624-782D-4FCB-AD42-007A56CF59F4}"
EndProject
Project("{9A19103F-16F7-4668-BE54-9A1E7A4F7556}") = "R5T.F0042", "..\..\R5T.F0042\source\R5T.F0042\R5T.F0042.csproj", "{B066FA57-2F5F-4011-81AD-37A2002B4027}"
EndProject
Project("{9A19103F-16F7-4668-BE54-9A1E7A4F7556}") = "R5T.F0044", "..\..\R5T.F0044\source\R5T.F0044\R5T.F0044.csproj", "{CB415B99-9608-4320-97B3-D5A782B95A24}"
EndProject
Project("{9A19103F-16F7-4668-BE54-9A1E7A4F7556}") = "R5T.F0046", "..\..\R5T.F0046\source\R5T.F0046\R5T.F0046.csproj", "{3A8FBBF3-B6E7-4D24-A159-60240E5EA247}"
EndProject
Project("{9A19103F-16F7-4668-BE54-9A1E7A4F7556}") = "R5T.F0047", "..\..\R5T.F0047\source\R5T.F0047\R5T.F0047.csproj", "{589651CC-847F-4413-9D64-BB39D88DEB37}"
EndProject
Project("{9A19103F-16F7-4668-BE54-9A1E7A4F7556}") = "R5T.F0057", "..\..\R5T.F0057\source\R5T.F0057\R5T.F0057.csproj", "{FA6E319F-8C33-426D-8720-9970645D0221}"
EndProject
Project("{9A19103F-16F7-4668-BE54-9A1E7A4F7556}") = "R5T.F0059", "..\..\R5T.F0059\source\R5T.F0059\R5T.F0059.csproj", "{127F6446-7DE8-4316-9511-17473825DEA7}"
EndProject
Project("{9A19103F-16F7-4668-BE54-9A1E7A4F7556}") = "R5T.F0091", "..\..\R5T.F0091\source\R5T.F0091\R5T.F0091.csproj", "{D18B4CD0-0169-4CB3-8374-9CD9EBB67D2A}"
EndProject
Project("{9A19103F-16F7-4668-BE54-9A1E7A4F7556}") = "R5T.F0120", "..\..\R5T.F0120\source\R5T.F0120\R5T.F0120.csproj", "{5ED95A8E-BEE2-4177-AB6D-2A8BD1A5F7C9}"
EndProject
Project("{9A19103F-16F7-4668-BE54-9A1E7A4F7556}") = "R5T.F0124", "..\..\R5T.F0124\source\R5T.F0124\R5T.F0124.csproj", "{45234763-FD5D-4D62-99FD-2356CE0FE97D}"
EndProject
Project("{9A19103F-16F7-4668-BE54-9A1E7A4F7556}") = "R5T.F0125", "..\..\R5T.F0125\source\R5T.F0125\R5T.F0125.csproj", "{1CD2788B-0E21-43A9-A20F-BE40F37C94C1}"
EndProject
Project("{9A19103F-16F7-4668-BE54-9A1E7A4F7556}") = "R5T.F0126", "..\..\R5T.F0126\source\R5T.F0126\R5T.F0126.csproj", "{D4C5708D-1857-4A67-BC10-D422FE082DEB}"
EndProject
Project("{9A19103F-16F7-4668-BE54-9A1E7A4F7556}") = "R5T.F0129", "..\..\R5T.F0129\source\R5T.F0129\R5T.F0129.csproj", "{B170EBFD-F109-4C02-8890-01709B978B79}"
EndProject
Project("{9A19103F-16F7-4668-BE54-9A1E7A4F7556}") = "R5T.F0130", "..\..\R5T.F0130\source\R5T.F0130\R5T.F0130.csproj", "{D0277938-7511-44BB-850E-28FEEB5D8244}"
EndProject
Project("{9A19103F-16F7-4668-BE54-9A1E7A4F7556}") = "R5T.L0001.Y000", "..\..\R5T.L0001\source\R5T.L0001.Y000\R5T.L0001.Y000.csproj", "{0CC499CA-48EC-484C-BD61-B2ED6E9A800F}"
EndProject
Project("{9A19103F-16F7-4668-BE54-9A1E7A4F7556}") = "R5T.L0001.Z000", "..\..\R5T.L0001\source\R5T.L0001.Z000\R5T.L0001.Z000.csproj", "{7545B935-C7E0-4CFE-9B2F-65F7CA9919CC}"
EndProject
Project("{9A19103F-16F7-4668-BE54-9A1E7A4F7556}") = "R5T.L0001", "..\..\R5T.L0001\source\R5T.L0001\R5T.L0001.csproj", "{7BE61226-07B8-411A-B18B-CBB9781304E8}"
EndProject
Project("{9A19103F-16F7-4668-BE54-9A1E7A4F7556}") = "R5T.L0030.T000", "..\..\R5T.L0030\source\R5T.L0030.T000\R5T.L0030.T000.csproj", "{F9A5FD57-B7C2-4FD9-99A4-A4E54EFB6312}"
EndProject
Project("{9A19103F-16F7-4668-BE54-9A1E7A4F7556}") = "R5T.L0030", "..\..\R5T.L0030\source\R5T.L0030\R5T.L0030.csproj", "{D98C6234-7ADC-4780-969C-DE85B7E71CDD}"
EndProject
Project("{9A19103F-16F7-4668-BE54-9A1E7A4F7556}") = "R5T.L0031.T000", "..\..\R5T.L0031\source\R5T.L0031.T000\R5T.L0031.T000.csproj", "{6192CF79-1FA6-4995-B4F1-3173B7727BD8}"
EndProject
Project("{9A19103F-16F7-4668-BE54-9A1E7A4F7556}") = "R5T.L0031", "..\..\R5T.L0031\source\R5T.L0031\R5T.L0031.csproj", "{40CAE273-9577-4A79-B750-31BE1D23D3D1}"
EndProject
Project("{9A19103F-16F7-4668-BE54-9A1E7A4F7556}") = "R5T.L0034", "..\..\R5T.L0034\source\R5T.L0034\R5T.L0034.csproj", "{BAA97730-BE04-4BC1-8A8B-64C3D4290F00}"
EndProject
Project("{9A19103F-16F7-4668-BE54-9A1E7A4F7556}") = "R5T.L0035", "..\..\R5T.L0035\source\R5T.L0035\R5T.L0035.csproj", "{6F4DF8B2-D268-4718-84B6-9ED082CA834F}"
EndProject
Project("{9A19103F-16F7-4668-BE54-9A1E7A4F7556}") = "R5T.L0036.T000", "..\..\R5T.L0036\source\R5T.L0036.T000\R5T.L0036.T000.csproj", "{0552AC8B-70A7-4511-B3C6-B0B8DCA52B61}"
EndProject
Project("{9A19103F-16F7-4668-BE54-9A1E7A4F7556}") = "R5T.L0036", "..\..\R5T.L0036\source\R5T.L0036\R5T.L0036.csproj", "{7E49A664-5C1C-43D8-B657-3CEC8DA1D09D}"
EndProject
Project("{9A19103F-16F7-4668-BE54-9A1E7A4F7556}") = "R5T.L0038", "..\..\R5T.L0038\source\R5T.L0038\R5T.L0038.csproj", "{E90D0721-C490-4AC0-B924-B6FD7F8D9FCF}"
EndProject
Project("{9A19103F-16F7-4668-BE54-9A1E7A4F7556}") = "R5T.L0039.F000", "..\..\R5T.L0039\source\R5T.L0039.F000\R5T.L0039.F000.csproj", "{D045D4B5-8F30-48FE-A7DF-A4821D179350}"
EndProject
Project("{9A19103F-16F7-4668-BE54-9A1E7A4F7556}") = "R5T.L0039.O000", "..\..\R5T.L0039\source\R5T.L0039.O000\R5T.L0039.O000.csproj", "{3DE2FFC8-D34C-4279-9077-4095123654F2}"
EndProject
Project("{9A19103F-16F7-4668-BE54-9A1E7A4F7556}") = "R5T.L0039.T000", "..\..\R5T.L0039\source\R5T.L0039.T000\R5T.L0039.T000.csproj", "{BD455479-261F-43C2-BF8F-5321B15839A5}"
EndProject
Project("{9A19103F-16F7-4668-BE54-9A1E7A4F7556}") = "R5T.L0042.T000", "..\..\R5T.L0042\source\R5T.L0042.T000\R5T.L0042.T000.csproj", "{FF3782ED-C6F6-4BBD-B2DA-CB74E4745D68}"
EndProject
Project("{9A19103F-16F7-4668-BE54-9A1E7A4F7556}") = "R5T.L0047.F000", "..\..\R5T.L0047\source\R5T.L0047.F000\R5T.L0047.F000.csproj", "{04F5CF0B-C6EA-4BB9-9A3E-CFC32F81B1C6}"
EndProject
Project("{9A19103F-16F7-4668-BE54-9A1E7A4F7556}") = "R5T.L0047.O001", "..\..\R5T.L0047\source\R5T.L0047.O001\R5T.L0047.O001.csproj", "{862E5D8E-9871-4354-95AB-C90147B45328}"
EndProject
Project("{9A19103F-16F7-4668-BE54-9A1E7A4F7556}") = "R5T.L0047.T000", "..\..\R5T.L0047\source\R5T.L0047.T000\R5T.L0047.T000.csproj", "{1D7249DB-AC91-4FF9-945F-FE8A89C57F58}"
EndProject
Project("{9A19103F-16F7-4668-BE54-9A1E7A4F7556}") = "R5T.L0047", "..\..\R5T.L0047\source\R5T.L0047\R5T.L0047.csproj", "{A08D489B-8020-4D6F-8994-875DEB662564}"
EndProject
Project("{9A19103F-16F7-4668-BE54-9A1E7A4F7556}") = "R5T.NG0002", "..\..\R5T.NG0002\source\R5T.NG0002\R5T.NG0002.csproj", "{64C4779D-233E-404D-A61B-72105A9DE4BA}"
EndProject
Project("{9A19103F-16F7-4668-BE54-9A1E7A4F7556}") = "R5T.NG0005", "..\..\R5T.NG0005\source\R5T.NG0005\R5T.NG0005.csproj", "{22969FF0-272D-4FFE-8AE0-98AD18EA6467}"
EndProject
Project("{9A19103F-16F7-4668-BE54-9A1E7A4F7556}") = "R5T.NG0006", "..\..\R5T.NG0006\source\R5T.NG0006\R5T.NG0006.csproj", "{8E45FE60-D009-437F-8932-5379D08C35D7}"
EndProject
Project("{9A19103F-16F7-4668-BE54-9A1E7A4F7556}") = "R5T.NG0007", "..\..\R5T.NG0007\source\R5T.NG0007\R5T.NG0007.csproj", "{D7B83E06-9388-4A93-A962-6AC97207CE6C}"
EndProject
Project("{9A19103F-16F7-4668-BE54-9A1E7A4F7556}") = "R5T.NG0008", "..\..\R5T.NG0008\source\R5T.NG0008\R5T.NG0008.csproj", "{7B7E025B-F6A9-49AC-9D5F-16D25B973117}"
EndProject
Project("{9A19103F-16F7-4668-BE54-9A1E7A4F7556}") = "R5T.T0046", "..\..\R5T.T0046\source\R5T.T0046\R5T.T0046.csproj", "{0FCFA139-75DD-4550-BEBE-1ECE251D518F}"
EndProject
Project("{9A19103F-16F7-4668-BE54-9A1E7A4F7556}") = "R5T.T0131", "..\..\R5T.T0131\source\R5T.T0131\R5T.T0131.csproj", "{9B044FF5-8119-4A40-BEE8-67F1006B7027}"
EndProject
Project("{9A19103F-16F7-4668-BE54-9A1E7A4F7556}") = "R5T.T0132", "..\..\R5T.T0132\source\R5T.T0132\R5T.T0132.csproj", "{677525F3-0978-4673-BD3D-4FB0EFB6CC28}"
EndProject
Project("{9A19103F-16F7-4668-BE54-9A1E7A4F7556}") = "R5T.T0137", "..\..\R5T.T0137\source\R5T.T0137\R5T.T0137.csproj", "{35F6A966-E633-4A5B-9880-84E3DB0F698F}"
EndProject
Project("{9A19103F-16F7-4668-BE54-9A1E7A4F7556}") = "R5T.T0142", "..\..\R5T.T0142\source\R5T.T0142\R5T.T0142.csproj", "{A4FCBE31-36A9-42DF-AD71-D0696B492FD8}"
EndProject
Project("{9A19103F-16F7-4668-BE54-9A1E7A4F7556}") = "R5T.T0143", "..\..\R5T.T0143\source\R5T.T0143\R5T.T0143.csproj", "{619EDD11-BAEA-4A96-9565-3E8D66F27F11}"
EndProject
Project("{9A19103F-16F7-4668-BE54-9A1E7A4F7556}") = "R5T.T0144", "..\..\R5T.T0144\source\R5T.T0144\R5T.T0144.csproj", "{07EC48D2-04D5-4455-9A4D-7ECD342F34DB}"
EndProject
Project("{9A19103F-16F7-4668-BE54-9A1E7A4F7556}") = "R5T.T0148", "..\..\R5T.T0148\source\R5T.T0148\R5T.T0148.csproj", "{D85BB212-36D4-4A6A-AEDC-6EC1E6151286}"
EndProject
Project("{9A19103F-16F7-4668-BE54-9A1E7A4F7556}") = "R5T.T0150", "..\..\R5T.T0150\source\R5T.T0150\R5T.T0150.csproj", "{2DA7E679-DDB4-49F8-A0AE-481182472383}"
EndProject
Project("{9A19103F-16F7-4668-BE54-9A1E7A4F7556}") = "R5T.T0151", "..\..\R5T.T0151\source\R5T.T0151\R5T.T0151.csproj", "{5E794574-39FF-465A-B672-D42F05CD5980}"
EndProject
Project("{9A19103F-16F7-4668-BE54-9A1E7A4F7556}") = "R5T.T0156", "..\..\R5T.T0156\source\R5T.T0156\R5T.T0156.csproj", "{923AE87A-D28C-425D-BB86-D9FFF0E35447}"
EndProject
Project("{9A19103F-16F7-4668-BE54-9A1E7A4F7556}") = "R5T.T0158.F000", "..\..\R5T.T0158\source\R5T.T0158.F000\R5T.T0158.F000.csproj", "{0CEB82FA-D6F9-4273-9492-4D2CC0BB5867}"
EndProject
Project("{9A19103F-16F7-4668-BE54-9A1E7A4F7556}") = "R5T.T0158.T000", "..\..\R5T.T0158\source\R5T.T0158.T000\R5T.T0158.T000.csproj", "{24C6F7A4-7EDD-427E-A768-89BF4B4F2110}"
EndProject
Project("{9A19103F-16F7-4668-BE54-9A1E7A4F7556}") = "R5T.T0158", "..\..\R5T.T0158\source\R5T.T0158\R5T.T0158.csproj", "{02AF0A9B-AE42-4D74-A933-C2938380C718}"
EndProject
Project("{9A19103F-16F7-4668-BE54-9A1E7A4F7556}") = "R5T.T0159.F000", "..\..\R5T.T0159\source\R5T.T0159.F000\R5T.T0159.F000.csproj", "{69ED4749-64BD-4EB3-A7F7-CE3FA40FDBE9}"
EndProject
Project("{9A19103F-16F7-4668-BE54-9A1E7A4F7556}") = "R5T.T0159", "..\..\R5T.T0159\source\R5T.T0159\R5T.T0159.csproj", "{2A298D74-305B-43CB-A34F-9EB8C3E5AEF7}"
EndProject
Project("{9A19103F-16F7-4668-BE54-9A1E7A4F7556}") = "R5T.T0172", "..\..\R5T.T0172\source\R5T.T0172\R5T.T0172.csproj", "{C068E52B-B185-402C-8895-59697958199A}"
EndProject
Project("{9A19103F-16F7-4668-BE54-9A1E7A4F7556}") = "R5T.T0174", "..\..\R5T.T0174\source\R5T.T0174\R5T.T0174.csproj", "{CBB0765F-A88D-4D18-8A30-9D4EDB916623}"
EndProject
Project("{9A19103F-16F7-4668-BE54-9A1E7A4F7556}") = "R5T.T0175", "..\..\R5T.T0175\source\R5T.T0175\R5T.T0175.csproj", "{5BCC689F-C3AB-4DF3-B5B0-0DCF1FB29E00}"
EndProject
Project("{9A19103F-16F7-4668-BE54-9A1E7A4F7556}") = "R5T.T0176", "..\..\R5T.T0176\source\R5T.T0176\R5T.T0176.csproj", "{27065959-1CF5-4004-8420-CC09CCA90A3C}"
EndProject
Project("{9A19103F-16F7-4668-BE54-9A1E7A4F7556}") = "R5T.T0177", "..\..\R5T.T0177\source\R5T.T0177\R5T.T0177.csproj", "{0D682DE0-3A8D-4070-AB7B-364CF9A5B37E}"
EndProject
Project("{9A19103F-16F7-4668-BE54-9A1E7A4F7556}") = "R5T.T0178", "..\..\R5T.T0178\source\R5T.T0178\R5T.T0178.csproj", "{36669AB5-0B92-472C-A95D-B1C0B2FDFCD7}"
EndProject
Project("{9A19103F-16F7-4668-BE54-9A1E7A4F7556}") = "R5T.T0179", "..\..\R5T.T0179\source\R5T.T0179\R5T.T0179.csproj", "{955E668E-BF53-42A1-A304-BB66981425B8}"
EndProject
Project("{9A19103F-16F7-4668-BE54-9A1E7A4F7556}") = "R5T.T0180", "..\..\R5T.T0180\source\R5T.T0180\R5T.T0180.csproj", "{A581C1E4-8FC6-48A8-B8AA-134040A5397F}"
EndProject
Project("{9A19103F-16F7-4668-BE54-9A1E7A4F7556}") = "R5T.T0181", "..\..\R5T.T0181\source\R5T.T0181\R5T.T0181.csproj", "{AF7CE5CB-1B0F-44C0-8797-28FB28A15592}"
EndProject
Project("{9A19103F-16F7-4668-BE54-9A1E7A4F7556}") = "R5T.T0184", "..\..\R5T.T0184\source\R5T.T0184\R5T.T0184.csproj", "{65B06147-7AB2-4F40-B05F-9D64CBCCFDB4}"
EndProject
Project("{9A19103F-16F7-4668-BE54-9A1E7A4F7556}") = "R5T.T0185", "..\..\R5T.T0185\source\R5T.T0185\R5T.T0185.csproj", "{AF9BFAEB-BFF3-40BD-9AF5-FAB2534ABAE5}"
EndProject
Project("{9A19103F-16F7-4668-BE54-9A1E7A4F7556}") = "R5T.T0186", "..\..\R5T.T0186\source\R5T.T0186\R5T.T0186.csproj", "{7106E623-3597-47D4-8091-E1AFCB068C89}"
EndProject
Project("{9A19103F-16F7-4668-BE54-9A1E7A4F7556}") = "R5T.T0187", "..\..\R5T.T0187\source\R5T.T0187\R5T.T0187.csproj", "{CE786668-C72F-4FD7-8402-088495FA704C}"
EndProject
Project("{9A19103F-16F7-4668-BE54-9A1E7A4F7556}") = "R5T.T0188", "..\..\R5T.T0188\source\R5T.T0188\R5T.T0188.csproj", "{EDFB2727-41C0-4E1B-BD5F-27944FFCA64A}"
EndProject
Project("{9A19103F-16F7-4668-BE54-9A1E7A4F7556}") = "R5T.T0189", "..\..\R5T.T0189\source\R5T.T0189\R5T.T0189.csproj", "{4EFE76B5-85CB-4E09-9CEF-08E403BF81D0}"
EndProject
Project("{9A19103F-16F7-4668-BE54-9A1E7A4F7556}") = "R5T.T0190", "..\..\R5T.T0190\source\R5T.T0190\R5T.T0190.csproj", "{DF75B9C7-6D89-47AF-A52B-3196234821C6}"
EndProject
Project("{9A19103F-16F7-4668-BE54-9A1E7A4F7556}") = "R5T.T0191", "..\..\R5T.T0191\source\R5T.T0191\R5T.T0191.csproj", "{C0816C9A-1F72-4B84-A162-E0B729F6F50E}"
EndProject
Project("{9A19103F-16F7-4668-BE54-9A1E7A4F7556}") = "R5T.T0192", "..\..\R5T.T0192\source\R5T.T0192\R5T.T0192.csproj", "{17F56993-4E37-4C70-A48E-65C93AD79774}"
EndProject
Project("{9A19103F-16F7-4668-BE54-9A1E7A4F7556}") = "R5T.T0194", "..\..\R5T.T0194\source\R5T.T0194\R5T.T0194.csproj", "{FCCC4663-B292-4A5A-8032-66718B09283A}"
EndProject
Project("{9A19103F-16F7-4668-BE54-9A1E7A4F7556}") = "R5T.T0198", "..\..\R5T.T0198\source\R5T.T0198\R5T.T0198.csproj", "{C3B7BB99-D14D-4CCC-BCCD-340607211A18}"
EndProject
Project("{9A19103F-16F7-4668-BE54-9A1E7A4F7556}") = "R5T.T0200", "..\..\R5T.T0200\source\R5T.T0200\R5T.T0200.csproj", "{8CDBF701-7921-4326-A9A5-F70E7866A4E1}"
EndProject
Project("{9A19103F-16F7-4668-BE54-9A1E7A4F7556}") = "R5T.T0203", "..\..\R5T.T0203\source\R5T.T0203\R5T.T0203.csproj", "{4C300B68-35BD-4BE4-A4EE-B34A38041432}"
EndProject
Project("{9A19103F-16F7-4668-BE54-9A1E7A4F7556}") = "R5T.Y0000", "..\..\R5T.Y0000\source\R5T.Y0000\R5T.Y0000.csproj", "{2C48DB8C-4606-4FDC-8F0D-5015E52FF887}"
EndProject
Project("{9A19103F-16F7-4668-BE54-9A1E7A4F7556}") = "R5T.Y0004", "..\..\R5T.Y0004\source\R5T.Y0004\R5T.Y0004.csproj", "{6FA0602B-4B05-42F1-9842-33BAAA760D3E}"
EndProject
Project("{9A19103F-16F7-4668-BE54-9A1E7A4F7556}") = "R5T.Z0000", "..\..\R5T.Z0000\source\R5T.Z0000\R5T.Z0000.csproj", "{6B341C61-BF96-4D41-8FF2-0913C2440B00}"
EndProject
Project("{9A19103F-16F7-4668-BE54-9A1E7A4F7556}") = "R5T.Z0005", "..\..\R5T.Z0005\source\R5T.Z0005\R5T.Z0005.csproj", "{501D348C-5F58-4C39-A473-90C4A3B005E7}"
EndProject
Project("{9A19103F-16F7-4668-BE54-9A1E7A4F7556}") = "R5T.Z0009", "..\..\R5T.Z0009\source\R5T.Z0009\R5T.Z0009.csproj", "{E2BB0144-DF7B-4E09-BF6A-C623FB9541B4}"
EndProject
Project("{9A19103F-16F7-4668-BE54-9A1E7A4F7556}") = "R5T.Z0013", "..\..\R5T.Z0013\source\R5T.Z0013\R5T.Z0013.csproj", "{F44F8ACB-61EF-4678-A73D-54505CCC08D4}"
EndProject
Project("{9A19103F-16F7-4668-BE54-9A1E7A4F7556}") = "R5T.Z0036", "..\..\R5T.Z0036\source\R5T.Z0036\R5T.Z0036.csproj", "{EE3795B4-5D15-4D0A-91DE-08942001AEEB}"
EndProject
Project("{9A19103F-16F7-4668-BE54-9A1E7A4F7556}") = "R5T.Z0044.Z001", "..\..\R5T.Z0044\source\R5T.Z0044.Z001\R5T.Z0044.Z001.csproj", "{A6A0A734-A98A-4B8A-901C-F3C5D192BCB2}"
EndProject
Project("{9A19103F-16F7-4668-BE54-9A1E7A4F7556}") = "R5T.L0042.F000", "..\..\R5T.L0042\source\R5T.L0042.F000\R5T.L0042.F000.csproj", "{46760338-F278-41A1-AE8C-3DF1ECF1A6B1}"
EndProject
Project("{9A19103F-16F7-4668-BE54-9A1E7A4F7556}") = "R5T.L0042.O001", "..\..\R5T.L0042\source\R5T.L0042.O001\R5T.L0042.O001.csproj", "{5940B183-ABF8-4ABB-A2E4-ECB1B873A158}"
EndProject
Project("{9A19103F-16F7-4668-BE54-9A1E7A4F7556}") = "R5T.L0042", "..\..\R5T.L0042\source\R5T.L0042\R5T.L0042.csproj", "{C94AD159-6686-49F8-B428-7D8F42746DA5}"
EndProject
Project("{9A19103F-16F7-4668-BE54-9A1E7A4F7556}") = "R5T.F0016.F001", "..\..\R5T.F0016\source\R5T.F0016.F001\R5T.F0016.F001.csproj", "{724F88EB-ADF4-4D09-B6EA-DC2A285B610D}"
EndProject
Project("{9A19103F-16F7-4668-BE54-9A1E7A4F7556}") = "R5T.F0016", "..\..\R5T.F0016\source\R5T.F0016\R5T.F0016.csproj", "{058EAB09-29C6-48DA-830A-B53669A03637}"
EndProject
Project("{9A19103F-16F7-4668-BE54-9A1E7A4F7556}") = "R5T.F0020", "..\..\R5T.F0020\source\R5T.F0020\R5T.F0020.csproj", "{1B373907-EC71-40F1-813E-FFC7771F336B}"
EndProject
Project("{9A19103F-16F7-4668-BE54-9A1E7A4F7556}") = "R5T.F0040.F000", "..\..\R5T.F0040\source\R5T.F0040.F000\R5T.F0040.F000.csproj", "{9904F042-B92B-40FD-9AC9-692ECE61EF66}"
EndProject
Project("{9A19103F-16F7-4668-BE54-9A1E7A4F7556}") = "R5T.F0050", "..\..\R5T.F0050\source\R5T.F0050\R5T.F0050.csproj", "{7E42146D-3771-4B27-B195-E0ACC19D6A1D}"
EndProject
Project("{9A19103F-16F7-4668-BE54-9A1E7A4F7556}") = "R5T.F0051", "..\..\R5T.F0051\source\R5T.F0051\R5T.F0051.csproj", "{FBAEFA92-D332-4A05-8C37-1BE014A4A706}"
EndProject
Project("{9A19103F-16F7-4668-BE54-9A1E7A4F7556}") = "R5T.F0052", "..\..\R5T.F0052\source\R5T.F0052\R5T.F0052.csproj", "{FF2FDF27-37F2-49E6-A793-55B24CFC9EBA}"
EndProject
Project("{9A19103F-16F7-4668-BE54-9A1E7A4F7556}") = "R5T.F0053", "..\..\R5T.F0053\source\R5T.F0053\R5T.F0053.csproj", "{B2A9AD64-FEA3-4276-BBDB-838F90063B5D}"
EndProject
Project("{9A19103F-16F7-4668-BE54-9A1E7A4F7556}") = "R5T.F0054", "..\..\R5T.F0054\source\R5T.F0054\R5T.F0054.csproj", "{3745435C-E69C-4956-9D0E-51E3399C4887}"
EndProject
Project("{9A19103F-16F7-4668-BE54-9A1E7A4F7556}") = "R5T.F0056", "..\..\R5T.F0056\source\R5T.F0056\R5T.F0056.csproj", "{C551F6AF-7312-47B1-8E8E-D7FB75596BFB}"
EndProject
Project("{9A19103F-16F7-4668-BE54-9A1E7A4F7556}") = "R5T.F0063.F001", "..\..\R5T.F0063\source\R5T.F0063.F001\R5T.F0063.F001.csproj", "{AD8ADEA1-5CE2-4706-B3AE-DA3B700CC453}"
EndProject
Project("{9A19103F-16F7-4668-BE54-9A1E7A4F7556}") = "R5T.F0063", "..\..\R5T.F0063\source\R5T.F0063\R5T.F0063.csproj", "{0E38A332-FC41-4776-97EB-9B51F212ED0C}"
EndProject
Project("{9A19103F-16F7-4668-BE54-9A1E7A4F7556}") = "R5T.F0078", "..\..\R5T.F0078\source\R5T.F0078\R5T.F0078.csproj", "{80BFE7AA-EEFE-41D1-920B-936E148A2655}"
EndProject
Project("{9A19103F-16F7-4668-BE54-9A1E7A4F7556}") = "R5T.F0079", "..\..\R5T.F0079\source\R5T.F0079\R5T.F0079.csproj", "{4BCA065B-DCC3-43FA-A9AD-16E8E03E0573}"
EndProject
Project("{9A19103F-16F7-4668-BE54-9A1E7A4F7556}") = "R5T.F0083.R001", "..\..\R5T.F0083\source\R5T.F0083.R001\R5T.F0083.R001.csproj", "{E1868596-AA0B-4E33-97A1-9065736F7D08}"
EndProject
Project("{9A19103F-16F7-4668-BE54-9A1E7A4F7556}") = "R5T.F0083", "..\..\R5T.F0083\source\R5T.F0083\R5T.F0083.csproj", "{28D0A986-3E92-4ED6-99A8-41BB95BC29CD}"
EndProject
Project("{9A19103F-16F7-4668-BE54-9A1E7A4F7556}") = "R5T.F0086", "..\..\R5T.F0086\source\R5T.F0086\R5T.F0086.csproj", "{A5CB4F5E-D78C-49EC-A308-A5856FF7A124}"
EndProject
Project("{9A19103F-16F7-4668-BE54-9A1E7A4F7556}") = "R5T.F0131", "..\..\R5T.F0131\source\R5T.F0131\R5T.F0131.csproj", "{6117786C-0776-4523-9FA2-4F6C3389C603}"
EndProject
Project("{9A19103F-16F7-4668-BE54-9A1E7A4F7556}") = "R5T.F0132", "..\..\R5T.F0132\source\R5T.F0132\R5T.F0132.csproj", "{DD93B315-B289-45D2-A67E-63FAFF0F7FE9}"
EndProject
Project("{9A19103F-16F7-4668-BE54-9A1E7A4F7556}") = "R5T.L0032.T000", "..\..\R5T.L0032\source\R5T.L0032.T000\R5T.L0032.T000.csproj", "{75F737CE-0D62-48D3-8908-90B60CA47697}"
EndProject
Project("{9A19103F-16F7-4668-BE54-9A1E7A4F7556}") = "R5T.L0032.Z000", "..\..\R5T.L0032\source\R5T.L0032.Z000\R5T.L0032.Z000.csproj", "{B756444A-C846-4E68-B825-8B5C6AE1048F}"
EndProject
Project("{9A19103F-16F7-4668-BE54-9A1E7A4F7556}") = "R5T.L0032", "..\..\R5T.L0032\source\R5T.L0032\R5T.L0032.csproj", "{2406F721-9EC7-40DA-84E0-4077D9971CBF}"
EndProject
Project("{9A19103F-16F7-4668-BE54-9A1E7A4F7556}") = "R5T.L0033.T000", "..\..\R5T.L0033\source\R5T.L0033.T000\R5T.L0033.T000.csproj", "{3BA91131-C54C-45D0-B75F-E0368E2E5F35}"
EndProject
Project("{9A19103F-16F7-4668-BE54-9A1E7A4F7556}") = "R5T.L0033", "..\..\R5T.L0033\source\R5T.L0033\R5T.L0033.csproj", "{21F4067D-D200-4456-B775-01658FF03C17}"
EndProject
Project("{9A19103F-16F7-4668-BE54-9A1E7A4F7556}") = "R5T.L0037", "..\..\R5T.L0037\source\R5T.L0037\R5T.L0037.csproj", "{88C6757E-E0B7-48A7-864D-C5B3FFCF25EE}"
EndProject
Project("{9A19103F-16F7-4668-BE54-9A1E7A4F7556}") = "R5T.L0039.O001", "..\..\R5T.L0039\source\R5T.L0039.O001\R5T.L0039.O001.csproj", "{65E2184E-DD49-4719-825E-F6B147B6FD73}"
EndProject
Project("{9A19103F-16F7-4668-BE54-9A1E7A4F7556}") = "R5T.L0039", "..\..\R5T.L0039\source\R5T.L0039\R5T.L0039.csproj", "{03AC3569-39E7-46E3-B5E5-300E150B6E54}"
EndProject
Project("{9A19103F-16F7-4668-BE54-9A1E7A4F7556}") = "R5T.L0040.F000", "..\..\R5T.L0040\source\R5T.L0040.F000\R5T.L0040.F000.csproj", "{5F2E4014-67CD-4245-A489-45EFD40F3B21}"
EndProject
Project("{9A19103F-16F7-4668-BE54-9A1E7A4F7556}") = "R5T.L0040.O001", "..\..\R5T.L0040\source\R5T.L0040.O001\R5T.L0040.O001.csproj", "{23E6455A-77CE-4D9D-AD09-8939F0C0E17B}"
EndProject
Project("{9A19103F-16F7-4668-BE54-9A1E7A4F7556}") = "R5T.L0040.O002", "..\..\R5T.L0040\source\R5T.L0040.O002\R5T.L0040.O002.csproj", "{BD962C7D-9DB8-410F-AE76-A21F321C6559}"
EndProject
Project("{9A19103F-16F7-4668-BE54-9A1E7A4F7556}") = "R5T.L0040.T000", "..\..\R5T.L0040\source\R5T.L0040.T000\R5T.L0040.T000.csproj", "{91315627-CB4A-4551-B707-B95A350D7B46}"
EndProject
Project("{9A19103F-16F7-4668-BE54-9A1E7A4F7556}") = "R5T.L0040", "..\..\R5T.L0040\source\R5T.L0040\R5T.L0040.csproj", "{05F41CC6-51B0-47F6-859C-480982334DB0}"
EndProject
Project("{9A19103F-16F7-4668-BE54-9A1E7A4F7556}") = "R5T.L0041", "..\..\R5T.L0041\source\R5T.L0041\R5T.L0041.csproj", "{BA0D9BBE-CA6B-46CE-B322-488DD042F0D0}"
EndProject
Project("{9A19103F-16F7-4668-BE54-9A1E7A4F7556}") = "R5T.NG0009", "..\..\R5T.NG0009\source\R5T.NG0009\R5T.NG0009.csproj", "{F506532F-EE9B-42AD-B11E-04469B4C7392}"
EndProject
Project("{9A19103F-16F7-4668-BE54-9A1E7A4F7556}") = "R5T.NG0014", "..\..\R5T.NG0014\source\R5T.NG0014\R5T.NG0014.csproj", "{1E343BDC-A772-4554-9434-06D75E059A8B}"
EndProject
Project("{9A19103F-16F7-4668-BE54-9A1E7A4F7556}") = "R5T.O0003", "..\..\R5T.O0003\source\R5T.O0003\R5T.O0003.csproj", "{A5DD009C-7225-4988-B0B0-93C6C51F1538}"
EndProject
Project("{9A19103F-16F7-4668-BE54-9A1E7A4F7556}") = "R5T.O0004", "..\..\R5T.O0004\source\R5T.O0004\R5T.O0004.csproj", "{73DE28BA-C66C-4C75-B5A6-DE1F334D7A66}"
EndProject
Project("{9A19103F-16F7-4668-BE54-9A1E7A4F7556}") = "R5T.O0008", "..\..\R5T.O0008\source\R5T.O0008\R5T.O0008.csproj", "{BEBB6173-F50D-4244-983C-8622C48FC4A1}"
EndProject
Project("{9A19103F-16F7-4668-BE54-9A1E7A4F7556}") = "R5T.T0152", "..\..\R5T.T0152\source\R5T.T0152\R5T.T0152.csproj", "{070AB12D-E0AF-46D5-972C-A690A0A6953F}"
EndProject
Project("{9A19103F-16F7-4668-BE54-9A1E7A4F7556}") = "R5T.T0154", "..\..\R5T.T0154\source\R5T.T0154\R5T.T0154.csproj", "{42C098A5-3CE7-4553-85EA-4A38E23C47FB}"
EndProject
Project("{9A19103F-16F7-4668-BE54-9A1E7A4F7556}") = "R5T.T0161", "..\..\R5T.T0161\source\R5T.T0161\R5T.T0161.csproj", "{8347965C-338C-4711-9377-7698A29F3137}"
EndProject
Project("{9A19103F-16F7-4668-BE54-9A1E7A4F7556}") = "R5T.T0193", "..\..\R5T.T0193\source\R5T.T0193\R5T.T0193.csproj", "{77CA53E3-B118-422C-A4EA-4AFB731F846B}"
EndProject
Project("{9A19103F-16F7-4668-BE54-9A1E7A4F7556}") = "R5T.T0195", "..\..\R5T.T0195\source\R5T.T0195\R5T.T0195.csproj", "{8939A259-4282-403E-9ECE-9A89C98C6E0D}"
EndProject
Project("{9A19103F-16F7-4668-BE54-9A1E7A4F7556}") = "R5T.T0202", "..\..\R5T.T0202\source\R5T.T0202\R5T.T0202.csproj", "{835BD5D6-126A-4BFB-87C5-655566C7C918}"
EndProject
Project("{9A19103F-16F7-4668-BE54-9A1E7A4F7556}") = "R5T.T0205", "..\..\R5T.T0205\source\R5T.T0205\R5T.T0205.csproj", "{27F4C359-C308-43CB-A6BA-A0CBB98304F9}"
EndProject
Project("{9A19103F-16F7-4668-BE54-9A1E7A4F7556}") = "R5T.T0206", "..\..\R5T.T0206\source\R5T.T0206\R5T.T0206.csproj", "{237CAA94-F96C-4989-BF67-C8D6F380502E}"
EndProject
Project("{9A19103F-16F7-4668-BE54-9A1E7A4F7556}") = "R5T.Z0045", "..\..\R5T.Z0045\source\R5T.Z0045\R5T.Z0045.csproj", "{2E8B216C-E7CA-4A19-9C0E-16B4F32EED36}"
EndProject
Project("{9A19103F-16F7-4668-BE54-9A1E7A4F7556}") = "R5T.Z0048", "..\..\R5T.Z0048\source\R5T.Z0048\R5T.Z0048.csproj", "{12CFCD88-056D-4C46-B7C3-B955C6F8A8FC}"
EndProject
Project("{9A19103F-16F7-4668-BE54-9A1E7A4F7556}") = "R5T.Z0050", "..\..\R5T.Z0050\source\R5T.Z0050\R5T.Z0050.csproj", "{3F3AF907-A50F-4AAE-9232-62B287DE1F9F}"
EndProject
Project("{9A19103F-16F7-4668-BE54-9A1E7A4F7556}") = "R5T.Z0051", "..\..\R5T.Z0051\source\R5T.Z0051\R5T.Z0051.csproj", "{C5B47C21-FAE1-4CFC-8BBA-6CCA763B596D}"
EndProject
Project("{9A19103F-16F7-4668-BE54-9A1E7A4F7556}") = "R5T.NG0022", "..\..\R5T.NG0022\source\R5T.NG0022\R5T.NG0022.csproj", "{30343CB1-4443-40B9-A351-E348648D0808}"
EndProject
Project("{9A19103F-16F7-4668-BE54-9A1E7A4F7556}") = "R5T.T0209", "..\..\R5T.T0209\source\R5T.T0209\R5T.T0209.csproj", "{4AA0F582-8015-4F55-AA78-700636FD384C}"
EndProject
Global
	GlobalSection(NestedProjects) = preSolution
		{23483335-983B-4937-A674-E97CDF4FD62A} = {DC1471CB-7194-44B8-9441-1D6FF0EA07B6}
		{80DA4CF6-392F-47D9-8099-A745DE7B1475} = {DC1471CB-7194-44B8-9441-1D6FF0EA07B6}
		{094BC871-2F46-4FFC-A60C-12118DB460D1} = {DC1471CB-7194-44B8-9441-1D6FF0EA07B6}
		{85084363-6422-46D1-96FC-87F156450BA9} = {DC1471CB-7194-44B8-9441-1D6FF0EA07B6}
		{E902E54F-4B34-4BDF-8531-16FAAA4E735A} = {DC1471CB-7194-44B8-9441-1D6FF0EA07B6}
		{A456D499-23F7-437E-B5D3-8EC4670722DB} = {DC1471CB-7194-44B8-9441-1D6FF0EA07B6}
		{82614220-40E0-4548-AF6B-CBEB37151B71} = {DC1471CB-7194-44B8-9441-1D6FF0EA07B6}
		{686250DA-1C39-41DF-9B6A-D60841CDD1E7} = {DC1471CB-7194-44B8-9441-1D6FF0EA07B6}
		{3A24C5E0-D9DA-4E29-922A-8F01851588A8} = {DC1471CB-7194-44B8-9441-1D6FF0EA07B6}
		{62F98624-782D-4FCB-AD42-007A56CF59F4} = {DC1471CB-7194-44B8-9441-1D6FF0EA07B6}
		{B066FA57-2F5F-4011-81AD-37A2002B4027} = {DC1471CB-7194-44B8-9441-1D6FF0EA07B6}
		{CB415B99-9608-4320-97B3-D5A782B95A24} = {DC1471CB-7194-44B8-9441-1D6FF0EA07B6}
		{3A8FBBF3-B6E7-4D24-A159-60240E5EA247} = {DC1471CB-7194-44B8-9441-1D6FF0EA07B6}
		{589651CC-847F-4413-9D64-BB39D88DEB37} = {DC1471CB-7194-44B8-9441-1D6FF0EA07B6}
		{FA6E319F-8C33-426D-8720-9970645D0221} = {DC1471CB-7194-44B8-9441-1D6FF0EA07B6}
		{127F6446-7DE8-4316-9511-17473825DEA7} = {DC1471CB-7194-44B8-9441-1D6FF0EA07B6}
		{D18B4CD0-0169-4CB3-8374-9CD9EBB67D2A} = {DC1471CB-7194-44B8-9441-1D6FF0EA07B6}
		{5ED95A8E-BEE2-4177-AB6D-2A8BD1A5F7C9} = {DC1471CB-7194-44B8-9441-1D6FF0EA07B6}
		{45234763-FD5D-4D62-99FD-2356CE0FE97D} = {DC1471CB-7194-44B8-9441-1D6FF0EA07B6}
		{1CD2788B-0E21-43A9-A20F-BE40F37C94C1} = {DC1471CB-7194-44B8-9441-1D6FF0EA07B6}
		{D4C5708D-1857-4A67-BC10-D422FE082DEB} = {DC1471CB-7194-44B8-9441-1D6FF0EA07B6}
		{B170EBFD-F109-4C02-8890-01709B978B79} = {DC1471CB-7194-44B8-9441-1D6FF0EA07B6}
		{D0277938-7511-44BB-850E-28FEEB5D8244} = {DC1471CB-7194-44B8-9441-1D6FF0EA07B6}
		{0CC499CA-48EC-484C-BD61-B2ED6E9A800F} = {DC1471CB-7194-44B8-9441-1D6FF0EA07B6}
		{7545B935-C7E0-4CFE-9B2F-65F7CA9919CC} = {DC1471CB-7194-44B8-9441-1D6FF0EA07B6}
		{7BE61226-07B8-411A-B18B-CBB9781304E8} = {DC1471CB-7194-44B8-9441-1D6FF0EA07B6}
		{F9A5FD57-B7C2-4FD9-99A4-A4E54EFB6312} = {DC1471CB-7194-44B8-9441-1D6FF0EA07B6}
		{D98C6234-7ADC-4780-969C-DE85B7E71CDD} = {DC1471CB-7194-44B8-9441-1D6FF0EA07B6}
		{6192CF79-1FA6-4995-B4F1-3173B7727BD8} = {DC1471CB-7194-44B8-9441-1D6FF0EA07B6}
		{40CAE273-9577-4A79-B750-31BE1D23D3D1} = {DC1471CB-7194-44B8-9441-1D6FF0EA07B6}
		{BAA97730-BE04-4BC1-8A8B-64C3D4290F00} = {DC1471CB-7194-44B8-9441-1D6FF0EA07B6}
		{6F4DF8B2-D268-4718-84B6-9ED082CA834F} = {DC1471CB-7194-44B8-9441-1D6FF0EA07B6}
		{0552AC8B-70A7-4511-B3C6-B0B8DCA52B61} = {DC1471CB-7194-44B8-9441-1D6FF0EA07B6}
		{7E49A664-5C1C-43D8-B657-3CEC8DA1D09D} = {DC1471CB-7194-44B8-9441-1D6FF0EA07B6}
		{E90D0721-C490-4AC0-B924-B6FD7F8D9FCF} = {DC1471CB-7194-44B8-9441-1D6FF0EA07B6}
		{D045D4B5-8F30-48FE-A7DF-A4821D179350} = {DC1471CB-7194-44B8-9441-1D6FF0EA07B6}
		{3DE2FFC8-D34C-4279-9077-4095123654F2} = {DC1471CB-7194-44B8-9441-1D6FF0EA07B6}
		{BD455479-261F-43C2-BF8F-5321B15839A5} = {DC1471CB-7194-44B8-9441-1D6FF0EA07B6}
		{FF3782ED-C6F6-4BBD-B2DA-CB74E4745D68} = {DC1471CB-7194-44B8-9441-1D6FF0EA07B6}
		{04F5CF0B-C6EA-4BB9-9A3E-CFC32F81B1C6} = {DC1471CB-7194-44B8-9441-1D6FF0EA07B6}
		{862E5D8E-9871-4354-95AB-C90147B45328} = {DC1471CB-7194-44B8-9441-1D6FF0EA07B6}
		{1D7249DB-AC91-4FF9-945F-FE8A89C57F58} = {DC1471CB-7194-44B8-9441-1D6FF0EA07B6}
		{A08D489B-8020-4D6F-8994-875DEB662564} = {DC1471CB-7194-44B8-9441-1D6FF0EA07B6}
		{64C4779D-233E-404D-A61B-72105A9DE4BA} = {DC1471CB-7194-44B8-9441-1D6FF0EA07B6}
		{22969FF0-272D-4FFE-8AE0-98AD18EA6467} = {DC1471CB-7194-44B8-9441-1D6FF0EA07B6}
		{8E45FE60-D009-437F-8932-5379D08C35D7} = {DC1471CB-7194-44B8-9441-1D6FF0EA07B6}
		{D7B83E06-9388-4A93-A962-6AC97207CE6C} = {DC1471CB-7194-44B8-9441-1D6FF0EA07B6}
		{7B7E025B-F6A9-49AC-9D5F-16D25B973117} = {DC1471CB-7194-44B8-9441-1D6FF0EA07B6}
		{0FCFA139-75DD-4550-BEBE-1ECE251D518F} = {DC1471CB-7194-44B8-9441-1D6FF0EA07B6}
		{9B044FF5-8119-4A40-BEE8-67F1006B7027} = {DC1471CB-7194-44B8-9441-1D6FF0EA07B6}
		{677525F3-0978-4673-BD3D-4FB0EFB6CC28} = {DC1471CB-7194-44B8-9441-1D6FF0EA07B6}
		{35F6A966-E633-4A5B-9880-84E3DB0F698F} = {DC1471CB-7194-44B8-9441-1D6FF0EA07B6}
		{A4FCBE31-36A9-42DF-AD71-D0696B492FD8} = {DC1471CB-7194-44B8-9441-1D6FF0EA07B6}
		{619EDD11-BAEA-4A96-9565-3E8D66F27F11} = {DC1471CB-7194-44B8-9441-1D6FF0EA07B6}
		{07EC48D2-04D5-4455-9A4D-7ECD342F34DB} = {DC1471CB-7194-44B8-9441-1D6FF0EA07B6}
		{D85BB212-36D4-4A6A-AEDC-6EC1E6151286} = {DC1471CB-7194-44B8-9441-1D6FF0EA07B6}
		{2DA7E679-DDB4-49F8-A0AE-481182472383} = {DC1471CB-7194-44B8-9441-1D6FF0EA07B6}
		{5E794574-39FF-465A-B672-D42F05CD5980} = {DC1471CB-7194-44B8-9441-1D6FF0EA07B6}
		{923AE87A-D28C-425D-BB86-D9FFF0E35447} = {DC1471CB-7194-44B8-9441-1D6FF0EA07B6}
		{0CEB82FA-D6F9-4273-9492-4D2CC0BB5867} = {DC1471CB-7194-44B8-9441-1D6FF0EA07B6}
		{24C6F7A4-7EDD-427E-A768-89BF4B4F2110} = {DC1471CB-7194-44B8-9441-1D6FF0EA07B6}
		{02AF0A9B-AE42-4D74-A933-C2938380C718} = {DC1471CB-7194-44B8-9441-1D6FF0EA07B6}
		{69ED4749-64BD-4EB3-A7F7-CE3FA40FDBE9} = {DC1471CB-7194-44B8-9441-1D6FF0EA07B6}
		{2A298D74-305B-43CB-A34F-9EB8C3E5AEF7} = {DC1471CB-7194-44B8-9441-1D6FF0EA07B6}
		{C068E52B-B185-402C-8895-59697958199A} = {DC1471CB-7194-44B8-9441-1D6FF0EA07B6}
		{CBB0765F-A88D-4D18-8A30-9D4EDB916623} = {DC1471CB-7194-44B8-9441-1D6FF0EA07B6}
		{5BCC689F-C3AB-4DF3-B5B0-0DCF1FB29E00} = {DC1471CB-7194-44B8-9441-1D6FF0EA07B6}
		{27065959-1CF5-4004-8420-CC09CCA90A3C} = {DC1471CB-7194-44B8-9441-1D6FF0EA07B6}
		{0D682DE0-3A8D-4070-AB7B-364CF9A5B37E} = {DC1471CB-7194-44B8-9441-1D6FF0EA07B6}
		{36669AB5-0B92-472C-A95D-B1C0B2FDFCD7} = {DC1471CB-7194-44B8-9441-1D6FF0EA07B6}
		{955E668E-BF53-42A1-A304-BB66981425B8} = {DC1471CB-7194-44B8-9441-1D6FF0EA07B6}
		{A581C1E4-8FC6-48A8-B8AA-134040A5397F} = {DC1471CB-7194-44B8-9441-1D6FF0EA07B6}
		{AF7CE5CB-1B0F-44C0-8797-28FB28A15592} = {DC1471CB-7194-44B8-9441-1D6FF0EA07B6}
		{65B06147-7AB2-4F40-B05F-9D64CBCCFDB4} = {DC1471CB-7194-44B8-9441-1D6FF0EA07B6}
		{AF9BFAEB-BFF3-40BD-9AF5-FAB2534ABAE5} = {DC1471CB-7194-44B8-9441-1D6FF0EA07B6}
		{7106E623-3597-47D4-8091-E1AFCB068C89} = {DC1471CB-7194-44B8-9441-1D6FF0EA07B6}
		{CE786668-C72F-4FD7-8402-088495FA704C} = {DC1471CB-7194-44B8-9441-1D6FF0EA07B6}
		{EDFB2727-41C0-4E1B-BD5F-27944FFCA64A} = {DC1471CB-7194-44B8-9441-1D6FF0EA07B6}
		{4EFE76B5-85CB-4E09-9CEF-08E403BF81D0} = {DC1471CB-7194-44B8-9441-1D6FF0EA07B6}
		{DF75B9C7-6D89-47AF-A52B-3196234821C6} = {DC1471CB-7194-44B8-9441-1D6FF0EA07B6}
		{C0816C9A-1F72-4B84-A162-E0B729F6F50E} = {DC1471CB-7194-44B8-9441-1D6FF0EA07B6}
		{17F56993-4E37-4C70-A48E-65C93AD79774} = {DC1471CB-7194-44B8-9441-1D6FF0EA07B6}
		{FCCC4663-B292-4A5A-8032-66718B09283A} = {DC1471CB-7194-44B8-9441-1D6FF0EA07B6}
		{C3B7BB99-D14D-4CCC-BCCD-340607211A18} = {DC1471CB-7194-44B8-9441-1D6FF0EA07B6}
		{8CDBF701-7921-4326-A9A5-F70E7866A4E1} = {DC1471CB-7194-44B8-9441-1D6FF0EA07B6}
		{4C300B68-35BD-4BE4-A4EE-B34A38041432} = {DC1471CB-7194-44B8-9441-1D6FF0EA07B6}
		{2C48DB8C-4606-4FDC-8F0D-5015E52FF887} = {DC1471CB-7194-44B8-9441-1D6FF0EA07B6}
		{6FA0602B-4B05-42F1-9842-33BAAA760D3E} = {DC1471CB-7194-44B8-9441-1D6FF0EA07B6}
		{6B341C61-BF96-4D41-8FF2-0913C2440B00} = {DC1471CB-7194-44B8-9441-1D6FF0EA07B6}
		{501D348C-5F58-4C39-A473-90C4A3B005E7} = {DC1471CB-7194-44B8-9441-1D6FF0EA07B6}
		{E2BB0144-DF7B-4E09-BF6A-C623FB9541B4} = {DC1471CB-7194-44B8-9441-1D6FF0EA07B6}
		{F44F8ACB-61EF-4678-A73D-54505CCC08D4} = {DC1471CB-7194-44B8-9441-1D6FF0EA07B6}
		{EE3795B4-5D15-4D0A-91DE-08942001AEEB} = {DC1471CB-7194-44B8-9441-1D6FF0EA07B6}
		{A6A0A734-A98A-4B8A-901C-F3C5D192BCB2} = {DC1471CB-7194-44B8-9441-1D6FF0EA07B6}
		{46760338-F278-41A1-AE8C-3DF1ECF1A6B1} = {DC1471CB-7194-44B8-9441-1D6FF0EA07B6}
		{5940B183-ABF8-4ABB-A2E4-ECB1B873A158} = {DC1471CB-7194-44B8-9441-1D6FF0EA07B6}
		{C94AD159-6686-49F8-B428-7D8F42746DA5} = {DC1471CB-7194-44B8-9441-1D6FF0EA07B6}
		{724F88EB-ADF4-4D09-B6EA-DC2A285B610D} = {DC1471CB-7194-44B8-9441-1D6FF0EA07B6}
		{058EAB09-29C6-48DA-830A-B53669A03637} = {DC1471CB-7194-44B8-9441-1D6FF0EA07B6}
		{1B373907-EC71-40F1-813E-FFC7771F336B} = {DC1471CB-7194-44B8-9441-1D6FF0EA07B6}
		{9904F042-B92B-40FD-9AC9-692ECE61EF66} = {DC1471CB-7194-44B8-9441-1D6FF0EA07B6}
		{7E42146D-3771-4B27-B195-E0ACC19D6A1D} = {DC1471CB-7194-44B8-9441-1D6FF0EA07B6}
		{FBAEFA92-D332-4A05-8C37-1BE014A4A706} = {DC1471CB-7194-44B8-9441-1D6FF0EA07B6}
		{FF2FDF27-37F2-49E6-A793-55B24CFC9EBA} = {DC1471CB-7194-44B8-9441-1D6FF0EA07B6}
		{B2A9AD64-FEA3-4276-BBDB-838F90063B5D} = {DC1471CB-7194-44B8-9441-1D6FF0EA07B6}
		{3745435C-E69C-4956-9D0E-51E3399C4887} = {DC1471CB-7194-44B8-9441-1D6FF0EA07B6}
		{C551F6AF-7312-47B1-8E8E-D7FB75596BFB} = {DC1471CB-7194-44B8-9441-1D6FF0EA07B6}
		{AD8ADEA1-5CE2-4706-B3AE-DA3B700CC453} = {DC1471CB-7194-44B8-9441-1D6FF0EA07B6}
		{0E38A332-FC41-4776-97EB-9B51F212ED0C} = {DC1471CB-7194-44B8-9441-1D6FF0EA07B6}
		{80BFE7AA-EEFE-41D1-920B-936E148A2655} = {DC1471CB-7194-44B8-9441-1D6FF0EA07B6}
		{4BCA065B-DCC3-43FA-A9AD-16E8E03E0573} = {DC1471CB-7194-44B8-9441-1D6FF0EA07B6}
		{E1868596-AA0B-4E33-97A1-9065736F7D08} = {DC1471CB-7194-44B8-9441-1D6FF0EA07B6}
		{28D0A986-3E92-4ED6-99A8-41BB95BC29CD} = {DC1471CB-7194-44B8-9441-1D6FF0EA07B6}
		{A5CB4F5E-D78C-49EC-A308-A5856FF7A124} = {DC1471CB-7194-44B8-9441-1D6FF0EA07B6}
		{6117786C-0776-4523-9FA2-4F6C3389C603} = {DC1471CB-7194-44B8-9441-1D6FF0EA07B6}
		{DD93B315-B289-45D2-A67E-63FAFF0F7FE9} = {DC1471CB-7194-44B8-9441-1D6FF0EA07B6}
		{75F737CE-0D62-48D3-8908-90B60CA47697} = {DC1471CB-7194-44B8-9441-1D6FF0EA07B6}
		{B756444A-C846-4E68-B825-8B5C6AE1048F} = {DC1471CB-7194-44B8-9441-1D6FF0EA07B6}
		{2406F721-9EC7-40DA-84E0-4077D9971CBF} = {DC1471CB-7194-44B8-9441-1D6FF0EA07B6}
		{3BA91131-C54C-45D0-B75F-E0368E2E5F35} = {DC1471CB-7194-44B8-9441-1D6FF0EA07B6}
		{21F4067D-D200-4456-B775-01658FF03C17} = {DC1471CB-7194-44B8-9441-1D6FF0EA07B6}
		{88C6757E-E0B7-48A7-864D-C5B3FFCF25EE} = {DC1471CB-7194-44B8-9441-1D6FF0EA07B6}
		{65E2184E-DD49-4719-825E-F6B147B6FD73} = {DC1471CB-7194-44B8-9441-1D6FF0EA07B6}
		{03AC3569-39E7-46E3-B5E5-300E150B6E54} = {DC1471CB-7194-44B8-9441-1D6FF0EA07B6}
		{5F2E4014-67CD-4245-A489-45EFD40F3B21} = {DC1471CB-7194-44B8-9441-1D6FF0EA07B6}
		{23E6455A-77CE-4D9D-AD09-8939F0C0E17B} = {DC1471CB-7194-44B8-9441-1D6FF0EA07B6}
		{BD962C7D-9DB8-410F-AE76-A21F321C6559} = {DC1471CB-7194-44B8-9441-1D6FF0EA07B6}
		{91315627-CB4A-4551-B707-B95A350D7B46} = {DC1471CB-7194-44B8-9441-1D6FF0EA07B6}
		{05F41CC6-51B0-47F6-859C-480982334DB0} = {DC1471CB-7194-44B8-9441-1D6FF0EA07B6}
		{BA0D9BBE-CA6B-46CE-B322-488DD042F0D0} = {DC1471CB-7194-44B8-9441-1D6FF0EA07B6}
		{F506532F-EE9B-42AD-B11E-04469B4C7392} = {DC1471CB-7194-44B8-9441-1D6FF0EA07B6}
		{1E343BDC-A772-4554-9434-06D75E059A8B} = {DC1471CB-7194-44B8-9441-1D6FF0EA07B6}
		{A5DD009C-7225-4988-B0B0-93C6C51F1538} = {DC1471CB-7194-44B8-9441-1D6FF0EA07B6}
		{73DE28BA-C66C-4C75-B5A6-DE1F334D7A66} = {DC1471CB-7194-44B8-9441-1D6FF0EA07B6}
		{BEBB6173-F50D-4244-983C-8622C48FC4A1} = {DC1471CB-7194-44B8-9441-1D6FF0EA07B6}
		{070AB12D-E0AF-46D5-972C-A690A0A6953F} = {DC1471CB-7194-44B8-9441-1D6FF0EA07B6}
		{42C098A5-3CE7-4553-85EA-4A38E23C47FB} = {DC1471CB-7194-44B8-9441-1D6FF0EA07B6}
		{8347965C-338C-4711-9377-7698A29F3137} = {DC1471CB-7194-44B8-9441-1D6FF0EA07B6}
		{77CA53E3-B118-422C-A4EA-4AFB731F846B} = {DC1471CB-7194-44B8-9441-1D6FF0EA07B6}
		{8939A259-4282-403E-9ECE-9A89C98C6E0D} = {DC1471CB-7194-44B8-9441-1D6FF0EA07B6}
		{835BD5D6-126A-4BFB-87C5-655566C7C918} = {DC1471CB-7194-44B8-9441-1D6FF0EA07B6}
		{27F4C359-C308-43CB-A6BA-A0CBB98304F9} = {DC1471CB-7194-44B8-9441-1D6FF0EA07B6}
		{237CAA94-F96C-4989-BF67-C8D6F380502E} = {DC1471CB-7194-44B8-9441-1D6FF0EA07B6}
		{2E8B216C-E7CA-4A19-9C0E-16B4F32EED36} = {DC1471CB-7194-44B8-9441-1D6FF0EA07B6}
		{12CFCD88-056D-4C46-B7C3-B955C6F8A8FC} = {DC1471CB-7194-44B8-9441-1D6FF0EA07B6}
		{3F3AF907-A50F-4AAE-9232-62B287DE1F9F} = {DC1471CB-7194-44B8-9441-1D6FF0EA07B6}
		{C5B47C21-FAE1-4CFC-8BBA-6CCA763B596D} = {DC1471CB-7194-44B8-9441-1D6FF0EA07B6}
		{30343CB1-4443-40B9-A351-E348648D0808} = {DC1471CB-7194-44B8-9441-1D6FF0EA07B6}
		{4AA0F582-8015-4F55-AA78-700636FD384C} = {DC1471CB-7194-44B8-9441-1D6FF0EA07B6}
	EndGlobalSection
	GlobalSection(SolutionConfigurationPlatforms) = preSolution
		Debug|Any CPU = Debug|Any CPU
		Release|Any CPU = Release|Any CPU
	EndGlobalSection
	GlobalSection(ProjectConfigurationPlatforms) = postSolution
		{C91CE266-6341-4C82-B3FF-69600F776326}.Debug|Any CPU.ActiveCfg = Debug|Any CPU
		{C91CE266-6341-4C82-B3FF-69600F776326}.Debug|Any CPU.Build.0 = Debug|Any CPU
		{C91CE266-6341-4C82-B3FF-69600F776326}.Release|Any CPU.ActiveCfg = Release|Any CPU
		{C91CE266-6341-4C82-B3FF-69600F776326}.Release|Any CPU.Build.0 = Release|Any CPU
		{23483335-983B-4937-A674-E97CDF4FD62A}.Debug|Any CPU.ActiveCfg = Debug|Any CPU
		{23483335-983B-4937-A674-E97CDF4FD62A}.Debug|Any CPU.Build.0 = Debug|Any CPU
		{23483335-983B-4937-A674-E97CDF4FD62A}.Release|Any CPU.ActiveCfg = Release|Any CPU
		{23483335-983B-4937-A674-E97CDF4FD62A}.Release|Any CPU.Build.0 = Release|Any CPU
		{80DA4CF6-392F-47D9-8099-A745DE7B1475}.Debug|Any CPU.ActiveCfg = Debug|Any CPU
		{80DA4CF6-392F-47D9-8099-A745DE7B1475}.Debug|Any CPU.Build.0 = Debug|Any CPU
		{80DA4CF6-392F-47D9-8099-A745DE7B1475}.Release|Any CPU.ActiveCfg = Release|Any CPU
		{80DA4CF6-392F-47D9-8099-A745DE7B1475}.Release|Any CPU.Build.0 = Release|Any CPU
		{094BC871-2F46-4FFC-A60C-12118DB460D1}.Debug|Any CPU.ActiveCfg = Debug|Any CPU
		{094BC871-2F46-4FFC-A60C-12118DB460D1}.Debug|Any CPU.Build.0 = Debug|Any CPU
		{094BC871-2F46-4FFC-A60C-12118DB460D1}.Release|Any CPU.ActiveCfg = Release|Any CPU
		{094BC871-2F46-4FFC-A60C-12118DB460D1}.Release|Any CPU.Build.0 = Release|Any CPU
		{85084363-6422-46D1-96FC-87F156450BA9}.Debug|Any CPU.ActiveCfg = Debug|Any CPU
		{85084363-6422-46D1-96FC-87F156450BA9}.Debug|Any CPU.Build.0 = Debug|Any CPU
		{85084363-6422-46D1-96FC-87F156450BA9}.Release|Any CPU.ActiveCfg = Release|Any CPU
		{85084363-6422-46D1-96FC-87F156450BA9}.Release|Any CPU.Build.0 = Release|Any CPU
		{E902E54F-4B34-4BDF-8531-16FAAA4E735A}.Debug|Any CPU.ActiveCfg = Debug|Any CPU
		{E902E54F-4B34-4BDF-8531-16FAAA4E735A}.Debug|Any CPU.Build.0 = Debug|Any CPU
		{E902E54F-4B34-4BDF-8531-16FAAA4E735A}.Release|Any CPU.ActiveCfg = Release|Any CPU
		{E902E54F-4B34-4BDF-8531-16FAAA4E735A}.Release|Any CPU.Build.0 = Release|Any CPU
		{A456D499-23F7-437E-B5D3-8EC4670722DB}.Debug|Any CPU.ActiveCfg = Debug|Any CPU
		{A456D499-23F7-437E-B5D3-8EC4670722DB}.Debug|Any CPU.Build.0 = Debug|Any CPU
		{A456D499-23F7-437E-B5D3-8EC4670722DB}.Release|Any CPU.ActiveCfg = Release|Any CPU
		{A456D499-23F7-437E-B5D3-8EC4670722DB}.Release|Any CPU.Build.0 = Release|Any CPU
		{82614220-40E0-4548-AF6B-CBEB37151B71}.Debug|Any CPU.ActiveCfg = Debug|Any CPU
		{82614220-40E0-4548-AF6B-CBEB37151B71}.Debug|Any CPU.Build.0 = Debug|Any CPU
		{82614220-40E0-4548-AF6B-CBEB37151B71}.Release|Any CPU.ActiveCfg = Release|Any CPU
		{82614220-40E0-4548-AF6B-CBEB37151B71}.Release|Any CPU.Build.0 = Release|Any CPU
		{686250DA-1C39-41DF-9B6A-D60841CDD1E7}.Debug|Any CPU.ActiveCfg = Debug|Any CPU
		{686250DA-1C39-41DF-9B6A-D60841CDD1E7}.Debug|Any CPU.Build.0 = Debug|Any CPU
		{686250DA-1C39-41DF-9B6A-D60841CDD1E7}.Release|Any CPU.ActiveCfg = Release|Any CPU
		{686250DA-1C39-41DF-9B6A-D60841CDD1E7}.Release|Any CPU.Build.0 = Release|Any CPU
		{3A24C5E0-D9DA-4E29-922A-8F01851588A8}.Debug|Any CPU.ActiveCfg = Debug|Any CPU
		{3A24C5E0-D9DA-4E29-922A-8F01851588A8}.Debug|Any CPU.Build.0 = Debug|Any CPU
		{3A24C5E0-D9DA-4E29-922A-8F01851588A8}.Release|Any CPU.ActiveCfg = Release|Any CPU
		{3A24C5E0-D9DA-4E29-922A-8F01851588A8}.Release|Any CPU.Build.0 = Release|Any CPU
		{62F98624-782D-4FCB-AD42-007A56CF59F4}.Debug|Any CPU.ActiveCfg = Debug|Any CPU
		{62F98624-782D-4FCB-AD42-007A56CF59F4}.Debug|Any CPU.Build.0 = Debug|Any CPU
		{62F98624-782D-4FCB-AD42-007A56CF59F4}.Release|Any CPU.ActiveCfg = Release|Any CPU
		{62F98624-782D-4FCB-AD42-007A56CF59F4}.Release|Any CPU.Build.0 = Release|Any CPU
		{B066FA57-2F5F-4011-81AD-37A2002B4027}.Debug|Any CPU.ActiveCfg = Debug|Any CPU
		{B066FA57-2F5F-4011-81AD-37A2002B4027}.Debug|Any CPU.Build.0 = Debug|Any CPU
		{B066FA57-2F5F-4011-81AD-37A2002B4027}.Release|Any CPU.ActiveCfg = Release|Any CPU
		{B066FA57-2F5F-4011-81AD-37A2002B4027}.Release|Any CPU.Build.0 = Release|Any CPU
		{CB415B99-9608-4320-97B3-D5A782B95A24}.Debug|Any CPU.ActiveCfg = Debug|Any CPU
		{CB415B99-9608-4320-97B3-D5A782B95A24}.Debug|Any CPU.Build.0 = Debug|Any CPU
		{CB415B99-9608-4320-97B3-D5A782B95A24}.Release|Any CPU.ActiveCfg = Release|Any CPU
		{CB415B99-9608-4320-97B3-D5A782B95A24}.Release|Any CPU.Build.0 = Release|Any CPU
		{3A8FBBF3-B6E7-4D24-A159-60240E5EA247}.Debug|Any CPU.ActiveCfg = Debug|Any CPU
		{3A8FBBF3-B6E7-4D24-A159-60240E5EA247}.Debug|Any CPU.Build.0 = Debug|Any CPU
		{3A8FBBF3-B6E7-4D24-A159-60240E5EA247}.Release|Any CPU.ActiveCfg = Release|Any CPU
		{3A8FBBF3-B6E7-4D24-A159-60240E5EA247}.Release|Any CPU.Build.0 = Release|Any CPU
		{589651CC-847F-4413-9D64-BB39D88DEB37}.Debug|Any CPU.ActiveCfg = Debug|Any CPU
		{589651CC-847F-4413-9D64-BB39D88DEB37}.Debug|Any CPU.Build.0 = Debug|Any CPU
		{589651CC-847F-4413-9D64-BB39D88DEB37}.Release|Any CPU.ActiveCfg = Release|Any CPU
		{589651CC-847F-4413-9D64-BB39D88DEB37}.Release|Any CPU.Build.0 = Release|Any CPU
		{FA6E319F-8C33-426D-8720-9970645D0221}.Debug|Any CPU.ActiveCfg = Debug|Any CPU
		{FA6E319F-8C33-426D-8720-9970645D0221}.Debug|Any CPU.Build.0 = Debug|Any CPU
		{FA6E319F-8C33-426D-8720-9970645D0221}.Release|Any CPU.ActiveCfg = Release|Any CPU
		{FA6E319F-8C33-426D-8720-9970645D0221}.Release|Any CPU.Build.0 = Release|Any CPU
		{127F6446-7DE8-4316-9511-17473825DEA7}.Debug|Any CPU.ActiveCfg = Debug|Any CPU
		{127F6446-7DE8-4316-9511-17473825DEA7}.Debug|Any CPU.Build.0 = Debug|Any CPU
		{127F6446-7DE8-4316-9511-17473825DEA7}.Release|Any CPU.ActiveCfg = Release|Any CPU
		{127F6446-7DE8-4316-9511-17473825DEA7}.Release|Any CPU.Build.0 = Release|Any CPU
		{D18B4CD0-0169-4CB3-8374-9CD9EBB67D2A}.Debug|Any CPU.ActiveCfg = Debug|Any CPU
		{D18B4CD0-0169-4CB3-8374-9CD9EBB67D2A}.Debug|Any CPU.Build.0 = Debug|Any CPU
		{D18B4CD0-0169-4CB3-8374-9CD9EBB67D2A}.Release|Any CPU.ActiveCfg = Release|Any CPU
		{D18B4CD0-0169-4CB3-8374-9CD9EBB67D2A}.Release|Any CPU.Build.0 = Release|Any CPU
		{5ED95A8E-BEE2-4177-AB6D-2A8BD1A5F7C9}.Debug|Any CPU.ActiveCfg = Debug|Any CPU
		{5ED95A8E-BEE2-4177-AB6D-2A8BD1A5F7C9}.Debug|Any CPU.Build.0 = Debug|Any CPU
		{5ED95A8E-BEE2-4177-AB6D-2A8BD1A5F7C9}.Release|Any CPU.ActiveCfg = Release|Any CPU
		{5ED95A8E-BEE2-4177-AB6D-2A8BD1A5F7C9}.Release|Any CPU.Build.0 = Release|Any CPU
		{45234763-FD5D-4D62-99FD-2356CE0FE97D}.Debug|Any CPU.ActiveCfg = Debug|Any CPU
		{45234763-FD5D-4D62-99FD-2356CE0FE97D}.Debug|Any CPU.Build.0 = Debug|Any CPU
		{45234763-FD5D-4D62-99FD-2356CE0FE97D}.Release|Any CPU.ActiveCfg = Release|Any CPU
		{45234763-FD5D-4D62-99FD-2356CE0FE97D}.Release|Any CPU.Build.0 = Release|Any CPU
		{1CD2788B-0E21-43A9-A20F-BE40F37C94C1}.Debug|Any CPU.ActiveCfg = Debug|Any CPU
		{1CD2788B-0E21-43A9-A20F-BE40F37C94C1}.Debug|Any CPU.Build.0 = Debug|Any CPU
		{1CD2788B-0E21-43A9-A20F-BE40F37C94C1}.Release|Any CPU.ActiveCfg = Release|Any CPU
		{1CD2788B-0E21-43A9-A20F-BE40F37C94C1}.Release|Any CPU.Build.0 = Release|Any CPU
		{D4C5708D-1857-4A67-BC10-D422FE082DEB}.Debug|Any CPU.ActiveCfg = Debug|Any CPU
		{D4C5708D-1857-4A67-BC10-D422FE082DEB}.Debug|Any CPU.Build.0 = Debug|Any CPU
		{D4C5708D-1857-4A67-BC10-D422FE082DEB}.Release|Any CPU.ActiveCfg = Release|Any CPU
		{D4C5708D-1857-4A67-BC10-D422FE082DEB}.Release|Any CPU.Build.0 = Release|Any CPU
		{B170EBFD-F109-4C02-8890-01709B978B79}.Debug|Any CPU.ActiveCfg = Debug|Any CPU
		{B170EBFD-F109-4C02-8890-01709B978B79}.Debug|Any CPU.Build.0 = Debug|Any CPU
		{B170EBFD-F109-4C02-8890-01709B978B79}.Release|Any CPU.ActiveCfg = Release|Any CPU
		{B170EBFD-F109-4C02-8890-01709B978B79}.Release|Any CPU.Build.0 = Release|Any CPU
		{D0277938-7511-44BB-850E-28FEEB5D8244}.Debug|Any CPU.ActiveCfg = Debug|Any CPU
		{D0277938-7511-44BB-850E-28FEEB5D8244}.Debug|Any CPU.Build.0 = Debug|Any CPU
		{D0277938-7511-44BB-850E-28FEEB5D8244}.Release|Any CPU.ActiveCfg = Release|Any CPU
		{D0277938-7511-44BB-850E-28FEEB5D8244}.Release|Any CPU.Build.0 = Release|Any CPU
		{0CC499CA-48EC-484C-BD61-B2ED6E9A800F}.Debug|Any CPU.ActiveCfg = Debug|Any CPU
		{0CC499CA-48EC-484C-BD61-B2ED6E9A800F}.Debug|Any CPU.Build.0 = Debug|Any CPU
		{0CC499CA-48EC-484C-BD61-B2ED6E9A800F}.Release|Any CPU.ActiveCfg = Release|Any CPU
		{0CC499CA-48EC-484C-BD61-B2ED6E9A800F}.Release|Any CPU.Build.0 = Release|Any CPU
		{7545B935-C7E0-4CFE-9B2F-65F7CA9919CC}.Debug|Any CPU.ActiveCfg = Debug|Any CPU
		{7545B935-C7E0-4CFE-9B2F-65F7CA9919CC}.Debug|Any CPU.Build.0 = Debug|Any CPU
		{7545B935-C7E0-4CFE-9B2F-65F7CA9919CC}.Release|Any CPU.ActiveCfg = Release|Any CPU
		{7545B935-C7E0-4CFE-9B2F-65F7CA9919CC}.Release|Any CPU.Build.0 = Release|Any CPU
		{7BE61226-07B8-411A-B18B-CBB9781304E8}.Debug|Any CPU.ActiveCfg = Debug|Any CPU
		{7BE61226-07B8-411A-B18B-CBB9781304E8}.Debug|Any CPU.Build.0 = Debug|Any CPU
		{7BE61226-07B8-411A-B18B-CBB9781304E8}.Release|Any CPU.ActiveCfg = Release|Any CPU
		{7BE61226-07B8-411A-B18B-CBB9781304E8}.Release|Any CPU.Build.0 = Release|Any CPU
		{F9A5FD57-B7C2-4FD9-99A4-A4E54EFB6312}.Debug|Any CPU.ActiveCfg = Debug|Any CPU
		{F9A5FD57-B7C2-4FD9-99A4-A4E54EFB6312}.Debug|Any CPU.Build.0 = Debug|Any CPU
		{F9A5FD57-B7C2-4FD9-99A4-A4E54EFB6312}.Release|Any CPU.ActiveCfg = Release|Any CPU
		{F9A5FD57-B7C2-4FD9-99A4-A4E54EFB6312}.Release|Any CPU.Build.0 = Release|Any CPU
		{D98C6234-7ADC-4780-969C-DE85B7E71CDD}.Debug|Any CPU.ActiveCfg = Debug|Any CPU
		{D98C6234-7ADC-4780-969C-DE85B7E71CDD}.Debug|Any CPU.Build.0 = Debug|Any CPU
		{D98C6234-7ADC-4780-969C-DE85B7E71CDD}.Release|Any CPU.ActiveCfg = Release|Any CPU
		{D98C6234-7ADC-4780-969C-DE85B7E71CDD}.Release|Any CPU.Build.0 = Release|Any CPU
		{6192CF79-1FA6-4995-B4F1-3173B7727BD8}.Debug|Any CPU.ActiveCfg = Debug|Any CPU
		{6192CF79-1FA6-4995-B4F1-3173B7727BD8}.Debug|Any CPU.Build.0 = Debug|Any CPU
		{6192CF79-1FA6-4995-B4F1-3173B7727BD8}.Release|Any CPU.ActiveCfg = Release|Any CPU
		{6192CF79-1FA6-4995-B4F1-3173B7727BD8}.Release|Any CPU.Build.0 = Release|Any CPU
		{40CAE273-9577-4A79-B750-31BE1D23D3D1}.Debug|Any CPU.ActiveCfg = Debug|Any CPU
		{40CAE273-9577-4A79-B750-31BE1D23D3D1}.Debug|Any CPU.Build.0 = Debug|Any CPU
		{40CAE273-9577-4A79-B750-31BE1D23D3D1}.Release|Any CPU.ActiveCfg = Release|Any CPU
		{40CAE273-9577-4A79-B750-31BE1D23D3D1}.Release|Any CPU.Build.0 = Release|Any CPU
		{BAA97730-BE04-4BC1-8A8B-64C3D4290F00}.Debug|Any CPU.ActiveCfg = Debug|Any CPU
		{BAA97730-BE04-4BC1-8A8B-64C3D4290F00}.Debug|Any CPU.Build.0 = Debug|Any CPU
		{BAA97730-BE04-4BC1-8A8B-64C3D4290F00}.Release|Any CPU.ActiveCfg = Release|Any CPU
		{BAA97730-BE04-4BC1-8A8B-64C3D4290F00}.Release|Any CPU.Build.0 = Release|Any CPU
		{6F4DF8B2-D268-4718-84B6-9ED082CA834F}.Debug|Any CPU.ActiveCfg = Debug|Any CPU
		{6F4DF8B2-D268-4718-84B6-9ED082CA834F}.Debug|Any CPU.Build.0 = Debug|Any CPU
		{6F4DF8B2-D268-4718-84B6-9ED082CA834F}.Release|Any CPU.ActiveCfg = Release|Any CPU
		{6F4DF8B2-D268-4718-84B6-9ED082CA834F}.Release|Any CPU.Build.0 = Release|Any CPU
		{0552AC8B-70A7-4511-B3C6-B0B8DCA52B61}.Debug|Any CPU.ActiveCfg = Debug|Any CPU
		{0552AC8B-70A7-4511-B3C6-B0B8DCA52B61}.Debug|Any CPU.Build.0 = Debug|Any CPU
		{0552AC8B-70A7-4511-B3C6-B0B8DCA52B61}.Release|Any CPU.ActiveCfg = Release|Any CPU
		{0552AC8B-70A7-4511-B3C6-B0B8DCA52B61}.Release|Any CPU.Build.0 = Release|Any CPU
		{7E49A664-5C1C-43D8-B657-3CEC8DA1D09D}.Debug|Any CPU.ActiveCfg = Debug|Any CPU
		{7E49A664-5C1C-43D8-B657-3CEC8DA1D09D}.Debug|Any CPU.Build.0 = Debug|Any CPU
		{7E49A664-5C1C-43D8-B657-3CEC8DA1D09D}.Release|Any CPU.ActiveCfg = Release|Any CPU
		{7E49A664-5C1C-43D8-B657-3CEC8DA1D09D}.Release|Any CPU.Build.0 = Release|Any CPU
		{E90D0721-C490-4AC0-B924-B6FD7F8D9FCF}.Debug|Any CPU.ActiveCfg = Debug|Any CPU
		{E90D0721-C490-4AC0-B924-B6FD7F8D9FCF}.Debug|Any CPU.Build.0 = Debug|Any CPU
		{E90D0721-C490-4AC0-B924-B6FD7F8D9FCF}.Release|Any CPU.ActiveCfg = Release|Any CPU
		{E90D0721-C490-4AC0-B924-B6FD7F8D9FCF}.Release|Any CPU.Build.0 = Release|Any CPU
		{D045D4B5-8F30-48FE-A7DF-A4821D179350}.Debug|Any CPU.ActiveCfg = Debug|Any CPU
		{D045D4B5-8F30-48FE-A7DF-A4821D179350}.Debug|Any CPU.Build.0 = Debug|Any CPU
		{D045D4B5-8F30-48FE-A7DF-A4821D179350}.Release|Any CPU.ActiveCfg = Release|Any CPU
		{D045D4B5-8F30-48FE-A7DF-A4821D179350}.Release|Any CPU.Build.0 = Release|Any CPU
		{3DE2FFC8-D34C-4279-9077-4095123654F2}.Debug|Any CPU.ActiveCfg = Debug|Any CPU
		{3DE2FFC8-D34C-4279-9077-4095123654F2}.Debug|Any CPU.Build.0 = Debug|Any CPU
		{3DE2FFC8-D34C-4279-9077-4095123654F2}.Release|Any CPU.ActiveCfg = Release|Any CPU
		{3DE2FFC8-D34C-4279-9077-4095123654F2}.Release|Any CPU.Build.0 = Release|Any CPU
		{BD455479-261F-43C2-BF8F-5321B15839A5}.Debug|Any CPU.ActiveCfg = Debug|Any CPU
		{BD455479-261F-43C2-BF8F-5321B15839A5}.Debug|Any CPU.Build.0 = Debug|Any CPU
		{BD455479-261F-43C2-BF8F-5321B15839A5}.Release|Any CPU.ActiveCfg = Release|Any CPU
		{BD455479-261F-43C2-BF8F-5321B15839A5}.Release|Any CPU.Build.0 = Release|Any CPU
		{FF3782ED-C6F6-4BBD-B2DA-CB74E4745D68}.Debug|Any CPU.ActiveCfg = Debug|Any CPU
		{FF3782ED-C6F6-4BBD-B2DA-CB74E4745D68}.Debug|Any CPU.Build.0 = Debug|Any CPU
		{FF3782ED-C6F6-4BBD-B2DA-CB74E4745D68}.Release|Any CPU.ActiveCfg = Release|Any CPU
		{FF3782ED-C6F6-4BBD-B2DA-CB74E4745D68}.Release|Any CPU.Build.0 = Release|Any CPU
		{04F5CF0B-C6EA-4BB9-9A3E-CFC32F81B1C6}.Debug|Any CPU.ActiveCfg = Debug|Any CPU
		{04F5CF0B-C6EA-4BB9-9A3E-CFC32F81B1C6}.Debug|Any CPU.Build.0 = Debug|Any CPU
		{04F5CF0B-C6EA-4BB9-9A3E-CFC32F81B1C6}.Release|Any CPU.ActiveCfg = Release|Any CPU
		{04F5CF0B-C6EA-4BB9-9A3E-CFC32F81B1C6}.Release|Any CPU.Build.0 = Release|Any CPU
		{862E5D8E-9871-4354-95AB-C90147B45328}.Debug|Any CPU.ActiveCfg = Debug|Any CPU
		{862E5D8E-9871-4354-95AB-C90147B45328}.Debug|Any CPU.Build.0 = Debug|Any CPU
		{862E5D8E-9871-4354-95AB-C90147B45328}.Release|Any CPU.ActiveCfg = Release|Any CPU
		{862E5D8E-9871-4354-95AB-C90147B45328}.Release|Any CPU.Build.0 = Release|Any CPU
		{1D7249DB-AC91-4FF9-945F-FE8A89C57F58}.Debug|Any CPU.ActiveCfg = Debug|Any CPU
		{1D7249DB-AC91-4FF9-945F-FE8A89C57F58}.Debug|Any CPU.Build.0 = Debug|Any CPU
		{1D7249DB-AC91-4FF9-945F-FE8A89C57F58}.Release|Any CPU.ActiveCfg = Release|Any CPU
		{1D7249DB-AC91-4FF9-945F-FE8A89C57F58}.Release|Any CPU.Build.0 = Release|Any CPU
		{A08D489B-8020-4D6F-8994-875DEB662564}.Debug|Any CPU.ActiveCfg = Debug|Any CPU
		{A08D489B-8020-4D6F-8994-875DEB662564}.Debug|Any CPU.Build.0 = Debug|Any CPU
		{A08D489B-8020-4D6F-8994-875DEB662564}.Release|Any CPU.ActiveCfg = Release|Any CPU
		{A08D489B-8020-4D6F-8994-875DEB662564}.Release|Any CPU.Build.0 = Release|Any CPU
		{64C4779D-233E-404D-A61B-72105A9DE4BA}.Debug|Any CPU.ActiveCfg = Debug|Any CPU
		{64C4779D-233E-404D-A61B-72105A9DE4BA}.Debug|Any CPU.Build.0 = Debug|Any CPU
		{64C4779D-233E-404D-A61B-72105A9DE4BA}.Release|Any CPU.ActiveCfg = Release|Any CPU
		{64C4779D-233E-404D-A61B-72105A9DE4BA}.Release|Any CPU.Build.0 = Release|Any CPU
		{22969FF0-272D-4FFE-8AE0-98AD18EA6467}.Debug|Any CPU.ActiveCfg = Debug|Any CPU
		{22969FF0-272D-4FFE-8AE0-98AD18EA6467}.Debug|Any CPU.Build.0 = Debug|Any CPU
		{22969FF0-272D-4FFE-8AE0-98AD18EA6467}.Release|Any CPU.ActiveCfg = Release|Any CPU
		{22969FF0-272D-4FFE-8AE0-98AD18EA6467}.Release|Any CPU.Build.0 = Release|Any CPU
		{8E45FE60-D009-437F-8932-5379D08C35D7}.Debug|Any CPU.ActiveCfg = Debug|Any CPU
		{8E45FE60-D009-437F-8932-5379D08C35D7}.Debug|Any CPU.Build.0 = Debug|Any CPU
		{8E45FE60-D009-437F-8932-5379D08C35D7}.Release|Any CPU.ActiveCfg = Release|Any CPU
		{8E45FE60-D009-437F-8932-5379D08C35D7}.Release|Any CPU.Build.0 = Release|Any CPU
		{D7B83E06-9388-4A93-A962-6AC97207CE6C}.Debug|Any CPU.ActiveCfg = Debug|Any CPU
		{D7B83E06-9388-4A93-A962-6AC97207CE6C}.Debug|Any CPU.Build.0 = Debug|Any CPU
		{D7B83E06-9388-4A93-A962-6AC97207CE6C}.Release|Any CPU.ActiveCfg = Release|Any CPU
		{D7B83E06-9388-4A93-A962-6AC97207CE6C}.Release|Any CPU.Build.0 = Release|Any CPU
		{7B7E025B-F6A9-49AC-9D5F-16D25B973117}.Debug|Any CPU.ActiveCfg = Debug|Any CPU
		{7B7E025B-F6A9-49AC-9D5F-16D25B973117}.Debug|Any CPU.Build.0 = Debug|Any CPU
		{7B7E025B-F6A9-49AC-9D5F-16D25B973117}.Release|Any CPU.ActiveCfg = Release|Any CPU
		{7B7E025B-F6A9-49AC-9D5F-16D25B973117}.Release|Any CPU.Build.0 = Release|Any CPU
		{0FCFA139-75DD-4550-BEBE-1ECE251D518F}.Debug|Any CPU.ActiveCfg = Debug|Any CPU
		{0FCFA139-75DD-4550-BEBE-1ECE251D518F}.Debug|Any CPU.Build.0 = Debug|Any CPU
		{0FCFA139-75DD-4550-BEBE-1ECE251D518F}.Release|Any CPU.ActiveCfg = Release|Any CPU
		{0FCFA139-75DD-4550-BEBE-1ECE251D518F}.Release|Any CPU.Build.0 = Release|Any CPU
		{9B044FF5-8119-4A40-BEE8-67F1006B7027}.Debug|Any CPU.ActiveCfg = Debug|Any CPU
		{9B044FF5-8119-4A40-BEE8-67F1006B7027}.Debug|Any CPU.Build.0 = Debug|Any CPU
		{9B044FF5-8119-4A40-BEE8-67F1006B7027}.Release|Any CPU.ActiveCfg = Release|Any CPU
		{9B044FF5-8119-4A40-BEE8-67F1006B7027}.Release|Any CPU.Build.0 = Release|Any CPU
		{677525F3-0978-4673-BD3D-4FB0EFB6CC28}.Debug|Any CPU.ActiveCfg = Debug|Any CPU
		{677525F3-0978-4673-BD3D-4FB0EFB6CC28}.Debug|Any CPU.Build.0 = Debug|Any CPU
		{677525F3-0978-4673-BD3D-4FB0EFB6CC28}.Release|Any CPU.ActiveCfg = Release|Any CPU
		{677525F3-0978-4673-BD3D-4FB0EFB6CC28}.Release|Any CPU.Build.0 = Release|Any CPU
		{35F6A966-E633-4A5B-9880-84E3DB0F698F}.Debug|Any CPU.ActiveCfg = Debug|Any CPU
		{35F6A966-E633-4A5B-9880-84E3DB0F698F}.Debug|Any CPU.Build.0 = Debug|Any CPU
		{35F6A966-E633-4A5B-9880-84E3DB0F698F}.Release|Any CPU.ActiveCfg = Release|Any CPU
		{35F6A966-E633-4A5B-9880-84E3DB0F698F}.Release|Any CPU.Build.0 = Release|Any CPU
		{A4FCBE31-36A9-42DF-AD71-D0696B492FD8}.Debug|Any CPU.ActiveCfg = Debug|Any CPU
		{A4FCBE31-36A9-42DF-AD71-D0696B492FD8}.Debug|Any CPU.Build.0 = Debug|Any CPU
		{A4FCBE31-36A9-42DF-AD71-D0696B492FD8}.Release|Any CPU.ActiveCfg = Release|Any CPU
		{A4FCBE31-36A9-42DF-AD71-D0696B492FD8}.Release|Any CPU.Build.0 = Release|Any CPU
		{619EDD11-BAEA-4A96-9565-3E8D66F27F11}.Debug|Any CPU.ActiveCfg = Debug|Any CPU
		{619EDD11-BAEA-4A96-9565-3E8D66F27F11}.Debug|Any CPU.Build.0 = Debug|Any CPU
		{619EDD11-BAEA-4A96-9565-3E8D66F27F11}.Release|Any CPU.ActiveCfg = Release|Any CPU
		{619EDD11-BAEA-4A96-9565-3E8D66F27F11}.Release|Any CPU.Build.0 = Release|Any CPU
		{07EC48D2-04D5-4455-9A4D-7ECD342F34DB}.Debug|Any CPU.ActiveCfg = Debug|Any CPU
		{07EC48D2-04D5-4455-9A4D-7ECD342F34DB}.Debug|Any CPU.Build.0 = Debug|Any CPU
		{07EC48D2-04D5-4455-9A4D-7ECD342F34DB}.Release|Any CPU.ActiveCfg = Release|Any CPU
		{07EC48D2-04D5-4455-9A4D-7ECD342F34DB}.Release|Any CPU.Build.0 = Release|Any CPU
		{D85BB212-36D4-4A6A-AEDC-6EC1E6151286}.Debug|Any CPU.ActiveCfg = Debug|Any CPU
		{D85BB212-36D4-4A6A-AEDC-6EC1E6151286}.Debug|Any CPU.Build.0 = Debug|Any CPU
		{D85BB212-36D4-4A6A-AEDC-6EC1E6151286}.Release|Any CPU.ActiveCfg = Release|Any CPU
		{D85BB212-36D4-4A6A-AEDC-6EC1E6151286}.Release|Any CPU.Build.0 = Release|Any CPU
		{2DA7E679-DDB4-49F8-A0AE-481182472383}.Debug|Any CPU.ActiveCfg = Debug|Any CPU
		{2DA7E679-DDB4-49F8-A0AE-481182472383}.Debug|Any CPU.Build.0 = Debug|Any CPU
		{2DA7E679-DDB4-49F8-A0AE-481182472383}.Release|Any CPU.ActiveCfg = Release|Any CPU
		{2DA7E679-DDB4-49F8-A0AE-481182472383}.Release|Any CPU.Build.0 = Release|Any CPU
		{5E794574-39FF-465A-B672-D42F05CD5980}.Debug|Any CPU.ActiveCfg = Debug|Any CPU
		{5E794574-39FF-465A-B672-D42F05CD5980}.Debug|Any CPU.Build.0 = Debug|Any CPU
		{5E794574-39FF-465A-B672-D42F05CD5980}.Release|Any CPU.ActiveCfg = Release|Any CPU
		{5E794574-39FF-465A-B672-D42F05CD5980}.Release|Any CPU.Build.0 = Release|Any CPU
		{923AE87A-D28C-425D-BB86-D9FFF0E35447}.Debug|Any CPU.ActiveCfg = Debug|Any CPU
		{923AE87A-D28C-425D-BB86-D9FFF0E35447}.Debug|Any CPU.Build.0 = Debug|Any CPU
		{923AE87A-D28C-425D-BB86-D9FFF0E35447}.Release|Any CPU.ActiveCfg = Release|Any CPU
		{923AE87A-D28C-425D-BB86-D9FFF0E35447}.Release|Any CPU.Build.0 = Release|Any CPU
		{0CEB82FA-D6F9-4273-9492-4D2CC0BB5867}.Debug|Any CPU.ActiveCfg = Debug|Any CPU
		{0CEB82FA-D6F9-4273-9492-4D2CC0BB5867}.Debug|Any CPU.Build.0 = Debug|Any CPU
		{0CEB82FA-D6F9-4273-9492-4D2CC0BB5867}.Release|Any CPU.ActiveCfg = Release|Any CPU
		{0CEB82FA-D6F9-4273-9492-4D2CC0BB5867}.Release|Any CPU.Build.0 = Release|Any CPU
		{24C6F7A4-7EDD-427E-A768-89BF4B4F2110}.Debug|Any CPU.ActiveCfg = Debug|Any CPU
		{24C6F7A4-7EDD-427E-A768-89BF4B4F2110}.Debug|Any CPU.Build.0 = Debug|Any CPU
		{24C6F7A4-7EDD-427E-A768-89BF4B4F2110}.Release|Any CPU.ActiveCfg = Release|Any CPU
		{24C6F7A4-7EDD-427E-A768-89BF4B4F2110}.Release|Any CPU.Build.0 = Release|Any CPU
		{02AF0A9B-AE42-4D74-A933-C2938380C718}.Debug|Any CPU.ActiveCfg = Debug|Any CPU
		{02AF0A9B-AE42-4D74-A933-C2938380C718}.Debug|Any CPU.Build.0 = Debug|Any CPU
		{02AF0A9B-AE42-4D74-A933-C2938380C718}.Release|Any CPU.ActiveCfg = Release|Any CPU
		{02AF0A9B-AE42-4D74-A933-C2938380C718}.Release|Any CPU.Build.0 = Release|Any CPU
		{69ED4749-64BD-4EB3-A7F7-CE3FA40FDBE9}.Debug|Any CPU.ActiveCfg = Debug|Any CPU
		{69ED4749-64BD-4EB3-A7F7-CE3FA40FDBE9}.Debug|Any CPU.Build.0 = Debug|Any CPU
		{69ED4749-64BD-4EB3-A7F7-CE3FA40FDBE9}.Release|Any CPU.ActiveCfg = Release|Any CPU
		{69ED4749-64BD-4EB3-A7F7-CE3FA40FDBE9}.Release|Any CPU.Build.0 = Release|Any CPU
		{2A298D74-305B-43CB-A34F-9EB8C3E5AEF7}.Debug|Any CPU.ActiveCfg = Debug|Any CPU
		{2A298D74-305B-43CB-A34F-9EB8C3E5AEF7}.Debug|Any CPU.Build.0 = Debug|Any CPU
		{2A298D74-305B-43CB-A34F-9EB8C3E5AEF7}.Release|Any CPU.ActiveCfg = Release|Any CPU
		{2A298D74-305B-43CB-A34F-9EB8C3E5AEF7}.Release|Any CPU.Build.0 = Release|Any CPU
		{C068E52B-B185-402C-8895-59697958199A}.Debug|Any CPU.ActiveCfg = Debug|Any CPU
		{C068E52B-B185-402C-8895-59697958199A}.Debug|Any CPU.Build.0 = Debug|Any CPU
		{C068E52B-B185-402C-8895-59697958199A}.Release|Any CPU.ActiveCfg = Release|Any CPU
		{C068E52B-B185-402C-8895-59697958199A}.Release|Any CPU.Build.0 = Release|Any CPU
		{CBB0765F-A88D-4D18-8A30-9D4EDB916623}.Debug|Any CPU.ActiveCfg = Debug|Any CPU
		{CBB0765F-A88D-4D18-8A30-9D4EDB916623}.Debug|Any CPU.Build.0 = Debug|Any CPU
		{CBB0765F-A88D-4D18-8A30-9D4EDB916623}.Release|Any CPU.ActiveCfg = Release|Any CPU
		{CBB0765F-A88D-4D18-8A30-9D4EDB916623}.Release|Any CPU.Build.0 = Release|Any CPU
		{5BCC689F-C3AB-4DF3-B5B0-0DCF1FB29E00}.Debug|Any CPU.ActiveCfg = Debug|Any CPU
		{5BCC689F-C3AB-4DF3-B5B0-0DCF1FB29E00}.Debug|Any CPU.Build.0 = Debug|Any CPU
		{5BCC689F-C3AB-4DF3-B5B0-0DCF1FB29E00}.Release|Any CPU.ActiveCfg = Release|Any CPU
		{5BCC689F-C3AB-4DF3-B5B0-0DCF1FB29E00}.Release|Any CPU.Build.0 = Release|Any CPU
		{27065959-1CF5-4004-8420-CC09CCA90A3C}.Debug|Any CPU.ActiveCfg = Debug|Any CPU
		{27065959-1CF5-4004-8420-CC09CCA90A3C}.Debug|Any CPU.Build.0 = Debug|Any CPU
		{27065959-1CF5-4004-8420-CC09CCA90A3C}.Release|Any CPU.ActiveCfg = Release|Any CPU
		{27065959-1CF5-4004-8420-CC09CCA90A3C}.Release|Any CPU.Build.0 = Release|Any CPU
		{0D682DE0-3A8D-4070-AB7B-364CF9A5B37E}.Debug|Any CPU.ActiveCfg = Debug|Any CPU
		{0D682DE0-3A8D-4070-AB7B-364CF9A5B37E}.Debug|Any CPU.Build.0 = Debug|Any CPU
		{0D682DE0-3A8D-4070-AB7B-364CF9A5B37E}.Release|Any CPU.ActiveCfg = Release|Any CPU
		{0D682DE0-3A8D-4070-AB7B-364CF9A5B37E}.Release|Any CPU.Build.0 = Release|Any CPU
		{36669AB5-0B92-472C-A95D-B1C0B2FDFCD7}.Debug|Any CPU.ActiveCfg = Debug|Any CPU
		{36669AB5-0B92-472C-A95D-B1C0B2FDFCD7}.Debug|Any CPU.Build.0 = Debug|Any CPU
		{36669AB5-0B92-472C-A95D-B1C0B2FDFCD7}.Release|Any CPU.ActiveCfg = Release|Any CPU
		{36669AB5-0B92-472C-A95D-B1C0B2FDFCD7}.Release|Any CPU.Build.0 = Release|Any CPU
		{955E668E-BF53-42A1-A304-BB66981425B8}.Debug|Any CPU.ActiveCfg = Debug|Any CPU
		{955E668E-BF53-42A1-A304-BB66981425B8}.Debug|Any CPU.Build.0 = Debug|Any CPU
		{955E668E-BF53-42A1-A304-BB66981425B8}.Release|Any CPU.ActiveCfg = Release|Any CPU
		{955E668E-BF53-42A1-A304-BB66981425B8}.Release|Any CPU.Build.0 = Release|Any CPU
		{A581C1E4-8FC6-48A8-B8AA-134040A5397F}.Debug|Any CPU.ActiveCfg = Debug|Any CPU
		{A581C1E4-8FC6-48A8-B8AA-134040A5397F}.Debug|Any CPU.Build.0 = Debug|Any CPU
		{A581C1E4-8FC6-48A8-B8AA-134040A5397F}.Release|Any CPU.ActiveCfg = Release|Any CPU
		{A581C1E4-8FC6-48A8-B8AA-134040A5397F}.Release|Any CPU.Build.0 = Release|Any CPU
		{AF7CE5CB-1B0F-44C0-8797-28FB28A15592}.Debug|Any CPU.ActiveCfg = Debug|Any CPU
		{AF7CE5CB-1B0F-44C0-8797-28FB28A15592}.Debug|Any CPU.Build.0 = Debug|Any CPU
		{AF7CE5CB-1B0F-44C0-8797-28FB28A15592}.Release|Any CPU.ActiveCfg = Release|Any CPU
		{AF7CE5CB-1B0F-44C0-8797-28FB28A15592}.Release|Any CPU.Build.0 = Release|Any CPU
		{65B06147-7AB2-4F40-B05F-9D64CBCCFDB4}.Debug|Any CPU.ActiveCfg = Debug|Any CPU
		{65B06147-7AB2-4F40-B05F-9D64CBCCFDB4}.Debug|Any CPU.Build.0 = Debug|Any CPU
		{65B06147-7AB2-4F40-B05F-9D64CBCCFDB4}.Release|Any CPU.ActiveCfg = Release|Any CPU
		{65B06147-7AB2-4F40-B05F-9D64CBCCFDB4}.Release|Any CPU.Build.0 = Release|Any CPU
		{AF9BFAEB-BFF3-40BD-9AF5-FAB2534ABAE5}.Debug|Any CPU.ActiveCfg = Debug|Any CPU
		{AF9BFAEB-BFF3-40BD-9AF5-FAB2534ABAE5}.Debug|Any CPU.Build.0 = Debug|Any CPU
		{AF9BFAEB-BFF3-40BD-9AF5-FAB2534ABAE5}.Release|Any CPU.ActiveCfg = Release|Any CPU
		{AF9BFAEB-BFF3-40BD-9AF5-FAB2534ABAE5}.Release|Any CPU.Build.0 = Release|Any CPU
		{7106E623-3597-47D4-8091-E1AFCB068C89}.Debug|Any CPU.ActiveCfg = Debug|Any CPU
		{7106E623-3597-47D4-8091-E1AFCB068C89}.Debug|Any CPU.Build.0 = Debug|Any CPU
		{7106E623-3597-47D4-8091-E1AFCB068C89}.Release|Any CPU.ActiveCfg = Release|Any CPU
		{7106E623-3597-47D4-8091-E1AFCB068C89}.Release|Any CPU.Build.0 = Release|Any CPU
		{CE786668-C72F-4FD7-8402-088495FA704C}.Debug|Any CPU.ActiveCfg = Debug|Any CPU
		{CE786668-C72F-4FD7-8402-088495FA704C}.Debug|Any CPU.Build.0 = Debug|Any CPU
		{CE786668-C72F-4FD7-8402-088495FA704C}.Release|Any CPU.ActiveCfg = Release|Any CPU
		{CE786668-C72F-4FD7-8402-088495FA704C}.Release|Any CPU.Build.0 = Release|Any CPU
		{EDFB2727-41C0-4E1B-BD5F-27944FFCA64A}.Debug|Any CPU.ActiveCfg = Debug|Any CPU
		{EDFB2727-41C0-4E1B-BD5F-27944FFCA64A}.Debug|Any CPU.Build.0 = Debug|Any CPU
		{EDFB2727-41C0-4E1B-BD5F-27944FFCA64A}.Release|Any CPU.ActiveCfg = Release|Any CPU
		{EDFB2727-41C0-4E1B-BD5F-27944FFCA64A}.Release|Any CPU.Build.0 = Release|Any CPU
		{4EFE76B5-85CB-4E09-9CEF-08E403BF81D0}.Debug|Any CPU.ActiveCfg = Debug|Any CPU
		{4EFE76B5-85CB-4E09-9CEF-08E403BF81D0}.Debug|Any CPU.Build.0 = Debug|Any CPU
		{4EFE76B5-85CB-4E09-9CEF-08E403BF81D0}.Release|Any CPU.ActiveCfg = Release|Any CPU
		{4EFE76B5-85CB-4E09-9CEF-08E403BF81D0}.Release|Any CPU.Build.0 = Release|Any CPU
		{DF75B9C7-6D89-47AF-A52B-3196234821C6}.Debug|Any CPU.ActiveCfg = Debug|Any CPU
		{DF75B9C7-6D89-47AF-A52B-3196234821C6}.Debug|Any CPU.Build.0 = Debug|Any CPU
		{DF75B9C7-6D89-47AF-A52B-3196234821C6}.Release|Any CPU.ActiveCfg = Release|Any CPU
		{DF75B9C7-6D89-47AF-A52B-3196234821C6}.Release|Any CPU.Build.0 = Release|Any CPU
		{C0816C9A-1F72-4B84-A162-E0B729F6F50E}.Debug|Any CPU.ActiveCfg = Debug|Any CPU
		{C0816C9A-1F72-4B84-A162-E0B729F6F50E}.Debug|Any CPU.Build.0 = Debug|Any CPU
		{C0816C9A-1F72-4B84-A162-E0B729F6F50E}.Release|Any CPU.ActiveCfg = Release|Any CPU
		{C0816C9A-1F72-4B84-A162-E0B729F6F50E}.Release|Any CPU.Build.0 = Release|Any CPU
		{17F56993-4E37-4C70-A48E-65C93AD79774}.Debug|Any CPU.ActiveCfg = Debug|Any CPU
		{17F56993-4E37-4C70-A48E-65C93AD79774}.Debug|Any CPU.Build.0 = Debug|Any CPU
		{17F56993-4E37-4C70-A48E-65C93AD79774}.Release|Any CPU.ActiveCfg = Release|Any CPU
		{17F56993-4E37-4C70-A48E-65C93AD79774}.Release|Any CPU.Build.0 = Release|Any CPU
		{FCCC4663-B292-4A5A-8032-66718B09283A}.Debug|Any CPU.ActiveCfg = Debug|Any CPU
		{FCCC4663-B292-4A5A-8032-66718B09283A}.Debug|Any CPU.Build.0 = Debug|Any CPU
		{FCCC4663-B292-4A5A-8032-66718B09283A}.Release|Any CPU.ActiveCfg = Release|Any CPU
		{FCCC4663-B292-4A5A-8032-66718B09283A}.Release|Any CPU.Build.0 = Release|Any CPU
		{C3B7BB99-D14D-4CCC-BCCD-340607211A18}.Debug|Any CPU.ActiveCfg = Debug|Any CPU
		{C3B7BB99-D14D-4CCC-BCCD-340607211A18}.Debug|Any CPU.Build.0 = Debug|Any CPU
		{C3B7BB99-D14D-4CCC-BCCD-340607211A18}.Release|Any CPU.ActiveCfg = Release|Any CPU
		{C3B7BB99-D14D-4CCC-BCCD-340607211A18}.Release|Any CPU.Build.0 = Release|Any CPU
		{8CDBF701-7921-4326-A9A5-F70E7866A4E1}.Debug|Any CPU.ActiveCfg = Debug|Any CPU
		{8CDBF701-7921-4326-A9A5-F70E7866A4E1}.Debug|Any CPU.Build.0 = Debug|Any CPU
		{8CDBF701-7921-4326-A9A5-F70E7866A4E1}.Release|Any CPU.ActiveCfg = Release|Any CPU
		{8CDBF701-7921-4326-A9A5-F70E7866A4E1}.Release|Any CPU.Build.0 = Release|Any CPU
		{4C300B68-35BD-4BE4-A4EE-B34A38041432}.Debug|Any CPU.ActiveCfg = Debug|Any CPU
		{4C300B68-35BD-4BE4-A4EE-B34A38041432}.Debug|Any CPU.Build.0 = Debug|Any CPU
		{4C300B68-35BD-4BE4-A4EE-B34A38041432}.Release|Any CPU.ActiveCfg = Release|Any CPU
		{4C300B68-35BD-4BE4-A4EE-B34A38041432}.Release|Any CPU.Build.0 = Release|Any CPU
		{2C48DB8C-4606-4FDC-8F0D-5015E52FF887}.Debug|Any CPU.ActiveCfg = Debug|Any CPU
		{2C48DB8C-4606-4FDC-8F0D-5015E52FF887}.Debug|Any CPU.Build.0 = Debug|Any CPU
		{2C48DB8C-4606-4FDC-8F0D-5015E52FF887}.Release|Any CPU.ActiveCfg = Release|Any CPU
		{2C48DB8C-4606-4FDC-8F0D-5015E52FF887}.Release|Any CPU.Build.0 = Release|Any CPU
		{6FA0602B-4B05-42F1-9842-33BAAA760D3E}.Debug|Any CPU.ActiveCfg = Debug|Any CPU
		{6FA0602B-4B05-42F1-9842-33BAAA760D3E}.Debug|Any CPU.Build.0 = Debug|Any CPU
		{6FA0602B-4B05-42F1-9842-33BAAA760D3E}.Release|Any CPU.ActiveCfg = Release|Any CPU
		{6FA0602B-4B05-42F1-9842-33BAAA760D3E}.Release|Any CPU.Build.0 = Release|Any CPU
		{6B341C61-BF96-4D41-8FF2-0913C2440B00}.Debug|Any CPU.ActiveCfg = Debug|Any CPU
		{6B341C61-BF96-4D41-8FF2-0913C2440B00}.Debug|Any CPU.Build.0 = Debug|Any CPU
		{6B341C61-BF96-4D41-8FF2-0913C2440B00}.Release|Any CPU.ActiveCfg = Release|Any CPU
		{6B341C61-BF96-4D41-8FF2-0913C2440B00}.Release|Any CPU.Build.0 = Release|Any CPU
		{501D348C-5F58-4C39-A473-90C4A3B005E7}.Debug|Any CPU.ActiveCfg = Debug|Any CPU
		{501D348C-5F58-4C39-A473-90C4A3B005E7}.Debug|Any CPU.Build.0 = Debug|Any CPU
		{501D348C-5F58-4C39-A473-90C4A3B005E7}.Release|Any CPU.ActiveCfg = Release|Any CPU
		{501D348C-5F58-4C39-A473-90C4A3B005E7}.Release|Any CPU.Build.0 = Release|Any CPU
		{E2BB0144-DF7B-4E09-BF6A-C623FB9541B4}.Debug|Any CPU.ActiveCfg = Debug|Any CPU
		{E2BB0144-DF7B-4E09-BF6A-C623FB9541B4}.Debug|Any CPU.Build.0 = Debug|Any CPU
		{E2BB0144-DF7B-4E09-BF6A-C623FB9541B4}.Release|Any CPU.ActiveCfg = Release|Any CPU
		{E2BB0144-DF7B-4E09-BF6A-C623FB9541B4}.Release|Any CPU.Build.0 = Release|Any CPU
		{F44F8ACB-61EF-4678-A73D-54505CCC08D4}.Debug|Any CPU.ActiveCfg = Debug|Any CPU
		{F44F8ACB-61EF-4678-A73D-54505CCC08D4}.Debug|Any CPU.Build.0 = Debug|Any CPU
		{F44F8ACB-61EF-4678-A73D-54505CCC08D4}.Release|Any CPU.ActiveCfg = Release|Any CPU
		{F44F8ACB-61EF-4678-A73D-54505CCC08D4}.Release|Any CPU.Build.0 = Release|Any CPU
		{EE3795B4-5D15-4D0A-91DE-08942001AEEB}.Debug|Any CPU.ActiveCfg = Debug|Any CPU
		{EE3795B4-5D15-4D0A-91DE-08942001AEEB}.Debug|Any CPU.Build.0 = Debug|Any CPU
		{EE3795B4-5D15-4D0A-91DE-08942001AEEB}.Release|Any CPU.ActiveCfg = Release|Any CPU
		{EE3795B4-5D15-4D0A-91DE-08942001AEEB}.Release|Any CPU.Build.0 = Release|Any CPU
		{A6A0A734-A98A-4B8A-901C-F3C5D192BCB2}.Debug|Any CPU.ActiveCfg = Debug|Any CPU
		{A6A0A734-A98A-4B8A-901C-F3C5D192BCB2}.Debug|Any CPU.Build.0 = Debug|Any CPU
		{A6A0A734-A98A-4B8A-901C-F3C5D192BCB2}.Release|Any CPU.ActiveCfg = Release|Any CPU
		{A6A0A734-A98A-4B8A-901C-F3C5D192BCB2}.Release|Any CPU.Build.0 = Release|Any CPU
		{46760338-F278-41A1-AE8C-3DF1ECF1A6B1}.Debug|Any CPU.ActiveCfg = Debug|Any CPU
		{46760338-F278-41A1-AE8C-3DF1ECF1A6B1}.Debug|Any CPU.Build.0 = Debug|Any CPU
		{46760338-F278-41A1-AE8C-3DF1ECF1A6B1}.Release|Any CPU.ActiveCfg = Release|Any CPU
		{46760338-F278-41A1-AE8C-3DF1ECF1A6B1}.Release|Any CPU.Build.0 = Release|Any CPU
		{5940B183-ABF8-4ABB-A2E4-ECB1B873A158}.Debug|Any CPU.ActiveCfg = Debug|Any CPU
		{5940B183-ABF8-4ABB-A2E4-ECB1B873A158}.Debug|Any CPU.Build.0 = Debug|Any CPU
		{5940B183-ABF8-4ABB-A2E4-ECB1B873A158}.Release|Any CPU.ActiveCfg = Release|Any CPU
		{5940B183-ABF8-4ABB-A2E4-ECB1B873A158}.Release|Any CPU.Build.0 = Release|Any CPU
		{C94AD159-6686-49F8-B428-7D8F42746DA5}.Debug|Any CPU.ActiveCfg = Debug|Any CPU
		{C94AD159-6686-49F8-B428-7D8F42746DA5}.Debug|Any CPU.Build.0 = Debug|Any CPU
		{C94AD159-6686-49F8-B428-7D8F42746DA5}.Release|Any CPU.ActiveCfg = Release|Any CPU
		{C94AD159-6686-49F8-B428-7D8F42746DA5}.Release|Any CPU.Build.0 = Release|Any CPU
		{724F88EB-ADF4-4D09-B6EA-DC2A285B610D}.Debug|Any CPU.ActiveCfg = Debug|Any CPU
		{724F88EB-ADF4-4D09-B6EA-DC2A285B610D}.Debug|Any CPU.Build.0 = Debug|Any CPU
		{724F88EB-ADF4-4D09-B6EA-DC2A285B610D}.Release|Any CPU.ActiveCfg = Release|Any CPU
		{724F88EB-ADF4-4D09-B6EA-DC2A285B610D}.Release|Any CPU.Build.0 = Release|Any CPU
		{058EAB09-29C6-48DA-830A-B53669A03637}.Debug|Any CPU.ActiveCfg = Debug|Any CPU
		{058EAB09-29C6-48DA-830A-B53669A03637}.Debug|Any CPU.Build.0 = Debug|Any CPU
		{058EAB09-29C6-48DA-830A-B53669A03637}.Release|Any CPU.ActiveCfg = Release|Any CPU
		{058EAB09-29C6-48DA-830A-B53669A03637}.Release|Any CPU.Build.0 = Release|Any CPU
		{1B373907-EC71-40F1-813E-FFC7771F336B}.Debug|Any CPU.ActiveCfg = Debug|Any CPU
		{1B373907-EC71-40F1-813E-FFC7771F336B}.Debug|Any CPU.Build.0 = Debug|Any CPU
		{1B373907-EC71-40F1-813E-FFC7771F336B}.Release|Any CPU.ActiveCfg = Release|Any CPU
		{1B373907-EC71-40F1-813E-FFC7771F336B}.Release|Any CPU.Build.0 = Release|Any CPU
		{9904F042-B92B-40FD-9AC9-692ECE61EF66}.Debug|Any CPU.ActiveCfg = Debug|Any CPU
		{9904F042-B92B-40FD-9AC9-692ECE61EF66}.Debug|Any CPU.Build.0 = Debug|Any CPU
		{9904F042-B92B-40FD-9AC9-692ECE61EF66}.Release|Any CPU.ActiveCfg = Release|Any CPU
		{9904F042-B92B-40FD-9AC9-692ECE61EF66}.Release|Any CPU.Build.0 = Release|Any CPU
		{7E42146D-3771-4B27-B195-E0ACC19D6A1D}.Debug|Any CPU.ActiveCfg = Debug|Any CPU
		{7E42146D-3771-4B27-B195-E0ACC19D6A1D}.Debug|Any CPU.Build.0 = Debug|Any CPU
		{7E42146D-3771-4B27-B195-E0ACC19D6A1D}.Release|Any CPU.ActiveCfg = Release|Any CPU
		{7E42146D-3771-4B27-B195-E0ACC19D6A1D}.Release|Any CPU.Build.0 = Release|Any CPU
		{FBAEFA92-D332-4A05-8C37-1BE014A4A706}.Debug|Any CPU.ActiveCfg = Debug|Any CPU
		{FBAEFA92-D332-4A05-8C37-1BE014A4A706}.Debug|Any CPU.Build.0 = Debug|Any CPU
		{FBAEFA92-D332-4A05-8C37-1BE014A4A706}.Release|Any CPU.ActiveCfg = Release|Any CPU
		{FBAEFA92-D332-4A05-8C37-1BE014A4A706}.Release|Any CPU.Build.0 = Release|Any CPU
		{FF2FDF27-37F2-49E6-A793-55B24CFC9EBA}.Debug|Any CPU.ActiveCfg = Debug|Any CPU
		{FF2FDF27-37F2-49E6-A793-55B24CFC9EBA}.Debug|Any CPU.Build.0 = Debug|Any CPU
		{FF2FDF27-37F2-49E6-A793-55B24CFC9EBA}.Release|Any CPU.ActiveCfg = Release|Any CPU
		{FF2FDF27-37F2-49E6-A793-55B24CFC9EBA}.Release|Any CPU.Build.0 = Release|Any CPU
		{B2A9AD64-FEA3-4276-BBDB-838F90063B5D}.Debug|Any CPU.ActiveCfg = Debug|Any CPU
		{B2A9AD64-FEA3-4276-BBDB-838F90063B5D}.Debug|Any CPU.Build.0 = Debug|Any CPU
		{B2A9AD64-FEA3-4276-BBDB-838F90063B5D}.Release|Any CPU.ActiveCfg = Release|Any CPU
		{B2A9AD64-FEA3-4276-BBDB-838F90063B5D}.Release|Any CPU.Build.0 = Release|Any CPU
		{3745435C-E69C-4956-9D0E-51E3399C4887}.Debug|Any CPU.ActiveCfg = Debug|Any CPU
		{3745435C-E69C-4956-9D0E-51E3399C4887}.Debug|Any CPU.Build.0 = Debug|Any CPU
		{3745435C-E69C-4956-9D0E-51E3399C4887}.Release|Any CPU.ActiveCfg = Release|Any CPU
		{3745435C-E69C-4956-9D0E-51E3399C4887}.Release|Any CPU.Build.0 = Release|Any CPU
		{C551F6AF-7312-47B1-8E8E-D7FB75596BFB}.Debug|Any CPU.ActiveCfg = Debug|Any CPU
		{C551F6AF-7312-47B1-8E8E-D7FB75596BFB}.Debug|Any CPU.Build.0 = Debug|Any CPU
		{C551F6AF-7312-47B1-8E8E-D7FB75596BFB}.Release|Any CPU.ActiveCfg = Release|Any CPU
		{C551F6AF-7312-47B1-8E8E-D7FB75596BFB}.Release|Any CPU.Build.0 = Release|Any CPU
		{AD8ADEA1-5CE2-4706-B3AE-DA3B700CC453}.Debug|Any CPU.ActiveCfg = Debug|Any CPU
		{AD8ADEA1-5CE2-4706-B3AE-DA3B700CC453}.Debug|Any CPU.Build.0 = Debug|Any CPU
		{AD8ADEA1-5CE2-4706-B3AE-DA3B700CC453}.Release|Any CPU.ActiveCfg = Release|Any CPU
		{AD8ADEA1-5CE2-4706-B3AE-DA3B700CC453}.Release|Any CPU.Build.0 = Release|Any CPU
		{0E38A332-FC41-4776-97EB-9B51F212ED0C}.Debug|Any CPU.ActiveCfg = Debug|Any CPU
		{0E38A332-FC41-4776-97EB-9B51F212ED0C}.Debug|Any CPU.Build.0 = Debug|Any CPU
		{0E38A332-FC41-4776-97EB-9B51F212ED0C}.Release|Any CPU.ActiveCfg = Release|Any CPU
		{0E38A332-FC41-4776-97EB-9B51F212ED0C}.Release|Any CPU.Build.0 = Release|Any CPU
		{80BFE7AA-EEFE-41D1-920B-936E148A2655}.Debug|Any CPU.ActiveCfg = Debug|Any CPU
		{80BFE7AA-EEFE-41D1-920B-936E148A2655}.Debug|Any CPU.Build.0 = Debug|Any CPU
		{80BFE7AA-EEFE-41D1-920B-936E148A2655}.Release|Any CPU.ActiveCfg = Release|Any CPU
		{80BFE7AA-EEFE-41D1-920B-936E148A2655}.Release|Any CPU.Build.0 = Release|Any CPU
		{4BCA065B-DCC3-43FA-A9AD-16E8E03E0573}.Debug|Any CPU.ActiveCfg = Debug|Any CPU
		{4BCA065B-DCC3-43FA-A9AD-16E8E03E0573}.Debug|Any CPU.Build.0 = Debug|Any CPU
		{4BCA065B-DCC3-43FA-A9AD-16E8E03E0573}.Release|Any CPU.ActiveCfg = Release|Any CPU
		{4BCA065B-DCC3-43FA-A9AD-16E8E03E0573}.Release|Any CPU.Build.0 = Release|Any CPU
		{E1868596-AA0B-4E33-97A1-9065736F7D08}.Debug|Any CPU.ActiveCfg = Debug|Any CPU
		{E1868596-AA0B-4E33-97A1-9065736F7D08}.Debug|Any CPU.Build.0 = Debug|Any CPU
		{E1868596-AA0B-4E33-97A1-9065736F7D08}.Release|Any CPU.ActiveCfg = Release|Any CPU
		{E1868596-AA0B-4E33-97A1-9065736F7D08}.Release|Any CPU.Build.0 = Release|Any CPU
		{28D0A986-3E92-4ED6-99A8-41BB95BC29CD}.Debug|Any CPU.ActiveCfg = Debug|Any CPU
		{28D0A986-3E92-4ED6-99A8-41BB95BC29CD}.Debug|Any CPU.Build.0 = Debug|Any CPU
		{28D0A986-3E92-4ED6-99A8-41BB95BC29CD}.Release|Any CPU.ActiveCfg = Release|Any CPU
		{28D0A986-3E92-4ED6-99A8-41BB95BC29CD}.Release|Any CPU.Build.0 = Release|Any CPU
		{A5CB4F5E-D78C-49EC-A308-A5856FF7A124}.Debug|Any CPU.ActiveCfg = Debug|Any CPU
		{A5CB4F5E-D78C-49EC-A308-A5856FF7A124}.Debug|Any CPU.Build.0 = Debug|Any CPU
		{A5CB4F5E-D78C-49EC-A308-A5856FF7A124}.Release|Any CPU.ActiveCfg = Release|Any CPU
		{A5CB4F5E-D78C-49EC-A308-A5856FF7A124}.Release|Any CPU.Build.0 = Release|Any CPU
		{6117786C-0776-4523-9FA2-4F6C3389C603}.Debug|Any CPU.ActiveCfg = Debug|Any CPU
		{6117786C-0776-4523-9FA2-4F6C3389C603}.Debug|Any CPU.Build.0 = Debug|Any CPU
		{6117786C-0776-4523-9FA2-4F6C3389C603}.Release|Any CPU.ActiveCfg = Release|Any CPU
		{6117786C-0776-4523-9FA2-4F6C3389C603}.Release|Any CPU.Build.0 = Release|Any CPU
		{DD93B315-B289-45D2-A67E-63FAFF0F7FE9}.Debug|Any CPU.ActiveCfg = Debug|Any CPU
		{DD93B315-B289-45D2-A67E-63FAFF0F7FE9}.Debug|Any CPU.Build.0 = Debug|Any CPU
		{DD93B315-B289-45D2-A67E-63FAFF0F7FE9}.Release|Any CPU.ActiveCfg = Release|Any CPU
		{DD93B315-B289-45D2-A67E-63FAFF0F7FE9}.Release|Any CPU.Build.0 = Release|Any CPU
		{75F737CE-0D62-48D3-8908-90B60CA47697}.Debug|Any CPU.ActiveCfg = Debug|Any CPU
		{75F737CE-0D62-48D3-8908-90B60CA47697}.Debug|Any CPU.Build.0 = Debug|Any CPU
		{75F737CE-0D62-48D3-8908-90B60CA47697}.Release|Any CPU.ActiveCfg = Release|Any CPU
		{75F737CE-0D62-48D3-8908-90B60CA47697}.Release|Any CPU.Build.0 = Release|Any CPU
		{B756444A-C846-4E68-B825-8B5C6AE1048F}.Debug|Any CPU.ActiveCfg = Debug|Any CPU
		{B756444A-C846-4E68-B825-8B5C6AE1048F}.Debug|Any CPU.Build.0 = Debug|Any CPU
		{B756444A-C846-4E68-B825-8B5C6AE1048F}.Release|Any CPU.ActiveCfg = Release|Any CPU
		{B756444A-C846-4E68-B825-8B5C6AE1048F}.Release|Any CPU.Build.0 = Release|Any CPU
		{2406F721-9EC7-40DA-84E0-4077D9971CBF}.Debug|Any CPU.ActiveCfg = Debug|Any CPU
		{2406F721-9EC7-40DA-84E0-4077D9971CBF}.Debug|Any CPU.Build.0 = Debug|Any CPU
		{2406F721-9EC7-40DA-84E0-4077D9971CBF}.Release|Any CPU.ActiveCfg = Release|Any CPU
		{2406F721-9EC7-40DA-84E0-4077D9971CBF}.Release|Any CPU.Build.0 = Release|Any CPU
		{3BA91131-C54C-45D0-B75F-E0368E2E5F35}.Debug|Any CPU.ActiveCfg = Debug|Any CPU
		{3BA91131-C54C-45D0-B75F-E0368E2E5F35}.Debug|Any CPU.Build.0 = Debug|Any CPU
		{3BA91131-C54C-45D0-B75F-E0368E2E5F35}.Release|Any CPU.ActiveCfg = Release|Any CPU
		{3BA91131-C54C-45D0-B75F-E0368E2E5F35}.Release|Any CPU.Build.0 = Release|Any CPU
		{21F4067D-D200-4456-B775-01658FF03C17}.Debug|Any CPU.ActiveCfg = Debug|Any CPU
		{21F4067D-D200-4456-B775-01658FF03C17}.Debug|Any CPU.Build.0 = Debug|Any CPU
		{21F4067D-D200-4456-B775-01658FF03C17}.Release|Any CPU.ActiveCfg = Release|Any CPU
		{21F4067D-D200-4456-B775-01658FF03C17}.Release|Any CPU.Build.0 = Release|Any CPU
		{88C6757E-E0B7-48A7-864D-C5B3FFCF25EE}.Debug|Any CPU.ActiveCfg = Debug|Any CPU
		{88C6757E-E0B7-48A7-864D-C5B3FFCF25EE}.Debug|Any CPU.Build.0 = Debug|Any CPU
		{88C6757E-E0B7-48A7-864D-C5B3FFCF25EE}.Release|Any CPU.ActiveCfg = Release|Any CPU
		{88C6757E-E0B7-48A7-864D-C5B3FFCF25EE}.Release|Any CPU.Build.0 = Release|Any CPU
		{65E2184E-DD49-4719-825E-F6B147B6FD73}.Debug|Any CPU.ActiveCfg = Debug|Any CPU
		{65E2184E-DD49-4719-825E-F6B147B6FD73}.Debug|Any CPU.Build.0 = Debug|Any CPU
		{65E2184E-DD49-4719-825E-F6B147B6FD73}.Release|Any CPU.ActiveCfg = Release|Any CPU
		{65E2184E-DD49-4719-825E-F6B147B6FD73}.Release|Any CPU.Build.0 = Release|Any CPU
		{03AC3569-39E7-46E3-B5E5-300E150B6E54}.Debug|Any CPU.ActiveCfg = Debug|Any CPU
		{03AC3569-39E7-46E3-B5E5-300E150B6E54}.Debug|Any CPU.Build.0 = Debug|Any CPU
		{03AC3569-39E7-46E3-B5E5-300E150B6E54}.Release|Any CPU.ActiveCfg = Release|Any CPU
		{03AC3569-39E7-46E3-B5E5-300E150B6E54}.Release|Any CPU.Build.0 = Release|Any CPU
		{5F2E4014-67CD-4245-A489-45EFD40F3B21}.Debug|Any CPU.ActiveCfg = Debug|Any CPU
		{5F2E4014-67CD-4245-A489-45EFD40F3B21}.Debug|Any CPU.Build.0 = Debug|Any CPU
		{5F2E4014-67CD-4245-A489-45EFD40F3B21}.Release|Any CPU.ActiveCfg = Release|Any CPU
		{5F2E4014-67CD-4245-A489-45EFD40F3B21}.Release|Any CPU.Build.0 = Release|Any CPU
		{23E6455A-77CE-4D9D-AD09-8939F0C0E17B}.Debug|Any CPU.ActiveCfg = Debug|Any CPU
		{23E6455A-77CE-4D9D-AD09-8939F0C0E17B}.Debug|Any CPU.Build.0 = Debug|Any CPU
		{23E6455A-77CE-4D9D-AD09-8939F0C0E17B}.Release|Any CPU.ActiveCfg = Release|Any CPU
		{23E6455A-77CE-4D9D-AD09-8939F0C0E17B}.Release|Any CPU.Build.0 = Release|Any CPU
		{BD962C7D-9DB8-410F-AE76-A21F321C6559}.Debug|Any CPU.ActiveCfg = Debug|Any CPU
		{BD962C7D-9DB8-410F-AE76-A21F321C6559}.Debug|Any CPU.Build.0 = Debug|Any CPU
		{BD962C7D-9DB8-410F-AE76-A21F321C6559}.Release|Any CPU.ActiveCfg = Release|Any CPU
		{BD962C7D-9DB8-410F-AE76-A21F321C6559}.Release|Any CPU.Build.0 = Release|Any CPU
		{91315627-CB4A-4551-B707-B95A350D7B46}.Debug|Any CPU.ActiveCfg = Debug|Any CPU
		{91315627-CB4A-4551-B707-B95A350D7B46}.Debug|Any CPU.Build.0 = Debug|Any CPU
		{91315627-CB4A-4551-B707-B95A350D7B46}.Release|Any CPU.ActiveCfg = Release|Any CPU
		{91315627-CB4A-4551-B707-B95A350D7B46}.Release|Any CPU.Build.0 = Release|Any CPU
		{05F41CC6-51B0-47F6-859C-480982334DB0}.Debug|Any CPU.ActiveCfg = Debug|Any CPU
		{05F41CC6-51B0-47F6-859C-480982334DB0}.Debug|Any CPU.Build.0 = Debug|Any CPU
		{05F41CC6-51B0-47F6-859C-480982334DB0}.Release|Any CPU.ActiveCfg = Release|Any CPU
		{05F41CC6-51B0-47F6-859C-480982334DB0}.Release|Any CPU.Build.0 = Release|Any CPU
		{BA0D9BBE-CA6B-46CE-B322-488DD042F0D0}.Debug|Any CPU.ActiveCfg = Debug|Any CPU
		{BA0D9BBE-CA6B-46CE-B322-488DD042F0D0}.Debug|Any CPU.Build.0 = Debug|Any CPU
		{BA0D9BBE-CA6B-46CE-B322-488DD042F0D0}.Release|Any CPU.ActiveCfg = Release|Any CPU
		{BA0D9BBE-CA6B-46CE-B322-488DD042F0D0}.Release|Any CPU.Build.0 = Release|Any CPU
		{F506532F-EE9B-42AD-B11E-04469B4C7392}.Debug|Any CPU.ActiveCfg = Debug|Any CPU
		{F506532F-EE9B-42AD-B11E-04469B4C7392}.Debug|Any CPU.Build.0 = Debug|Any CPU
		{F506532F-EE9B-42AD-B11E-04469B4C7392}.Release|Any CPU.ActiveCfg = Release|Any CPU
		{F506532F-EE9B-42AD-B11E-04469B4C7392}.Release|Any CPU.Build.0 = Release|Any CPU
		{1E343BDC-A772-4554-9434-06D75E059A8B}.Debug|Any CPU.ActiveCfg = Debug|Any CPU
		{1E343BDC-A772-4554-9434-06D75E059A8B}.Debug|Any CPU.Build.0 = Debug|Any CPU
		{1E343BDC-A772-4554-9434-06D75E059A8B}.Release|Any CPU.ActiveCfg = Release|Any CPU
		{1E343BDC-A772-4554-9434-06D75E059A8B}.Release|Any CPU.Build.0 = Release|Any CPU
		{A5DD009C-7225-4988-B0B0-93C6C51F1538}.Debug|Any CPU.ActiveCfg = Debug|Any CPU
		{A5DD009C-7225-4988-B0B0-93C6C51F1538}.Debug|Any CPU.Build.0 = Debug|Any CPU
		{A5DD009C-7225-4988-B0B0-93C6C51F1538}.Release|Any CPU.ActiveCfg = Release|Any CPU
		{A5DD009C-7225-4988-B0B0-93C6C51F1538}.Release|Any CPU.Build.0 = Release|Any CPU
		{73DE28BA-C66C-4C75-B5A6-DE1F334D7A66}.Debug|Any CPU.ActiveCfg = Debug|Any CPU
		{73DE28BA-C66C-4C75-B5A6-DE1F334D7A66}.Debug|Any CPU.Build.0 = Debug|Any CPU
		{73DE28BA-C66C-4C75-B5A6-DE1F334D7A66}.Release|Any CPU.ActiveCfg = Release|Any CPU
		{73DE28BA-C66C-4C75-B5A6-DE1F334D7A66}.Release|Any CPU.Build.0 = Release|Any CPU
		{BEBB6173-F50D-4244-983C-8622C48FC4A1}.Debug|Any CPU.ActiveCfg = Debug|Any CPU
		{BEBB6173-F50D-4244-983C-8622C48FC4A1}.Debug|Any CPU.Build.0 = Debug|Any CPU
		{BEBB6173-F50D-4244-983C-8622C48FC4A1}.Release|Any CPU.ActiveCfg = Release|Any CPU
		{BEBB6173-F50D-4244-983C-8622C48FC4A1}.Release|Any CPU.Build.0 = Release|Any CPU
		{070AB12D-E0AF-46D5-972C-A690A0A6953F}.Debug|Any CPU.ActiveCfg = Debug|Any CPU
		{070AB12D-E0AF-46D5-972C-A690A0A6953F}.Debug|Any CPU.Build.0 = Debug|Any CPU
		{070AB12D-E0AF-46D5-972C-A690A0A6953F}.Release|Any CPU.ActiveCfg = Release|Any CPU
		{070AB12D-E0AF-46D5-972C-A690A0A6953F}.Release|Any CPU.Build.0 = Release|Any CPU
		{42C098A5-3CE7-4553-85EA-4A38E23C47FB}.Debug|Any CPU.ActiveCfg = Debug|Any CPU
		{42C098A5-3CE7-4553-85EA-4A38E23C47FB}.Debug|Any CPU.Build.0 = Debug|Any CPU
		{42C098A5-3CE7-4553-85EA-4A38E23C47FB}.Release|Any CPU.ActiveCfg = Release|Any CPU
		{42C098A5-3CE7-4553-85EA-4A38E23C47FB}.Release|Any CPU.Build.0 = Release|Any CPU
		{8347965C-338C-4711-9377-7698A29F3137}.Debug|Any CPU.ActiveCfg = Debug|Any CPU
		{8347965C-338C-4711-9377-7698A29F3137}.Debug|Any CPU.Build.0 = Debug|Any CPU
		{8347965C-338C-4711-9377-7698A29F3137}.Release|Any CPU.ActiveCfg = Release|Any CPU
		{8347965C-338C-4711-9377-7698A29F3137}.Release|Any CPU.Build.0 = Release|Any CPU
		{77CA53E3-B118-422C-A4EA-4AFB731F846B}.Debug|Any CPU.ActiveCfg = Debug|Any CPU
		{77CA53E3-B118-422C-A4EA-4AFB731F846B}.Debug|Any CPU.Build.0 = Debug|Any CPU
		{77CA53E3-B118-422C-A4EA-4AFB731F846B}.Release|Any CPU.ActiveCfg = Release|Any CPU
		{77CA53E3-B118-422C-A4EA-4AFB731F846B}.Release|Any CPU.Build.0 = Release|Any CPU
		{8939A259-4282-403E-9ECE-9A89C98C6E0D}.Debug|Any CPU.ActiveCfg = Debug|Any CPU
		{8939A259-4282-403E-9ECE-9A89C98C6E0D}.Debug|Any CPU.Build.0 = Debug|Any CPU
		{8939A259-4282-403E-9ECE-9A89C98C6E0D}.Release|Any CPU.ActiveCfg = Release|Any CPU
		{8939A259-4282-403E-9ECE-9A89C98C6E0D}.Release|Any CPU.Build.0 = Release|Any CPU
		{835BD5D6-126A-4BFB-87C5-655566C7C918}.Debug|Any CPU.ActiveCfg = Debug|Any CPU
		{835BD5D6-126A-4BFB-87C5-655566C7C918}.Debug|Any CPU.Build.0 = Debug|Any CPU
		{835BD5D6-126A-4BFB-87C5-655566C7C918}.Release|Any CPU.ActiveCfg = Release|Any CPU
		{835BD5D6-126A-4BFB-87C5-655566C7C918}.Release|Any CPU.Build.0 = Release|Any CPU
		{27F4C359-C308-43CB-A6BA-A0CBB98304F9}.Debug|Any CPU.ActiveCfg = Debug|Any CPU
		{27F4C359-C308-43CB-A6BA-A0CBB98304F9}.Debug|Any CPU.Build.0 = Debug|Any CPU
		{27F4C359-C308-43CB-A6BA-A0CBB98304F9}.Release|Any CPU.ActiveCfg = Release|Any CPU
		{27F4C359-C308-43CB-A6BA-A0CBB98304F9}.Release|Any CPU.Build.0 = Release|Any CPU
		{237CAA94-F96C-4989-BF67-C8D6F380502E}.Debug|Any CPU.ActiveCfg = Debug|Any CPU
		{237CAA94-F96C-4989-BF67-C8D6F380502E}.Debug|Any CPU.Build.0 = Debug|Any CPU
		{237CAA94-F96C-4989-BF67-C8D6F380502E}.Release|Any CPU.ActiveCfg = Release|Any CPU
		{237CAA94-F96C-4989-BF67-C8D6F380502E}.Release|Any CPU.Build.0 = Release|Any CPU
		{2E8B216C-E7CA-4A19-9C0E-16B4F32EED36}.Debug|Any CPU.ActiveCfg = Debug|Any CPU
		{2E8B216C-E7CA-4A19-9C0E-16B4F32EED36}.Debug|Any CPU.Build.0 = Debug|Any CPU
		{2E8B216C-E7CA-4A19-9C0E-16B4F32EED36}.Release|Any CPU.ActiveCfg = Release|Any CPU
		{2E8B216C-E7CA-4A19-9C0E-16B4F32EED36}.Release|Any CPU.Build.0 = Release|Any CPU
		{12CFCD88-056D-4C46-B7C3-B955C6F8A8FC}.Debug|Any CPU.ActiveCfg = Debug|Any CPU
		{12CFCD88-056D-4C46-B7C3-B955C6F8A8FC}.Debug|Any CPU.Build.0 = Debug|Any CPU
		{12CFCD88-056D-4C46-B7C3-B955C6F8A8FC}.Release|Any CPU.ActiveCfg = Release|Any CPU
		{12CFCD88-056D-4C46-B7C3-B955C6F8A8FC}.Release|Any CPU.Build.0 = Release|Any CPU
		{3F3AF907-A50F-4AAE-9232-62B287DE1F9F}.Debug|Any CPU.ActiveCfg = Debug|Any CPU
		{3F3AF907-A50F-4AAE-9232-62B287DE1F9F}.Debug|Any CPU.Build.0 = Debug|Any CPU
		{3F3AF907-A50F-4AAE-9232-62B287DE1F9F}.Release|Any CPU.ActiveCfg = Release|Any CPU
		{3F3AF907-A50F-4AAE-9232-62B287DE1F9F}.Release|Any CPU.Build.0 = Release|Any CPU
		{C5B47C21-FAE1-4CFC-8BBA-6CCA763B596D}.Debug|Any CPU.ActiveCfg = Debug|Any CPU
		{C5B47C21-FAE1-4CFC-8BBA-6CCA763B596D}.Debug|Any CPU.Build.0 = Debug|Any CPU
		{C5B47C21-FAE1-4CFC-8BBA-6CCA763B596D}.Release|Any CPU.ActiveCfg = Release|Any CPU
		{C5B47C21-FAE1-4CFC-8BBA-6CCA763B596D}.Release|Any CPU.Build.0 = Release|Any CPU
		{30343CB1-4443-40B9-A351-E348648D0808}.Debug|Any CPU.ActiveCfg = Debug|Any CPU
		{30343CB1-4443-40B9-A351-E348648D0808}.Debug|Any CPU.Build.0 = Debug|Any CPU
		{30343CB1-4443-40B9-A351-E348648D0808}.Release|Any CPU.ActiveCfg = Release|Any CPU
		{30343CB1-4443-40B9-A351-E348648D0808}.Release|Any CPU.Build.0 = Release|Any CPU
		{4AA0F582-8015-4F55-AA78-700636FD384C}.Debug|Any CPU.ActiveCfg = Debug|Any CPU
		{4AA0F582-8015-4F55-AA78-700636FD384C}.Debug|Any CPU.Build.0 = Debug|Any CPU
		{4AA0F582-8015-4F55-AA78-700636FD384C}.Release|Any CPU.ActiveCfg = Release|Any CPU
		{4AA0F582-8015-4F55-AA78-700636FD384C}.Release|Any CPU.Build.0 = Release|Any CPU
	EndGlobalSection
	GlobalSection(SolutionProperties) = preSolution
		HideSolutionNode = FALSE
	EndGlobalSection
	GlobalSection(ExtensibilityGlobals) = postSolution
		SolutionGuid = {C4761D9A-700D-44B9-BC92-5816557DF374}
	EndGlobalSection
EndGlobal
