
Microsoft Visual Studio Solution File, Format Version 12.00
# Visual Studio Version 17
VisualStudioVersion = 17.2.32630.192
MinimumVisualStudioVersion = 10.0.40219.1
Project("{9A19103F-16F7-4668-BE54-9A1E7A4F7556}") = "R5T.O0016.Construction", "R5T.O0016.Construction\R5T.O0016.Construction.csproj", "{0FF4FBD8-A6F1-4104-BAB9-976FD61C3DF3}"
EndProject
Project("{9A19103F-16F7-4668-BE54-9A1E7A4F7556}") = "R5T.O0016", "R5T.O0016\R5T.O0016.csproj", "{2E3EBE38-6BA4-4CCF-8379-81289CD2B119}"
EndProject
Global
	GlobalSection(SolutionConfigurationPlatforms) = preSolution
		Debug|Any CPU = Debug|Any CPU
		Release|Any CPU = Release|Any CPU
	EndGlobalSection
	GlobalSection(ProjectConfigurationPlatforms) = postSolution
		{0FF4FBD8-A6F1-4104-BAB9-976FD61C3DF3}.Debug|Any CPU.ActiveCfg = Debug|Any CPU
		{0FF4FBD8-A6F1-4104-BAB9-976FD61C3DF3}.Debug|Any CPU.Build.0 = Debug|Any CPU
		{0FF4FBD8-A6F1-4104-BAB9-976FD61C3DF3}.Release|Any CPU.ActiveCfg = Release|Any CPU
		{0FF4FBD8-A6F1-4104-BAB9-976FD61C3DF3}.Release|Any CPU.Build.0 = Release|Any CPU
		{2E3EBE38-6BA4-4CCF-8379-81289CD2B119}.Debug|Any CPU.ActiveCfg = Debug|Any CPU
		{2E3EBE38-6BA4-4CCF-8379-81289CD2B119}.Debug|Any CPU.Build.0 = Debug|Any CPU
		{2E3EBE38-6BA4-4CCF-8379-81289CD2B119}.Release|Any CPU.ActiveCfg = Release|Any CPU
		{2E3EBE38-6BA4-4CCF-8379-81289CD2B119}.Release|Any CPU.Build.0 = Release|Any CPU
	EndGlobalSection
	GlobalSection(SolutionProperties) = preSolution
		HideSolutionNode = FALSE
	EndGlobalSection
	GlobalSection(ExtensibilityGlobals) = postSolution
		SolutionGuid = {047CFE23-9D47-41E1-B066-08860F30BDC2}
	EndGlobalSection
EndGlobal
