
Microsoft Visual Studio Solution File, Format Version 12.00
# Visual Studio Version 17
VisualStudioVersion = 17.2.32630.192
MinimumVisualStudioVersion = 10.0.40219.1
Project("{9A19103F-16F7-4668-BE54-9A1E7A4F7556}") = "R5T.O0016.Construction", "R5T.O0016.Construction\R5T.O0016.Construction.csproj", "{0FF4FBD8-A6F1-4104-BAB9-976FD61C3DF3}"
EndProject
Project("{9A19103F-16F7-4668-BE54-9A1E7A4F7556}") = "R5T.O0016", "R5T.O0016\R5T.O0016.csproj", "{2E3EBE38-6BA4-4CCF-8379-81289CD2B119}"
EndProject
Project("{2150E333-8FDC-42A3-9474-1A3956D46DE8}") = "_Dependencies", "_Dependencies", "{B89B839B-3372-46C2-9EE8-DFF6E107D62C}"
EndProject
Project("{9A19103F-16F7-4668-BE54-9A1E7A4F7556}") = "R5T.F0000", "..\..\R5T.F0000\source\R5T.F0000\R5T.F0000.csproj", "{ECBBA61F-169D-43CA-8B7C-418FD1465D0D}"
EndProject
Project("{9A19103F-16F7-4668-BE54-9A1E7A4F7556}") = "R5T.F0002", "..\..\R5T.F0002\source\R5T.F0002\R5T.F0002.csproj", "{DCD3AA02-E72C-47BA-BC3E-D77EC9C79FE5}"
EndProject
Project("{9A19103F-16F7-4668-BE54-9A1E7A4F7556}") = "R5T.F0019", "..\..\R5T.F0019\source\R5T.F0019\R5T.F0019.csproj", "{317BD6FC-59BA-47E8-AA24-FCC6D9F3F4B8}"
EndProject
Project("{9A19103F-16F7-4668-BE54-9A1E7A4F7556}") = "R5T.F0024.T001", "..\..\R5T.F0024\source\R5T.F0024.T001\R5T.F0024.T001.csproj", "{8276EE0F-8AFA-4406-BD2A-0D8ACFD18932}"
EndProject
Project("{9A19103F-16F7-4668-BE54-9A1E7A4F7556}") = "R5T.F0024", "..\..\R5T.F0024\source\R5T.F0024\R5T.F0024.csproj", "{4FF32AC0-669B-471B-A87B-667C19A9F1A8}"
EndProject
Project("{9A19103F-16F7-4668-BE54-9A1E7A4F7556}") = "R5T.F0032", "..\..\R5T.F0032\source\R5T.F0032\R5T.F0032.csproj", "{FC87834F-BF59-45E2-BF4A-6BE36A1A0F9D}"
EndProject
Project("{9A19103F-16F7-4668-BE54-9A1E7A4F7556}") = "R5T.F0035.F001", "..\..\R5T.F0035\source\R5T.F0035.F001\R5T.F0035.F001.csproj", "{04E5FD2D-0D4E-427A-8989-0C62667058DD}"
EndProject
Project("{9A19103F-16F7-4668-BE54-9A1E7A4F7556}") = "R5T.F0041", "..\..\R5T.F0041\source\R5T.F0041\R5T.F0041.csproj", "{591727F3-4B78-4B5A-A664-29F838E4B370}"
EndProject
Project("{9A19103F-16F7-4668-BE54-9A1E7A4F7556}") = "R5T.F0042.F001", "..\..\R5T.F0042\source\R5T.F0042.F001\R5T.F0042.F001.csproj", "{317C699C-96B6-443B-A6B3-EF421FA3A219}"
EndProject
Project("{9A19103F-16F7-4668-BE54-9A1E7A4F7556}") = "R5T.F0042.F002", "..\..\R5T.F0042\source\R5T.F0042.F002\R5T.F0042.F002.csproj", "{1D556E6A-B0FB-4D00-B461-00D63DCBED0B}"
EndProject
Project("{9A19103F-16F7-4668-BE54-9A1E7A4F7556}") = "R5T.F0042", "..\..\R5T.F0042\source\R5T.F0042\R5T.F0042.csproj", "{4B791D53-151D-4AAD-8369-E088E0F4629D}"
EndProject
Project("{9A19103F-16F7-4668-BE54-9A1E7A4F7556}") = "R5T.F0044", "..\..\R5T.F0044\source\R5T.F0044\R5T.F0044.csproj", "{288DCA71-0284-4AF5-9340-5F1243B5764B}"
EndProject
Project("{9A19103F-16F7-4668-BE54-9A1E7A4F7556}") = "R5T.F0046", "..\..\R5T.F0046\source\R5T.F0046\R5T.F0046.csproj", "{84130E32-EB09-4C28-9325-759956359609}"
EndProject
Project("{9A19103F-16F7-4668-BE54-9A1E7A4F7556}") = "R5T.F0047", "..\..\R5T.F0047\source\R5T.F0047\R5T.F0047.csproj", "{E9C11BF9-96CB-4B89-B1D7-F97BA256236E}"
EndProject
Project("{9A19103F-16F7-4668-BE54-9A1E7A4F7556}") = "R5T.F0057", "..\..\R5T.F0057\source\R5T.F0057\R5T.F0057.csproj", "{386AC7E1-1CF6-46AF-9B6E-E1DA622B7164}"
EndProject
Project("{9A19103F-16F7-4668-BE54-9A1E7A4F7556}") = "R5T.F0059", "..\..\R5T.F0059\source\R5T.F0059\R5T.F0059.csproj", "{96E43F74-188A-4C67-BBD7-B5F87BD8693E}"
EndProject
Project("{9A19103F-16F7-4668-BE54-9A1E7A4F7556}") = "R5T.F0091", "..\..\R5T.F0091\source\R5T.F0091\R5T.F0091.csproj", "{6EB2EF15-6817-411B-AA82-8193BB635754}"
EndProject
Project("{9A19103F-16F7-4668-BE54-9A1E7A4F7556}") = "R5T.F0120", "..\..\R5T.F0120\source\R5T.F0120\R5T.F0120.csproj", "{85E1E908-1883-4864-884F-7423C3321FAC}"
EndProject
Project("{9A19103F-16F7-4668-BE54-9A1E7A4F7556}") = "R5T.F0124", "..\..\R5T.F0124\source\R5T.F0124\R5T.F0124.csproj", "{F6966944-CA65-45C2-9993-A5500AF2B4E1}"
EndProject
Project("{9A19103F-16F7-4668-BE54-9A1E7A4F7556}") = "R5T.F0125", "..\..\R5T.F0125\source\R5T.F0125\R5T.F0125.csproj", "{15696A3E-53C7-4359-A61D-A8ABD470040D}"
EndProject
Project("{9A19103F-16F7-4668-BE54-9A1E7A4F7556}") = "R5T.F0126", "..\..\R5T.F0126\source\R5T.F0126\R5T.F0126.csproj", "{D22CA387-C0A3-495B-A297-B29D130A1B71}"
EndProject
Project("{9A19103F-16F7-4668-BE54-9A1E7A4F7556}") = "R5T.F0129", "..\..\R5T.F0129\source\R5T.F0129\R5T.F0129.csproj", "{03D63417-EFC5-486A-BFF1-F0570960AB81}"
EndProject
Project("{9A19103F-16F7-4668-BE54-9A1E7A4F7556}") = "R5T.F0130", "..\..\R5T.F0130\source\R5T.F0130\R5T.F0130.csproj", "{A0687656-A265-43BC-B6E9-9698EAAFDB95}"
EndProject
Project("{9A19103F-16F7-4668-BE54-9A1E7A4F7556}") = "R5T.L0001.Y000", "..\..\R5T.L0001\source\R5T.L0001.Y000\R5T.L0001.Y000.csproj", "{88E149A2-7DE6-4F1F-94AC-DB6F9141E050}"
EndProject
Project("{9A19103F-16F7-4668-BE54-9A1E7A4F7556}") = "R5T.L0001.Z000", "..\..\R5T.L0001\source\R5T.L0001.Z000\R5T.L0001.Z000.csproj", "{5A340A22-2A65-446E-921C-C8419B7611B3}"
EndProject
Project("{9A19103F-16F7-4668-BE54-9A1E7A4F7556}") = "R5T.L0001", "..\..\R5T.L0001\source\R5T.L0001\R5T.L0001.csproj", "{D3B1D853-D52F-47EF-BDEE-11DF189ED517}"
EndProject
Project("{9A19103F-16F7-4668-BE54-9A1E7A4F7556}") = "R5T.L0030.T000", "..\..\R5T.L0030\source\R5T.L0030.T000\R5T.L0030.T000.csproj", "{1EDFFF34-4361-4D03-B15A-BE25017C257D}"
EndProject
Project("{9A19103F-16F7-4668-BE54-9A1E7A4F7556}") = "R5T.L0030", "..\..\R5T.L0030\source\R5T.L0030\R5T.L0030.csproj", "{CA4D4554-9911-4727-A17D-0E47C1BF2B03}"
EndProject
Project("{9A19103F-16F7-4668-BE54-9A1E7A4F7556}") = "R5T.L0031.T000", "..\..\R5T.L0031\source\R5T.L0031.T000\R5T.L0031.T000.csproj", "{9942F7A8-A470-4355-A76E-56CF4BF86FFA}"
EndProject
Project("{9A19103F-16F7-4668-BE54-9A1E7A4F7556}") = "R5T.L0031", "..\..\R5T.L0031\source\R5T.L0031\R5T.L0031.csproj", "{26C30C56-4671-4465-A785-46E1505868F6}"
EndProject
Project("{9A19103F-16F7-4668-BE54-9A1E7A4F7556}") = "R5T.L0034", "..\..\R5T.L0034\source\R5T.L0034\R5T.L0034.csproj", "{593A153B-4864-4A54-882A-AAD038E53D17}"
EndProject
Project("{9A19103F-16F7-4668-BE54-9A1E7A4F7556}") = "R5T.L0035", "..\..\R5T.L0035\source\R5T.L0035\R5T.L0035.csproj", "{8B6D7DA8-7524-4FDF-BFA5-8F742AC00CF5}"
EndProject
Project("{9A19103F-16F7-4668-BE54-9A1E7A4F7556}") = "R5T.L0036.T000", "..\..\R5T.L0036\source\R5T.L0036.T000\R5T.L0036.T000.csproj", "{43920D3D-BD9D-4118-90D9-51D8F75D5275}"
EndProject
Project("{9A19103F-16F7-4668-BE54-9A1E7A4F7556}") = "R5T.L0036", "..\..\R5T.L0036\source\R5T.L0036\R5T.L0036.csproj", "{C175D3B1-2DCE-426F-BBFA-743A3F823929}"
EndProject
Project("{9A19103F-16F7-4668-BE54-9A1E7A4F7556}") = "R5T.L0038", "..\..\R5T.L0038\source\R5T.L0038\R5T.L0038.csproj", "{FA66016E-D580-49E3-92E6-9A62629576A2}"
EndProject
Project("{9A19103F-16F7-4668-BE54-9A1E7A4F7556}") = "R5T.L0039.F000", "..\..\R5T.L0039\source\R5T.L0039.F000\R5T.L0039.F000.csproj", "{9E2DD5C1-CC23-468A-8160-09BB2A3FCD8C}"
EndProject
Project("{9A19103F-16F7-4668-BE54-9A1E7A4F7556}") = "R5T.L0039.O000", "..\..\R5T.L0039\source\R5T.L0039.O000\R5T.L0039.O000.csproj", "{A611A52C-D9FF-455C-98F3-93B22057B22C}"
EndProject
Project("{9A19103F-16F7-4668-BE54-9A1E7A4F7556}") = "R5T.L0039.T000", "..\..\R5T.L0039\source\R5T.L0039.T000\R5T.L0039.T000.csproj", "{0F8DE6F1-9518-476E-83B4-75555E0989E9}"
EndProject
Project("{9A19103F-16F7-4668-BE54-9A1E7A4F7556}") = "R5T.L0042.T000", "..\..\R5T.L0042\source\R5T.L0042.T000\R5T.L0042.T000.csproj", "{170B8DF8-222A-4E67-AC9D-D6B7BD2F5114}"
EndProject
Project("{9A19103F-16F7-4668-BE54-9A1E7A4F7556}") = "R5T.L0047.F000", "..\..\R5T.L0047\source\R5T.L0047.F000\R5T.L0047.F000.csproj", "{D7178DC3-C589-4EDF-8988-530FCC4E62E5}"
EndProject
Project("{9A19103F-16F7-4668-BE54-9A1E7A4F7556}") = "R5T.L0047.O001", "..\..\R5T.L0047\source\R5T.L0047.O001\R5T.L0047.O001.csproj", "{7D4CC95A-47B4-4585-9887-FEE51F9D08D0}"
EndProject
Project("{9A19103F-16F7-4668-BE54-9A1E7A4F7556}") = "R5T.L0047.T000", "..\..\R5T.L0047\source\R5T.L0047.T000\R5T.L0047.T000.csproj", "{A8ECFF7A-397F-4616-8E41-5C875E64350E}"
EndProject
Project("{9A19103F-16F7-4668-BE54-9A1E7A4F7556}") = "R5T.L0047", "..\..\R5T.L0047\source\R5T.L0047\R5T.L0047.csproj", "{224CD683-470C-46BC-9717-5FF1E2FBD42E}"
EndProject
Project("{9A19103F-16F7-4668-BE54-9A1E7A4F7556}") = "R5T.NG0002", "..\..\R5T.NG0002\source\R5T.NG0002\R5T.NG0002.csproj", "{C5585D15-240C-49B5-9D3B-964865707510}"
EndProject
Project("{9A19103F-16F7-4668-BE54-9A1E7A4F7556}") = "R5T.NG0005", "..\..\R5T.NG0005\source\R5T.NG0005\R5T.NG0005.csproj", "{CC27CF87-E818-4B84-9DE3-EAD603592062}"
EndProject
Project("{9A19103F-16F7-4668-BE54-9A1E7A4F7556}") = "R5T.NG0006", "..\..\R5T.NG0006\source\R5T.NG0006\R5T.NG0006.csproj", "{9418D3BB-8C6D-4F2C-888A-1B47BC075C93}"
EndProject
Project("{9A19103F-16F7-4668-BE54-9A1E7A4F7556}") = "R5T.NG0007", "..\..\R5T.NG0007\source\R5T.NG0007\R5T.NG0007.csproj", "{CC15BEC2-1B11-4BFE-8589-820ABA2B41DB}"
EndProject
Project("{9A19103F-16F7-4668-BE54-9A1E7A4F7556}") = "R5T.NG0008", "..\..\R5T.NG0008\source\R5T.NG0008\R5T.NG0008.csproj", "{10DC89E5-24EE-48E9-8F9F-D23E22A90F36}"
EndProject
Project("{9A19103F-16F7-4668-BE54-9A1E7A4F7556}") = "R5T.T0046", "..\..\R5T.T0046\source\R5T.T0046\R5T.T0046.csproj", "{51273DA0-B39A-4787-A7E9-15340418D0AB}"
EndProject
Project("{9A19103F-16F7-4668-BE54-9A1E7A4F7556}") = "R5T.T0131", "..\..\R5T.T0131\source\R5T.T0131\R5T.T0131.csproj", "{B36C633C-E557-4B38-A20A-0449E77B91E8}"
EndProject
Project("{9A19103F-16F7-4668-BE54-9A1E7A4F7556}") = "R5T.T0132", "..\..\R5T.T0132\source\R5T.T0132\R5T.T0132.csproj", "{C2578EB5-C5E4-47B3-81E0-F26AE0EE90EE}"
EndProject
Project("{9A19103F-16F7-4668-BE54-9A1E7A4F7556}") = "R5T.T0137", "..\..\R5T.T0137\source\R5T.T0137\R5T.T0137.csproj", "{39C004A2-4B1C-46E2-B3EE-39A6F60262B3}"
EndProject
Project("{9A19103F-16F7-4668-BE54-9A1E7A4F7556}") = "R5T.T0142", "..\..\R5T.T0142\source\R5T.T0142\R5T.T0142.csproj", "{F84DD546-E750-47B0-8780-D2B84E510996}"
EndProject
Project("{9A19103F-16F7-4668-BE54-9A1E7A4F7556}") = "R5T.T0143", "..\..\R5T.T0143\source\R5T.T0143\R5T.T0143.csproj", "{ECF92089-052F-48CD-942F-B7FBB624C5D6}"
EndProject
Project("{9A19103F-16F7-4668-BE54-9A1E7A4F7556}") = "R5T.T0144", "..\..\R5T.T0144\source\R5T.T0144\R5T.T0144.csproj", "{16C7271A-3555-42D5-92BB-47BBD90A5CCE}"
EndProject
Project("{9A19103F-16F7-4668-BE54-9A1E7A4F7556}") = "R5T.T0148", "..\..\R5T.T0148\source\R5T.T0148\R5T.T0148.csproj", "{3B8D5DB0-70AE-4E86-9156-7099A1A9A03A}"
EndProject
Project("{9A19103F-16F7-4668-BE54-9A1E7A4F7556}") = "R5T.T0150", "..\..\R5T.T0150\source\R5T.T0150\R5T.T0150.csproj", "{CF684A72-B415-4E7C-A3B4-2228CA495039}"
EndProject
Project("{9A19103F-16F7-4668-BE54-9A1E7A4F7556}") = "R5T.T0151", "..\..\R5T.T0151\source\R5T.T0151\R5T.T0151.csproj", "{A845764F-C157-495D-A9F9-D5644175A16F}"
EndProject
Project("{9A19103F-16F7-4668-BE54-9A1E7A4F7556}") = "R5T.T0156", "..\..\R5T.T0156\source\R5T.T0156\R5T.T0156.csproj", "{09AA3648-BABD-497D-9C26-DCD7F9774C3B}"
EndProject
Project("{9A19103F-16F7-4668-BE54-9A1E7A4F7556}") = "R5T.T0158.F000", "..\..\R5T.T0158\source\R5T.T0158.F000\R5T.T0158.F000.csproj", "{8F16778C-3B04-4852-AAD1-2147829BA0A7}"
EndProject
Project("{9A19103F-16F7-4668-BE54-9A1E7A4F7556}") = "R5T.T0158.T000", "..\..\R5T.T0158\source\R5T.T0158.T000\R5T.T0158.T000.csproj", "{3CF24A79-00EE-4705-8343-0EC1217B32C3}"
EndProject
Project("{9A19103F-16F7-4668-BE54-9A1E7A4F7556}") = "R5T.T0158", "..\..\R5T.T0158\source\R5T.T0158\R5T.T0158.csproj", "{3109927C-4EB0-4CA6-BBCA-BC400D31C415}"
EndProject
Project("{9A19103F-16F7-4668-BE54-9A1E7A4F7556}") = "R5T.T0159.F000", "..\..\R5T.T0159\source\R5T.T0159.F000\R5T.T0159.F000.csproj", "{C997CA3F-21AE-45C0-BF28-28CA873EA63D}"
EndProject
Project("{9A19103F-16F7-4668-BE54-9A1E7A4F7556}") = "R5T.T0159", "..\..\R5T.T0159\source\R5T.T0159\R5T.T0159.csproj", "{8287A5F1-659F-4A15-844E-D924DEB75E00}"
EndProject
Project("{9A19103F-16F7-4668-BE54-9A1E7A4F7556}") = "R5T.T0172", "..\..\R5T.T0172\source\R5T.T0172\R5T.T0172.csproj", "{70FB0903-58EE-4975-85B2-B2FEF875C1ED}"
EndProject
Project("{9A19103F-16F7-4668-BE54-9A1E7A4F7556}") = "R5T.T0174", "..\..\R5T.T0174\source\R5T.T0174\R5T.T0174.csproj", "{6DA61A9A-4218-470E-9AF5-5D5492DEFD27}"
EndProject
Project("{9A19103F-16F7-4668-BE54-9A1E7A4F7556}") = "R5T.T0175", "..\..\R5T.T0175\source\R5T.T0175\R5T.T0175.csproj", "{78C8C574-B3BF-4076-8CE4-419B03FE2081}"
EndProject
Project("{9A19103F-16F7-4668-BE54-9A1E7A4F7556}") = "R5T.T0176", "..\..\R5T.T0176\source\R5T.T0176\R5T.T0176.csproj", "{0B2AB5A2-120C-4F6B-92D6-2B012B9FF335}"
EndProject
Project("{9A19103F-16F7-4668-BE54-9A1E7A4F7556}") = "R5T.T0177", "..\..\R5T.T0177\source\R5T.T0177\R5T.T0177.csproj", "{CAD748DD-C6AA-4617-AF9B-0CBA4A95652A}"
EndProject
Project("{9A19103F-16F7-4668-BE54-9A1E7A4F7556}") = "R5T.T0178", "..\..\R5T.T0178\source\R5T.T0178\R5T.T0178.csproj", "{633B9FED-4F97-41B2-8E71-9B18698EF0D4}"
EndProject
Project("{9A19103F-16F7-4668-BE54-9A1E7A4F7556}") = "R5T.T0179", "..\..\R5T.T0179\source\R5T.T0179\R5T.T0179.csproj", "{7E709922-8B7F-4FB4-95B6-29F357E3F9AA}"
EndProject
Project("{9A19103F-16F7-4668-BE54-9A1E7A4F7556}") = "R5T.T0180", "..\..\R5T.T0180\source\R5T.T0180\R5T.T0180.csproj", "{84FFBB85-14AE-402F-AEAA-900280676D9F}"
EndProject
Project("{9A19103F-16F7-4668-BE54-9A1E7A4F7556}") = "R5T.T0181", "..\..\R5T.T0181\source\R5T.T0181\R5T.T0181.csproj", "{F4AA149E-5731-4B57-A486-D2F5DD27C6E4}"
EndProject
Project("{9A19103F-16F7-4668-BE54-9A1E7A4F7556}") = "R5T.T0184", "..\..\R5T.T0184\source\R5T.T0184\R5T.T0184.csproj", "{20A7B652-4624-4128-ADB8-5195B2856B8E}"
EndProject
Project("{9A19103F-16F7-4668-BE54-9A1E7A4F7556}") = "R5T.T0185", "..\..\R5T.T0185\source\R5T.T0185\R5T.T0185.csproj", "{D7A00F58-FE99-4176-8430-F6B34A8BE889}"
EndProject
Project("{9A19103F-16F7-4668-BE54-9A1E7A4F7556}") = "R5T.T0186", "..\..\R5T.T0186\source\R5T.T0186\R5T.T0186.csproj", "{FA2C5D3F-21FF-46F0-9DE7-409DB4F7F31B}"
EndProject
Project("{9A19103F-16F7-4668-BE54-9A1E7A4F7556}") = "R5T.T0187", "..\..\R5T.T0187\source\R5T.T0187\R5T.T0187.csproj", "{CBDD5F1B-9DB9-488F-B94A-C642099BE5DE}"
EndProject
Project("{9A19103F-16F7-4668-BE54-9A1E7A4F7556}") = "R5T.T0188", "..\..\R5T.T0188\source\R5T.T0188\R5T.T0188.csproj", "{977E41D6-D558-4B52-BBDB-CB464C99342D}"
EndProject
Project("{9A19103F-16F7-4668-BE54-9A1E7A4F7556}") = "R5T.T0189", "..\..\R5T.T0189\source\R5T.T0189\R5T.T0189.csproj", "{410BE421-40B0-494A-B2AD-042F8E76144C}"
EndProject
Project("{9A19103F-16F7-4668-BE54-9A1E7A4F7556}") = "R5T.T0190", "..\..\R5T.T0190\source\R5T.T0190\R5T.T0190.csproj", "{447DBC7B-5C31-41FA-AF6E-07BD37057EBE}"
EndProject
Project("{9A19103F-16F7-4668-BE54-9A1E7A4F7556}") = "R5T.T0191", "..\..\R5T.T0191\source\R5T.T0191\R5T.T0191.csproj", "{952E5969-6391-4EE6-8330-04F6A8E33A3D}"
EndProject
Project("{9A19103F-16F7-4668-BE54-9A1E7A4F7556}") = "R5T.T0192", "..\..\R5T.T0192\source\R5T.T0192\R5T.T0192.csproj", "{18E962C1-C429-4CF0-B9CF-9674AAF8639A}"
EndProject
Project("{9A19103F-16F7-4668-BE54-9A1E7A4F7556}") = "R5T.T0194", "..\..\R5T.T0194\source\R5T.T0194\R5T.T0194.csproj", "{36845D41-26D0-4C4E-8B95-42526D6143E7}"
EndProject
Project("{9A19103F-16F7-4668-BE54-9A1E7A4F7556}") = "R5T.T0198", "..\..\R5T.T0198\source\R5T.T0198\R5T.T0198.csproj", "{F2C56AED-ED70-4A72-BD18-57EEBD169BD6}"
EndProject
Project("{9A19103F-16F7-4668-BE54-9A1E7A4F7556}") = "R5T.T0200", "..\..\R5T.T0200\source\R5T.T0200\R5T.T0200.csproj", "{B4E2BC01-3A85-46E9-AAD9-0B8A9433E80D}"
EndProject
Project("{9A19103F-16F7-4668-BE54-9A1E7A4F7556}") = "R5T.T0203", "..\..\R5T.T0203\source\R5T.T0203\R5T.T0203.csproj", "{CC87C03D-BE1E-413D-8669-33D2AEB1B1D6}"
EndProject
Project("{9A19103F-16F7-4668-BE54-9A1E7A4F7556}") = "R5T.Y0000", "..\..\R5T.Y0000\source\R5T.Y0000\R5T.Y0000.csproj", "{ABB55BC9-3B89-4E96-9C18-EECB0AC2BE41}"
EndProject
Project("{9A19103F-16F7-4668-BE54-9A1E7A4F7556}") = "R5T.Y0004", "..\..\R5T.Y0004\source\R5T.Y0004\R5T.Y0004.csproj", "{A7F04364-BE30-49EC-9FBF-455DDAA53740}"
EndProject
Project("{9A19103F-16F7-4668-BE54-9A1E7A4F7556}") = "R5T.Z0000", "..\..\R5T.Z0000\source\R5T.Z0000\R5T.Z0000.csproj", "{BE977486-9595-4FF5-B22C-945F81AE0D3C}"
EndProject
Project("{9A19103F-16F7-4668-BE54-9A1E7A4F7556}") = "R5T.Z0005", "..\..\R5T.Z0005\source\R5T.Z0005\R5T.Z0005.csproj", "{0C5FB9CD-B01E-4DCC-BD2E-955E5C0C43AB}"
EndProject
Project("{9A19103F-16F7-4668-BE54-9A1E7A4F7556}") = "R5T.Z0009", "..\..\R5T.Z0009\source\R5T.Z0009\R5T.Z0009.csproj", "{716CD573-FFAB-4AC7-A249-48BB7B73367A}"
EndProject
Project("{9A19103F-16F7-4668-BE54-9A1E7A4F7556}") = "R5T.Z0013", "..\..\R5T.Z0013\source\R5T.Z0013\R5T.Z0013.csproj", "{1A9D2763-3614-4D61-A612-E9AACBC09FFB}"
EndProject
Project("{9A19103F-16F7-4668-BE54-9A1E7A4F7556}") = "R5T.Z0036", "..\..\R5T.Z0036\source\R5T.Z0036\R5T.Z0036.csproj", "{EC160AEB-EA74-4742-B887-892D634650EC}"
EndProject
Project("{9A19103F-16F7-4668-BE54-9A1E7A4F7556}") = "R5T.Z0044.Z001", "..\..\R5T.Z0044\source\R5T.Z0044.Z001\R5T.Z0044.Z001.csproj", "{C72CD157-E30E-4D68-8897-8B78605E2A4B}"
EndProject
Project("{9A19103F-16F7-4668-BE54-9A1E7A4F7556}") = "R5T.L0042.F000", "..\..\R5T.L0042\source\R5T.L0042.F000\R5T.L0042.F000.csproj", "{EC8B474C-A965-4006-9915-2DD19EF44C06}"
EndProject
Project("{9A19103F-16F7-4668-BE54-9A1E7A4F7556}") = "R5T.L0042.O001", "..\..\R5T.L0042\source\R5T.L0042.O001\R5T.L0042.O001.csproj", "{F9513F37-3E43-4758-A067-4373CDE9826C}"
EndProject
Project("{9A19103F-16F7-4668-BE54-9A1E7A4F7556}") = "R5T.L0042", "..\..\R5T.L0042\source\R5T.L0042\R5T.L0042.csproj", "{4A751BBC-C952-4DCF-9479-68A07D44E1A5}"
EndProject
Project("{9A19103F-16F7-4668-BE54-9A1E7A4F7556}") = "R5T.F0016.F001", "..\..\R5T.F0016\source\R5T.F0016.F001\R5T.F0016.F001.csproj", "{131A46BF-F4E6-433B-9F38-4AC25DFF39CF}"
EndProject
Project("{9A19103F-16F7-4668-BE54-9A1E7A4F7556}") = "R5T.F0016", "..\..\R5T.F0016\source\R5T.F0016\R5T.F0016.csproj", "{2BB54C97-2DAB-46A7-9AA3-A248B1BE1129}"
EndProject
Project("{9A19103F-16F7-4668-BE54-9A1E7A4F7556}") = "R5T.F0020", "..\..\R5T.F0020\source\R5T.F0020\R5T.F0020.csproj", "{79576603-D6F7-4DE9-A7D9-B1633E42E21E}"
EndProject
Project("{9A19103F-16F7-4668-BE54-9A1E7A4F7556}") = "R5T.F0040.F000", "..\..\R5T.F0040\source\R5T.F0040.F000\R5T.F0040.F000.csproj", "{99980E80-8E86-41F8-BF70-6869B643192A}"
EndProject
Project("{9A19103F-16F7-4668-BE54-9A1E7A4F7556}") = "R5T.F0050", "..\..\R5T.F0050\source\R5T.F0050\R5T.F0050.csproj", "{C5DB6DD7-8A10-4988-8F84-BAB54DC79564}"
EndProject
Project("{9A19103F-16F7-4668-BE54-9A1E7A4F7556}") = "R5T.F0051", "..\..\R5T.F0051\source\R5T.F0051\R5T.F0051.csproj", "{7CC51BA1-6B86-42F4-850B-D06EE5C0A5EE}"
EndProject
Project("{9A19103F-16F7-4668-BE54-9A1E7A4F7556}") = "R5T.F0052", "..\..\R5T.F0052\source\R5T.F0052\R5T.F0052.csproj", "{792A1594-2D63-4498-A40E-65C44B8A5161}"
EndProject
Project("{9A19103F-16F7-4668-BE54-9A1E7A4F7556}") = "R5T.F0053", "..\..\R5T.F0053\source\R5T.F0053\R5T.F0053.csproj", "{B8387DAF-98CC-4B01-99F7-C0826CC48BD0}"
EndProject
Project("{9A19103F-16F7-4668-BE54-9A1E7A4F7556}") = "R5T.F0054", "..\..\R5T.F0054\source\R5T.F0054\R5T.F0054.csproj", "{421402B9-2E61-42FF-840D-9D0A2EF70514}"
EndProject
Project("{9A19103F-16F7-4668-BE54-9A1E7A4F7556}") = "R5T.F0056", "..\..\R5T.F0056\source\R5T.F0056\R5T.F0056.csproj", "{98A99FD3-69F3-4BD2-8443-51E6D6F1C4FE}"
EndProject
Project("{9A19103F-16F7-4668-BE54-9A1E7A4F7556}") = "R5T.F0063.F001", "..\..\R5T.F0063\source\R5T.F0063.F001\R5T.F0063.F001.csproj", "{F6E03319-8CA2-4127-8BDB-2E169263B006}"
EndProject
Project("{9A19103F-16F7-4668-BE54-9A1E7A4F7556}") = "R5T.F0063", "..\..\R5T.F0063\source\R5T.F0063\R5T.F0063.csproj", "{0BB9D412-10E2-4271-81D0-8F2D89681FA5}"
EndProject
Project("{9A19103F-16F7-4668-BE54-9A1E7A4F7556}") = "R5T.F0078", "..\..\R5T.F0078\source\R5T.F0078\R5T.F0078.csproj", "{C5C819FE-200B-4E47-9B00-11C03D5AB1B7}"
EndProject
Project("{9A19103F-16F7-4668-BE54-9A1E7A4F7556}") = "R5T.F0079", "..\..\R5T.F0079\source\R5T.F0079\R5T.F0079.csproj", "{D86F43C8-1AF6-4ADA-901D-E480BCA65EAF}"
EndProject
Project("{9A19103F-16F7-4668-BE54-9A1E7A4F7556}") = "R5T.F0083.R001", "..\..\R5T.F0083\source\R5T.F0083.R001\R5T.F0083.R001.csproj", "{9E9620B3-3FD3-43D7-AD15-3D163E3105D9}"
EndProject
Project("{9A19103F-16F7-4668-BE54-9A1E7A4F7556}") = "R5T.F0083", "..\..\R5T.F0083\source\R5T.F0083\R5T.F0083.csproj", "{FF51EEF6-53D4-4C24-82D1-90FC348FC327}"
EndProject
Project("{9A19103F-16F7-4668-BE54-9A1E7A4F7556}") = "R5T.F0086", "..\..\R5T.F0086\source\R5T.F0086\R5T.F0086.csproj", "{35CE0A93-28F4-43A4-8CE8-FA0FE8756577}"
EndProject
Project("{9A19103F-16F7-4668-BE54-9A1E7A4F7556}") = "R5T.F0131", "..\..\R5T.F0131\source\R5T.F0131\R5T.F0131.csproj", "{97DBF5EB-CB5B-415D-8819-76318EEA937E}"
EndProject
Project("{9A19103F-16F7-4668-BE54-9A1E7A4F7556}") = "R5T.F0132", "..\..\R5T.F0132\source\R5T.F0132\R5T.F0132.csproj", "{9D4CBF10-74BB-4161-B482-AD88564B44A3}"
EndProject
Project("{9A19103F-16F7-4668-BE54-9A1E7A4F7556}") = "R5T.L0032.T000", "..\..\R5T.L0032\source\R5T.L0032.T000\R5T.L0032.T000.csproj", "{29B593B4-BA09-48A3-AD02-A5C5992BE196}"
EndProject
Project("{9A19103F-16F7-4668-BE54-9A1E7A4F7556}") = "R5T.L0032.Z000", "..\..\R5T.L0032\source\R5T.L0032.Z000\R5T.L0032.Z000.csproj", "{613F2108-3345-457E-8D40-04D1F5C6CD79}"
EndProject
Project("{9A19103F-16F7-4668-BE54-9A1E7A4F7556}") = "R5T.L0032", "..\..\R5T.L0032\source\R5T.L0032\R5T.L0032.csproj", "{D959DEC8-8D60-4744-BE00-DFB8FF98D87D}"
EndProject
Project("{9A19103F-16F7-4668-BE54-9A1E7A4F7556}") = "R5T.L0033.T000", "..\..\R5T.L0033\source\R5T.L0033.T000\R5T.L0033.T000.csproj", "{0F950761-B7B2-4135-883E-3B8A0B13793E}"
EndProject
Project("{9A19103F-16F7-4668-BE54-9A1E7A4F7556}") = "R5T.L0033", "..\..\R5T.L0033\source\R5T.L0033\R5T.L0033.csproj", "{88D8DDB5-DED4-44BC-ABDE-08EC1FB2828E}"
EndProject
Project("{9A19103F-16F7-4668-BE54-9A1E7A4F7556}") = "R5T.L0037", "..\..\R5T.L0037\source\R5T.L0037\R5T.L0037.csproj", "{82E20455-CF9B-4CBD-8DE9-9564E491568B}"
EndProject
Project("{9A19103F-16F7-4668-BE54-9A1E7A4F7556}") = "R5T.L0039.O001", "..\..\R5T.L0039\source\R5T.L0039.O001\R5T.L0039.O001.csproj", "{DB00E101-D405-42C0-BFB9-4BF94905CA10}"
EndProject
Project("{9A19103F-16F7-4668-BE54-9A1E7A4F7556}") = "R5T.L0039", "..\..\R5T.L0039\source\R5T.L0039\R5T.L0039.csproj", "{D91DA30B-D167-4D53-83C3-8F911F5917BD}"
EndProject
Project("{9A19103F-16F7-4668-BE54-9A1E7A4F7556}") = "R5T.L0040.F000", "..\..\R5T.L0040\source\R5T.L0040.F000\R5T.L0040.F000.csproj", "{2CA7B7D8-BE50-4712-8ED0-910F600B2EAA}"
EndProject
Project("{9A19103F-16F7-4668-BE54-9A1E7A4F7556}") = "R5T.L0040.O001", "..\..\R5T.L0040\source\R5T.L0040.O001\R5T.L0040.O001.csproj", "{D0262C88-A3C1-40CE-AD85-750908C428D1}"
EndProject
Project("{9A19103F-16F7-4668-BE54-9A1E7A4F7556}") = "R5T.L0040.O002", "..\..\R5T.L0040\source\R5T.L0040.O002\R5T.L0040.O002.csproj", "{92ECE186-54A1-4E3E-A391-B965144F51F8}"
EndProject
Project("{9A19103F-16F7-4668-BE54-9A1E7A4F7556}") = "R5T.L0040.T000", "..\..\R5T.L0040\source\R5T.L0040.T000\R5T.L0040.T000.csproj", "{2D347E05-5CF9-4CD9-A2C1-16E86DEC2EDF}"
EndProject
Project("{9A19103F-16F7-4668-BE54-9A1E7A4F7556}") = "R5T.L0040", "..\..\R5T.L0040\source\R5T.L0040\R5T.L0040.csproj", "{73CF94AB-FFC7-44E4-A191-25C344B0D1C0}"
EndProject
Project("{9A19103F-16F7-4668-BE54-9A1E7A4F7556}") = "R5T.L0041", "..\..\R5T.L0041\source\R5T.L0041\R5T.L0041.csproj", "{7580E54D-65C8-45BB-87D6-6220B1D25023}"
EndProject
Project("{9A19103F-16F7-4668-BE54-9A1E7A4F7556}") = "R5T.NG0009", "..\..\R5T.NG0009\source\R5T.NG0009\R5T.NG0009.csproj", "{828D68DB-2A43-488E-B199-4CAA823C3EED}"
EndProject
Project("{9A19103F-16F7-4668-BE54-9A1E7A4F7556}") = "R5T.NG0014", "..\..\R5T.NG0014\source\R5T.NG0014\R5T.NG0014.csproj", "{3EFC23F1-B99A-4775-B7D3-74D7332C4BDF}"
EndProject
Project("{9A19103F-16F7-4668-BE54-9A1E7A4F7556}") = "R5T.O0003", "..\..\R5T.O0003\source\R5T.O0003\R5T.O0003.csproj", "{F08D0FDF-972E-42E1-AD38-74F14F8F7228}"
EndProject
Project("{9A19103F-16F7-4668-BE54-9A1E7A4F7556}") = "R5T.O0004", "..\..\R5T.O0004\source\R5T.O0004\R5T.O0004.csproj", "{8860EEE4-7602-44AA-A924-8E387BBF0AD5}"
EndProject
Project("{9A19103F-16F7-4668-BE54-9A1E7A4F7556}") = "R5T.O0008", "..\..\R5T.O0008\source\R5T.O0008\R5T.O0008.csproj", "{4FB55B67-0D1B-4C5A-AE73-257CFA8FEBA8}"
EndProject
Project("{9A19103F-16F7-4668-BE54-9A1E7A4F7556}") = "R5T.T0152", "..\..\R5T.T0152\source\R5T.T0152\R5T.T0152.csproj", "{5A258636-C6B7-48E1-A9D7-9D06E95C1CB9}"
EndProject
Project("{9A19103F-16F7-4668-BE54-9A1E7A4F7556}") = "R5T.T0154", "..\..\R5T.T0154\source\R5T.T0154\R5T.T0154.csproj", "{4ADF6E66-5699-4A3A-8BF1-B0CE0B4741A8}"
EndProject
Project("{9A19103F-16F7-4668-BE54-9A1E7A4F7556}") = "R5T.T0161", "..\..\R5T.T0161\source\R5T.T0161\R5T.T0161.csproj", "{5E1C0F5C-D935-43D2-B165-310F7FEBA04E}"
EndProject
Project("{9A19103F-16F7-4668-BE54-9A1E7A4F7556}") = "R5T.T0193", "..\..\R5T.T0193\source\R5T.T0193\R5T.T0193.csproj", "{DBDC8455-E0A0-4E65-BFE0-1E981201749A}"
EndProject
Project("{9A19103F-16F7-4668-BE54-9A1E7A4F7556}") = "R5T.T0195", "..\..\R5T.T0195\source\R5T.T0195\R5T.T0195.csproj", "{BE2CB98D-30C8-4BAB-9159-F646D9610C6E}"
EndProject
Project("{9A19103F-16F7-4668-BE54-9A1E7A4F7556}") = "R5T.T0202", "..\..\R5T.T0202\source\R5T.T0202\R5T.T0202.csproj", "{303112B2-1332-40F6-B13F-A9010E0D5BF6}"
EndProject
Project("{9A19103F-16F7-4668-BE54-9A1E7A4F7556}") = "R5T.T0205", "..\..\R5T.T0205\source\R5T.T0205\R5T.T0205.csproj", "{851D0F4C-DEF0-42AF-9495-E13199235119}"
EndProject
Project("{9A19103F-16F7-4668-BE54-9A1E7A4F7556}") = "R5T.T0206", "..\..\R5T.T0206\source\R5T.T0206\R5T.T0206.csproj", "{A3AAD036-625F-461A-A09A-56010D1C2045}"
EndProject
Project("{9A19103F-16F7-4668-BE54-9A1E7A4F7556}") = "R5T.Z0045", "..\..\R5T.Z0045\source\R5T.Z0045\R5T.Z0045.csproj", "{4919869B-35E6-4D2D-9CE1-9AD6BBE41FD3}"
EndProject
Project("{9A19103F-16F7-4668-BE54-9A1E7A4F7556}") = "R5T.Z0048", "..\..\R5T.Z0048\source\R5T.Z0048\R5T.Z0048.csproj", "{AE0001F0-54FE-46A7-B604-80928AEBB5D5}"
EndProject
Project("{9A19103F-16F7-4668-BE54-9A1E7A4F7556}") = "R5T.Z0050", "..\..\R5T.Z0050\source\R5T.Z0050\R5T.Z0050.csproj", "{BDED0F30-81A6-4B3F-B239-16F1F5EABBFB}"
EndProject
Project("{9A19103F-16F7-4668-BE54-9A1E7A4F7556}") = "R5T.Z0051", "..\..\R5T.Z0051\source\R5T.Z0051\R5T.Z0051.csproj", "{5C11C11A-FA4F-4521-967A-9F249A63D3CC}"
EndProject
Project("{9A19103F-16F7-4668-BE54-9A1E7A4F7556}") = "R5T.O0016.O001", "R5T.O0016.O001\R5T.O0016.O001.csproj", "{E0581E98-169C-427B-9487-39E109F8389D}"
EndProject
Project("{9A19103F-16F7-4668-BE54-9A1E7A4F7556}") = "R5T.L0032.F000", "..\..\R5T.L0032\source\R5T.L0032.F000\R5T.L0032.F000.csproj", "{DDB9AB73-618B-4702-9D81-5AEE3E662575}"
EndProject
Project("{9A19103F-16F7-4668-BE54-9A1E7A4F7556}") = "R5T.L0033.Z001", "..\..\R5T.L0033\source\R5T.L0033.Z001\R5T.L0033.Z001.csproj", "{4E9C4056-AF4F-45C0-B5D8-BD700F0A5389}"
EndProject
Project("{9A19103F-16F7-4668-BE54-9A1E7A4F7556}") = "R5T.L0033.Z002", "..\..\R5T.L0033\source\R5T.L0033.Z002\R5T.L0033.Z002.csproj", "{A4FF2486-AB3E-4952-B171-A514327738D3}"
EndProject
Project("{9A19103F-16F7-4668-BE54-9A1E7A4F7556}") = "R5T.NG0022", "..\..\R5T.NG0022\source\R5T.NG0022\R5T.NG0022.csproj", "{B6A710FF-A8EF-4C7E-BDB7-294AB69D6E33}"
EndProject
Project("{9A19103F-16F7-4668-BE54-9A1E7A4F7556}") = "R5T.T0208", "..\..\R5T.T0208\source\R5T.T0208\R5T.T0208.csproj", "{57CC1EB2-D161-44D3-9F29-2BEC8E092E13}"
EndProject
Project("{9A19103F-16F7-4668-BE54-9A1E7A4F7556}") = "R5T.T0209", "..\..\R5T.T0209\source\R5T.T0209\R5T.T0209.csproj", "{DD1B8BB6-DB8C-4F62-B391-9AE8600A5E27}"
EndProject
Project("{9A19103F-16F7-4668-BE54-9A1E7A4F7556}") = "R5T.T0210", "..\..\R5T.T0210\source\R5T.T0210\R5T.T0210.csproj", "{D37B718F-092F-49E3-A871-E967DC5BADED}"
EndProject
Project("{9A19103F-16F7-4668-BE54-9A1E7A4F7556}") = "R5T.T0196", "..\..\R5T.T0196\source\R5T.T0196\R5T.T0196.csproj", "{738E3797-D107-4F23-AB70-3395FF97C242}"
EndProject
Project("{9A19103F-16F7-4668-BE54-9A1E7A4F7556}") = "R5T.T0197", "..\..\R5T.T0197\source\R5T.T0197\R5T.T0197.csproj", "{760F69F3-A847-492E-AD89-4CF7918754C3}"
EndProject
Project("{9A19103F-16F7-4668-BE54-9A1E7A4F7556}") = "R5T.Z0046", "..\..\R5T.Z0046\source\R5T.Z0046\R5T.Z0046.csproj", "{635705B4-9264-4A1C-B07F-E1AF2237C03E}"
EndProject
Project("{9A19103F-16F7-4668-BE54-9A1E7A4F7556}") = "R5T.Z0043", "..\..\R5T.Z0043\source\R5T.Z0043\R5T.Z0043.csproj", "{F22AEF60-BBD9-44BB-9CB1-F4F1BFFF4390}"
EndProject
Project("{9A19103F-16F7-4668-BE54-9A1E7A4F7556}") = "R5T.T0141", "..\..\R5T.T0141\source\R5T.T0141\R5T.T0141.csproj", "{BEA0AE9A-F42F-4FE5-9F15-9F0B971150D4}"
EndProject
Global
	GlobalSection(NestedProjects) = preSolution
		{ECBBA61F-169D-43CA-8B7C-418FD1465D0D} = {B89B839B-3372-46C2-9EE8-DFF6E107D62C}
		{DCD3AA02-E72C-47BA-BC3E-D77EC9C79FE5} = {B89B839B-3372-46C2-9EE8-DFF6E107D62C}
		{317BD6FC-59BA-47E8-AA24-FCC6D9F3F4B8} = {B89B839B-3372-46C2-9EE8-DFF6E107D62C}
		{8276EE0F-8AFA-4406-BD2A-0D8ACFD18932} = {B89B839B-3372-46C2-9EE8-DFF6E107D62C}
		{4FF32AC0-669B-471B-A87B-667C19A9F1A8} = {B89B839B-3372-46C2-9EE8-DFF6E107D62C}
		{FC87834F-BF59-45E2-BF4A-6BE36A1A0F9D} = {B89B839B-3372-46C2-9EE8-DFF6E107D62C}
		{04E5FD2D-0D4E-427A-8989-0C62667058DD} = {B89B839B-3372-46C2-9EE8-DFF6E107D62C}
		{591727F3-4B78-4B5A-A664-29F838E4B370} = {B89B839B-3372-46C2-9EE8-DFF6E107D62C}
		{317C699C-96B6-443B-A6B3-EF421FA3A219} = {B89B839B-3372-46C2-9EE8-DFF6E107D62C}
		{1D556E6A-B0FB-4D00-B461-00D63DCBED0B} = {B89B839B-3372-46C2-9EE8-DFF6E107D62C}
		{4B791D53-151D-4AAD-8369-E088E0F4629D} = {B89B839B-3372-46C2-9EE8-DFF6E107D62C}
		{288DCA71-0284-4AF5-9340-5F1243B5764B} = {B89B839B-3372-46C2-9EE8-DFF6E107D62C}
		{84130E32-EB09-4C28-9325-759956359609} = {B89B839B-3372-46C2-9EE8-DFF6E107D62C}
		{E9C11BF9-96CB-4B89-B1D7-F97BA256236E} = {B89B839B-3372-46C2-9EE8-DFF6E107D62C}
		{386AC7E1-1CF6-46AF-9B6E-E1DA622B7164} = {B89B839B-3372-46C2-9EE8-DFF6E107D62C}
		{96E43F74-188A-4C67-BBD7-B5F87BD8693E} = {B89B839B-3372-46C2-9EE8-DFF6E107D62C}
		{6EB2EF15-6817-411B-AA82-8193BB635754} = {B89B839B-3372-46C2-9EE8-DFF6E107D62C}
		{85E1E908-1883-4864-884F-7423C3321FAC} = {B89B839B-3372-46C2-9EE8-DFF6E107D62C}
		{F6966944-CA65-45C2-9993-A5500AF2B4E1} = {B89B839B-3372-46C2-9EE8-DFF6E107D62C}
		{15696A3E-53C7-4359-A61D-A8ABD470040D} = {B89B839B-3372-46C2-9EE8-DFF6E107D62C}
		{D22CA387-C0A3-495B-A297-B29D130A1B71} = {B89B839B-3372-46C2-9EE8-DFF6E107D62C}
		{03D63417-EFC5-486A-BFF1-F0570960AB81} = {B89B839B-3372-46C2-9EE8-DFF6E107D62C}
		{A0687656-A265-43BC-B6E9-9698EAAFDB95} = {B89B839B-3372-46C2-9EE8-DFF6E107D62C}
		{88E149A2-7DE6-4F1F-94AC-DB6F9141E050} = {B89B839B-3372-46C2-9EE8-DFF6E107D62C}
		{5A340A22-2A65-446E-921C-C8419B7611B3} = {B89B839B-3372-46C2-9EE8-DFF6E107D62C}
		{D3B1D853-D52F-47EF-BDEE-11DF189ED517} = {B89B839B-3372-46C2-9EE8-DFF6E107D62C}
		{1EDFFF34-4361-4D03-B15A-BE25017C257D} = {B89B839B-3372-46C2-9EE8-DFF6E107D62C}
		{CA4D4554-9911-4727-A17D-0E47C1BF2B03} = {B89B839B-3372-46C2-9EE8-DFF6E107D62C}
		{9942F7A8-A470-4355-A76E-56CF4BF86FFA} = {B89B839B-3372-46C2-9EE8-DFF6E107D62C}
		{26C30C56-4671-4465-A785-46E1505868F6} = {B89B839B-3372-46C2-9EE8-DFF6E107D62C}
		{593A153B-4864-4A54-882A-AAD038E53D17} = {B89B839B-3372-46C2-9EE8-DFF6E107D62C}
		{8B6D7DA8-7524-4FDF-BFA5-8F742AC00CF5} = {B89B839B-3372-46C2-9EE8-DFF6E107D62C}
		{43920D3D-BD9D-4118-90D9-51D8F75D5275} = {B89B839B-3372-46C2-9EE8-DFF6E107D62C}
		{C175D3B1-2DCE-426F-BBFA-743A3F823929} = {B89B839B-3372-46C2-9EE8-DFF6E107D62C}
		{FA66016E-D580-49E3-92E6-9A62629576A2} = {B89B839B-3372-46C2-9EE8-DFF6E107D62C}
		{9E2DD5C1-CC23-468A-8160-09BB2A3FCD8C} = {B89B839B-3372-46C2-9EE8-DFF6E107D62C}
		{A611A52C-D9FF-455C-98F3-93B22057B22C} = {B89B839B-3372-46C2-9EE8-DFF6E107D62C}
		{0F8DE6F1-9518-476E-83B4-75555E0989E9} = {B89B839B-3372-46C2-9EE8-DFF6E107D62C}
		{170B8DF8-222A-4E67-AC9D-D6B7BD2F5114} = {B89B839B-3372-46C2-9EE8-DFF6E107D62C}
		{D7178DC3-C589-4EDF-8988-530FCC4E62E5} = {B89B839B-3372-46C2-9EE8-DFF6E107D62C}
		{7D4CC95A-47B4-4585-9887-FEE51F9D08D0} = {B89B839B-3372-46C2-9EE8-DFF6E107D62C}
		{A8ECFF7A-397F-4616-8E41-5C875E64350E} = {B89B839B-3372-46C2-9EE8-DFF6E107D62C}
		{224CD683-470C-46BC-9717-5FF1E2FBD42E} = {B89B839B-3372-46C2-9EE8-DFF6E107D62C}
		{C5585D15-240C-49B5-9D3B-964865707510} = {B89B839B-3372-46C2-9EE8-DFF6E107D62C}
		{CC27CF87-E818-4B84-9DE3-EAD603592062} = {B89B839B-3372-46C2-9EE8-DFF6E107D62C}
		{9418D3BB-8C6D-4F2C-888A-1B47BC075C93} = {B89B839B-3372-46C2-9EE8-DFF6E107D62C}
		{CC15BEC2-1B11-4BFE-8589-820ABA2B41DB} = {B89B839B-3372-46C2-9EE8-DFF6E107D62C}
		{10DC89E5-24EE-48E9-8F9F-D23E22A90F36} = {B89B839B-3372-46C2-9EE8-DFF6E107D62C}
		{51273DA0-B39A-4787-A7E9-15340418D0AB} = {B89B839B-3372-46C2-9EE8-DFF6E107D62C}
		{B36C633C-E557-4B38-A20A-0449E77B91E8} = {B89B839B-3372-46C2-9EE8-DFF6E107D62C}
		{C2578EB5-C5E4-47B3-81E0-F26AE0EE90EE} = {B89B839B-3372-46C2-9EE8-DFF6E107D62C}
		{39C004A2-4B1C-46E2-B3EE-39A6F60262B3} = {B89B839B-3372-46C2-9EE8-DFF6E107D62C}
		{F84DD546-E750-47B0-8780-D2B84E510996} = {B89B839B-3372-46C2-9EE8-DFF6E107D62C}
		{ECF92089-052F-48CD-942F-B7FBB624C5D6} = {B89B839B-3372-46C2-9EE8-DFF6E107D62C}
		{16C7271A-3555-42D5-92BB-47BBD90A5CCE} = {B89B839B-3372-46C2-9EE8-DFF6E107D62C}
		{3B8D5DB0-70AE-4E86-9156-7099A1A9A03A} = {B89B839B-3372-46C2-9EE8-DFF6E107D62C}
		{CF684A72-B415-4E7C-A3B4-2228CA495039} = {B89B839B-3372-46C2-9EE8-DFF6E107D62C}
		{A845764F-C157-495D-A9F9-D5644175A16F} = {B89B839B-3372-46C2-9EE8-DFF6E107D62C}
		{09AA3648-BABD-497D-9C26-DCD7F9774C3B} = {B89B839B-3372-46C2-9EE8-DFF6E107D62C}
		{8F16778C-3B04-4852-AAD1-2147829BA0A7} = {B89B839B-3372-46C2-9EE8-DFF6E107D62C}
		{3CF24A79-00EE-4705-8343-0EC1217B32C3} = {B89B839B-3372-46C2-9EE8-DFF6E107D62C}
		{3109927C-4EB0-4CA6-BBCA-BC400D31C415} = {B89B839B-3372-46C2-9EE8-DFF6E107D62C}
		{C997CA3F-21AE-45C0-BF28-28CA873EA63D} = {B89B839B-3372-46C2-9EE8-DFF6E107D62C}
		{8287A5F1-659F-4A15-844E-D924DEB75E00} = {B89B839B-3372-46C2-9EE8-DFF6E107D62C}
		{70FB0903-58EE-4975-85B2-B2FEF875C1ED} = {B89B839B-3372-46C2-9EE8-DFF6E107D62C}
		{6DA61A9A-4218-470E-9AF5-5D5492DEFD27} = {B89B839B-3372-46C2-9EE8-DFF6E107D62C}
		{78C8C574-B3BF-4076-8CE4-419B03FE2081} = {B89B839B-3372-46C2-9EE8-DFF6E107D62C}
		{0B2AB5A2-120C-4F6B-92D6-2B012B9FF335} = {B89B839B-3372-46C2-9EE8-DFF6E107D62C}
		{CAD748DD-C6AA-4617-AF9B-0CBA4A95652A} = {B89B839B-3372-46C2-9EE8-DFF6E107D62C}
		{633B9FED-4F97-41B2-8E71-9B18698EF0D4} = {B89B839B-3372-46C2-9EE8-DFF6E107D62C}
		{7E709922-8B7F-4FB4-95B6-29F357E3F9AA} = {B89B839B-3372-46C2-9EE8-DFF6E107D62C}
		{84FFBB85-14AE-402F-AEAA-900280676D9F} = {B89B839B-3372-46C2-9EE8-DFF6E107D62C}
		{F4AA149E-5731-4B57-A486-D2F5DD27C6E4} = {B89B839B-3372-46C2-9EE8-DFF6E107D62C}
		{20A7B652-4624-4128-ADB8-5195B2856B8E} = {B89B839B-3372-46C2-9EE8-DFF6E107D62C}
		{D7A00F58-FE99-4176-8430-F6B34A8BE889} = {B89B839B-3372-46C2-9EE8-DFF6E107D62C}
		{FA2C5D3F-21FF-46F0-9DE7-409DB4F7F31B} = {B89B839B-3372-46C2-9EE8-DFF6E107D62C}
		{CBDD5F1B-9DB9-488F-B94A-C642099BE5DE} = {B89B839B-3372-46C2-9EE8-DFF6E107D62C}
		{977E41D6-D558-4B52-BBDB-CB464C99342D} = {B89B839B-3372-46C2-9EE8-DFF6E107D62C}
		{410BE421-40B0-494A-B2AD-042F8E76144C} = {B89B839B-3372-46C2-9EE8-DFF6E107D62C}
		{447DBC7B-5C31-41FA-AF6E-07BD37057EBE} = {B89B839B-3372-46C2-9EE8-DFF6E107D62C}
		{952E5969-6391-4EE6-8330-04F6A8E33A3D} = {B89B839B-3372-46C2-9EE8-DFF6E107D62C}
		{18E962C1-C429-4CF0-B9CF-9674AAF8639A} = {B89B839B-3372-46C2-9EE8-DFF6E107D62C}
		{36845D41-26D0-4C4E-8B95-42526D6143E7} = {B89B839B-3372-46C2-9EE8-DFF6E107D62C}
		{F2C56AED-ED70-4A72-BD18-57EEBD169BD6} = {B89B839B-3372-46C2-9EE8-DFF6E107D62C}
		{B4E2BC01-3A85-46E9-AAD9-0B8A9433E80D} = {B89B839B-3372-46C2-9EE8-DFF6E107D62C}
		{CC87C03D-BE1E-413D-8669-33D2AEB1B1D6} = {B89B839B-3372-46C2-9EE8-DFF6E107D62C}
		{ABB55BC9-3B89-4E96-9C18-EECB0AC2BE41} = {B89B839B-3372-46C2-9EE8-DFF6E107D62C}
		{A7F04364-BE30-49EC-9FBF-455DDAA53740} = {B89B839B-3372-46C2-9EE8-DFF6E107D62C}
		{BE977486-9595-4FF5-B22C-945F81AE0D3C} = {B89B839B-3372-46C2-9EE8-DFF6E107D62C}
		{0C5FB9CD-B01E-4DCC-BD2E-955E5C0C43AB} = {B89B839B-3372-46C2-9EE8-DFF6E107D62C}
		{716CD573-FFAB-4AC7-A249-48BB7B73367A} = {B89B839B-3372-46C2-9EE8-DFF6E107D62C}
		{1A9D2763-3614-4D61-A612-E9AACBC09FFB} = {B89B839B-3372-46C2-9EE8-DFF6E107D62C}
		{EC160AEB-EA74-4742-B887-892D634650EC} = {B89B839B-3372-46C2-9EE8-DFF6E107D62C}
		{C72CD157-E30E-4D68-8897-8B78605E2A4B} = {B89B839B-3372-46C2-9EE8-DFF6E107D62C}
		{EC8B474C-A965-4006-9915-2DD19EF44C06} = {B89B839B-3372-46C2-9EE8-DFF6E107D62C}
		{F9513F37-3E43-4758-A067-4373CDE9826C} = {B89B839B-3372-46C2-9EE8-DFF6E107D62C}
		{4A751BBC-C952-4DCF-9479-68A07D44E1A5} = {B89B839B-3372-46C2-9EE8-DFF6E107D62C}
		{131A46BF-F4E6-433B-9F38-4AC25DFF39CF} = {B89B839B-3372-46C2-9EE8-DFF6E107D62C}
		{2BB54C97-2DAB-46A7-9AA3-A248B1BE1129} = {B89B839B-3372-46C2-9EE8-DFF6E107D62C}
		{79576603-D6F7-4DE9-A7D9-B1633E42E21E} = {B89B839B-3372-46C2-9EE8-DFF6E107D62C}
		{99980E80-8E86-41F8-BF70-6869B643192A} = {B89B839B-3372-46C2-9EE8-DFF6E107D62C}
		{C5DB6DD7-8A10-4988-8F84-BAB54DC79564} = {B89B839B-3372-46C2-9EE8-DFF6E107D62C}
		{7CC51BA1-6B86-42F4-850B-D06EE5C0A5EE} = {B89B839B-3372-46C2-9EE8-DFF6E107D62C}
		{792A1594-2D63-4498-A40E-65C44B8A5161} = {B89B839B-3372-46C2-9EE8-DFF6E107D62C}
		{B8387DAF-98CC-4B01-99F7-C0826CC48BD0} = {B89B839B-3372-46C2-9EE8-DFF6E107D62C}
		{421402B9-2E61-42FF-840D-9D0A2EF70514} = {B89B839B-3372-46C2-9EE8-DFF6E107D62C}
		{98A99FD3-69F3-4BD2-8443-51E6D6F1C4FE} = {B89B839B-3372-46C2-9EE8-DFF6E107D62C}
		{F6E03319-8CA2-4127-8BDB-2E169263B006} = {B89B839B-3372-46C2-9EE8-DFF6E107D62C}
		{0BB9D412-10E2-4271-81D0-8F2D89681FA5} = {B89B839B-3372-46C2-9EE8-DFF6E107D62C}
		{C5C819FE-200B-4E47-9B00-11C03D5AB1B7} = {B89B839B-3372-46C2-9EE8-DFF6E107D62C}
		{D86F43C8-1AF6-4ADA-901D-E480BCA65EAF} = {B89B839B-3372-46C2-9EE8-DFF6E107D62C}
		{9E9620B3-3FD3-43D7-AD15-3D163E3105D9} = {B89B839B-3372-46C2-9EE8-DFF6E107D62C}
		{FF51EEF6-53D4-4C24-82D1-90FC348FC327} = {B89B839B-3372-46C2-9EE8-DFF6E107D62C}
		{35CE0A93-28F4-43A4-8CE8-FA0FE8756577} = {B89B839B-3372-46C2-9EE8-DFF6E107D62C}
		{97DBF5EB-CB5B-415D-8819-76318EEA937E} = {B89B839B-3372-46C2-9EE8-DFF6E107D62C}
		{9D4CBF10-74BB-4161-B482-AD88564B44A3} = {B89B839B-3372-46C2-9EE8-DFF6E107D62C}
		{29B593B4-BA09-48A3-AD02-A5C5992BE196} = {B89B839B-3372-46C2-9EE8-DFF6E107D62C}
		{613F2108-3345-457E-8D40-04D1F5C6CD79} = {B89B839B-3372-46C2-9EE8-DFF6E107D62C}
		{D959DEC8-8D60-4744-BE00-DFB8FF98D87D} = {B89B839B-3372-46C2-9EE8-DFF6E107D62C}
		{0F950761-B7B2-4135-883E-3B8A0B13793E} = {B89B839B-3372-46C2-9EE8-DFF6E107D62C}
		{88D8DDB5-DED4-44BC-ABDE-08EC1FB2828E} = {B89B839B-3372-46C2-9EE8-DFF6E107D62C}
		{82E20455-CF9B-4CBD-8DE9-9564E491568B} = {B89B839B-3372-46C2-9EE8-DFF6E107D62C}
		{DB00E101-D405-42C0-BFB9-4BF94905CA10} = {B89B839B-3372-46C2-9EE8-DFF6E107D62C}
		{D91DA30B-D167-4D53-83C3-8F911F5917BD} = {B89B839B-3372-46C2-9EE8-DFF6E107D62C}
		{2CA7B7D8-BE50-4712-8ED0-910F600B2EAA} = {B89B839B-3372-46C2-9EE8-DFF6E107D62C}
		{D0262C88-A3C1-40CE-AD85-750908C428D1} = {B89B839B-3372-46C2-9EE8-DFF6E107D62C}
		{92ECE186-54A1-4E3E-A391-B965144F51F8} = {B89B839B-3372-46C2-9EE8-DFF6E107D62C}
		{2D347E05-5CF9-4CD9-A2C1-16E86DEC2EDF} = {B89B839B-3372-46C2-9EE8-DFF6E107D62C}
		{73CF94AB-FFC7-44E4-A191-25C344B0D1C0} = {B89B839B-3372-46C2-9EE8-DFF6E107D62C}
		{7580E54D-65C8-45BB-87D6-6220B1D25023} = {B89B839B-3372-46C2-9EE8-DFF6E107D62C}
		{828D68DB-2A43-488E-B199-4CAA823C3EED} = {B89B839B-3372-46C2-9EE8-DFF6E107D62C}
		{3EFC23F1-B99A-4775-B7D3-74D7332C4BDF} = {B89B839B-3372-46C2-9EE8-DFF6E107D62C}
		{F08D0FDF-972E-42E1-AD38-74F14F8F7228} = {B89B839B-3372-46C2-9EE8-DFF6E107D62C}
		{8860EEE4-7602-44AA-A924-8E387BBF0AD5} = {B89B839B-3372-46C2-9EE8-DFF6E107D62C}
		{4FB55B67-0D1B-4C5A-AE73-257CFA8FEBA8} = {B89B839B-3372-46C2-9EE8-DFF6E107D62C}
		{5A258636-C6B7-48E1-A9D7-9D06E95C1CB9} = {B89B839B-3372-46C2-9EE8-DFF6E107D62C}
		{4ADF6E66-5699-4A3A-8BF1-B0CE0B4741A8} = {B89B839B-3372-46C2-9EE8-DFF6E107D62C}
		{5E1C0F5C-D935-43D2-B165-310F7FEBA04E} = {B89B839B-3372-46C2-9EE8-DFF6E107D62C}
		{DBDC8455-E0A0-4E65-BFE0-1E981201749A} = {B89B839B-3372-46C2-9EE8-DFF6E107D62C}
		{BE2CB98D-30C8-4BAB-9159-F646D9610C6E} = {B89B839B-3372-46C2-9EE8-DFF6E107D62C}
		{303112B2-1332-40F6-B13F-A9010E0D5BF6} = {B89B839B-3372-46C2-9EE8-DFF6E107D62C}
		{851D0F4C-DEF0-42AF-9495-E13199235119} = {B89B839B-3372-46C2-9EE8-DFF6E107D62C}
		{A3AAD036-625F-461A-A09A-56010D1C2045} = {B89B839B-3372-46C2-9EE8-DFF6E107D62C}
		{4919869B-35E6-4D2D-9CE1-9AD6BBE41FD3} = {B89B839B-3372-46C2-9EE8-DFF6E107D62C}
		{AE0001F0-54FE-46A7-B604-80928AEBB5D5} = {B89B839B-3372-46C2-9EE8-DFF6E107D62C}
		{BDED0F30-81A6-4B3F-B239-16F1F5EABBFB} = {B89B839B-3372-46C2-9EE8-DFF6E107D62C}
		{5C11C11A-FA4F-4521-967A-9F249A63D3CC} = {B89B839B-3372-46C2-9EE8-DFF6E107D62C}
		{DDB9AB73-618B-4702-9D81-5AEE3E662575} = {B89B839B-3372-46C2-9EE8-DFF6E107D62C}
		{4E9C4056-AF4F-45C0-B5D8-BD700F0A5389} = {B89B839B-3372-46C2-9EE8-DFF6E107D62C}
		{A4FF2486-AB3E-4952-B171-A514327738D3} = {B89B839B-3372-46C2-9EE8-DFF6E107D62C}
		{B6A710FF-A8EF-4C7E-BDB7-294AB69D6E33} = {B89B839B-3372-46C2-9EE8-DFF6E107D62C}
		{57CC1EB2-D161-44D3-9F29-2BEC8E092E13} = {B89B839B-3372-46C2-9EE8-DFF6E107D62C}
		{DD1B8BB6-DB8C-4F62-B391-9AE8600A5E27} = {B89B839B-3372-46C2-9EE8-DFF6E107D62C}
		{D37B718F-092F-49E3-A871-E967DC5BADED} = {B89B839B-3372-46C2-9EE8-DFF6E107D62C}
		{738E3797-D107-4F23-AB70-3395FF97C242} = {B89B839B-3372-46C2-9EE8-DFF6E107D62C}
		{760F69F3-A847-492E-AD89-4CF7918754C3} = {B89B839B-3372-46C2-9EE8-DFF6E107D62C}
		{635705B4-9264-4A1C-B07F-E1AF2237C03E} = {B89B839B-3372-46C2-9EE8-DFF6E107D62C}
		{F22AEF60-BBD9-44BB-9CB1-F4F1BFFF4390} = {B89B839B-3372-46C2-9EE8-DFF6E107D62C}
		{BEA0AE9A-F42F-4FE5-9F15-9F0B971150D4} = {B89B839B-3372-46C2-9EE8-DFF6E107D62C}
	EndGlobalSection
	GlobalSection(SolutionConfigurationPlatforms) = preSolution
		Debug|Any CPU = Debug|Any CPU
		Release|Any CPU = Release|Any CPU
	EndGlobalSection
	GlobalSection(ProjectConfigurationPlatforms) = postSolution
		{0FF4FBD8-A6F1-4104-BAB9-976FD61C3DF3}.Debug|Any CPU.ActiveCfg = Debug|Any CPU
		{0FF4FBD8-A6F1-4104-BAB9-976FD61C3DF3}.Debug|Any CPU.Build.0 = Debug|Any CPU
		{0FF4FBD8-A6F1-4104-BAB9-976FD61C3DF3}.Release|Any CPU.ActiveCfg = Release|Any CPU
		{0FF4FBD8-A6F1-4104-BAB9-976FD61C3DF3}.Release|Any CPU.Build.0 = Release|Any CPU
		{2E3EBE38-6BA4-4CCF-8379-81289CD2B119}.Debug|Any CPU.ActiveCfg = Debug|Any CPU
		{2E3EBE38-6BA4-4CCF-8379-81289CD2B119}.Debug|Any CPU.Build.0 = Debug|Any CPU
		{2E3EBE38-6BA4-4CCF-8379-81289CD2B119}.Release|Any CPU.ActiveCfg = Release|Any CPU
		{2E3EBE38-6BA4-4CCF-8379-81289CD2B119}.Release|Any CPU.Build.0 = Release|Any CPU
		{ECBBA61F-169D-43CA-8B7C-418FD1465D0D}.Debug|Any CPU.ActiveCfg = Debug|Any CPU
		{ECBBA61F-169D-43CA-8B7C-418FD1465D0D}.Debug|Any CPU.Build.0 = Debug|Any CPU
		{ECBBA61F-169D-43CA-8B7C-418FD1465D0D}.Release|Any CPU.ActiveCfg = Release|Any CPU
		{ECBBA61F-169D-43CA-8B7C-418FD1465D0D}.Release|Any CPU.Build.0 = Release|Any CPU
		{DCD3AA02-E72C-47BA-BC3E-D77EC9C79FE5}.Debug|Any CPU.ActiveCfg = Debug|Any CPU
		{DCD3AA02-E72C-47BA-BC3E-D77EC9C79FE5}.Debug|Any CPU.Build.0 = Debug|Any CPU
		{DCD3AA02-E72C-47BA-BC3E-D77EC9C79FE5}.Release|Any CPU.ActiveCfg = Release|Any CPU
		{DCD3AA02-E72C-47BA-BC3E-D77EC9C79FE5}.Release|Any CPU.Build.0 = Release|Any CPU
		{317BD6FC-59BA-47E8-AA24-FCC6D9F3F4B8}.Debug|Any CPU.ActiveCfg = Debug|Any CPU
		{317BD6FC-59BA-47E8-AA24-FCC6D9F3F4B8}.Debug|Any CPU.Build.0 = Debug|Any CPU
		{317BD6FC-59BA-47E8-AA24-FCC6D9F3F4B8}.Release|Any CPU.ActiveCfg = Release|Any CPU
		{317BD6FC-59BA-47E8-AA24-FCC6D9F3F4B8}.Release|Any CPU.Build.0 = Release|Any CPU
		{8276EE0F-8AFA-4406-BD2A-0D8ACFD18932}.Debug|Any CPU.ActiveCfg = Debug|Any CPU
		{8276EE0F-8AFA-4406-BD2A-0D8ACFD18932}.Debug|Any CPU.Build.0 = Debug|Any CPU
		{8276EE0F-8AFA-4406-BD2A-0D8ACFD18932}.Release|Any CPU.ActiveCfg = Release|Any CPU
		{8276EE0F-8AFA-4406-BD2A-0D8ACFD18932}.Release|Any CPU.Build.0 = Release|Any CPU
		{4FF32AC0-669B-471B-A87B-667C19A9F1A8}.Debug|Any CPU.ActiveCfg = Debug|Any CPU
		{4FF32AC0-669B-471B-A87B-667C19A9F1A8}.Debug|Any CPU.Build.0 = Debug|Any CPU
		{4FF32AC0-669B-471B-A87B-667C19A9F1A8}.Release|Any CPU.ActiveCfg = Release|Any CPU
		{4FF32AC0-669B-471B-A87B-667C19A9F1A8}.Release|Any CPU.Build.0 = Release|Any CPU
		{FC87834F-BF59-45E2-BF4A-6BE36A1A0F9D}.Debug|Any CPU.ActiveCfg = Debug|Any CPU
		{FC87834F-BF59-45E2-BF4A-6BE36A1A0F9D}.Debug|Any CPU.Build.0 = Debug|Any CPU
		{FC87834F-BF59-45E2-BF4A-6BE36A1A0F9D}.Release|Any CPU.ActiveCfg = Release|Any CPU
		{FC87834F-BF59-45E2-BF4A-6BE36A1A0F9D}.Release|Any CPU.Build.0 = Release|Any CPU
		{04E5FD2D-0D4E-427A-8989-0C62667058DD}.Debug|Any CPU.ActiveCfg = Debug|Any CPU
		{04E5FD2D-0D4E-427A-8989-0C62667058DD}.Debug|Any CPU.Build.0 = Debug|Any CPU
		{04E5FD2D-0D4E-427A-8989-0C62667058DD}.Release|Any CPU.ActiveCfg = Release|Any CPU
		{04E5FD2D-0D4E-427A-8989-0C62667058DD}.Release|Any CPU.Build.0 = Release|Any CPU
		{591727F3-4B78-4B5A-A664-29F838E4B370}.Debug|Any CPU.ActiveCfg = Debug|Any CPU
		{591727F3-4B78-4B5A-A664-29F838E4B370}.Debug|Any CPU.Build.0 = Debug|Any CPU
		{591727F3-4B78-4B5A-A664-29F838E4B370}.Release|Any CPU.ActiveCfg = Release|Any CPU
		{591727F3-4B78-4B5A-A664-29F838E4B370}.Release|Any CPU.Build.0 = Release|Any CPU
		{317C699C-96B6-443B-A6B3-EF421FA3A219}.Debug|Any CPU.ActiveCfg = Debug|Any CPU
		{317C699C-96B6-443B-A6B3-EF421FA3A219}.Debug|Any CPU.Build.0 = Debug|Any CPU
		{317C699C-96B6-443B-A6B3-EF421FA3A219}.Release|Any CPU.ActiveCfg = Release|Any CPU
		{317C699C-96B6-443B-A6B3-EF421FA3A219}.Release|Any CPU.Build.0 = Release|Any CPU
		{1D556E6A-B0FB-4D00-B461-00D63DCBED0B}.Debug|Any CPU.ActiveCfg = Debug|Any CPU
		{1D556E6A-B0FB-4D00-B461-00D63DCBED0B}.Debug|Any CPU.Build.0 = Debug|Any CPU
		{1D556E6A-B0FB-4D00-B461-00D63DCBED0B}.Release|Any CPU.ActiveCfg = Release|Any CPU
		{1D556E6A-B0FB-4D00-B461-00D63DCBED0B}.Release|Any CPU.Build.0 = Release|Any CPU
		{4B791D53-151D-4AAD-8369-E088E0F4629D}.Debug|Any CPU.ActiveCfg = Debug|Any CPU
		{4B791D53-151D-4AAD-8369-E088E0F4629D}.Debug|Any CPU.Build.0 = Debug|Any CPU
		{4B791D53-151D-4AAD-8369-E088E0F4629D}.Release|Any CPU.ActiveCfg = Release|Any CPU
		{4B791D53-151D-4AAD-8369-E088E0F4629D}.Release|Any CPU.Build.0 = Release|Any CPU
		{288DCA71-0284-4AF5-9340-5F1243B5764B}.Debug|Any CPU.ActiveCfg = Debug|Any CPU
		{288DCA71-0284-4AF5-9340-5F1243B5764B}.Debug|Any CPU.Build.0 = Debug|Any CPU
		{288DCA71-0284-4AF5-9340-5F1243B5764B}.Release|Any CPU.ActiveCfg = Release|Any CPU
		{288DCA71-0284-4AF5-9340-5F1243B5764B}.Release|Any CPU.Build.0 = Release|Any CPU
		{84130E32-EB09-4C28-9325-759956359609}.Debug|Any CPU.ActiveCfg = Debug|Any CPU
		{84130E32-EB09-4C28-9325-759956359609}.Debug|Any CPU.Build.0 = Debug|Any CPU
		{84130E32-EB09-4C28-9325-759956359609}.Release|Any CPU.ActiveCfg = Release|Any CPU
		{84130E32-EB09-4C28-9325-759956359609}.Release|Any CPU.Build.0 = Release|Any CPU
		{E9C11BF9-96CB-4B89-B1D7-F97BA256236E}.Debug|Any CPU.ActiveCfg = Debug|Any CPU
		{E9C11BF9-96CB-4B89-B1D7-F97BA256236E}.Debug|Any CPU.Build.0 = Debug|Any CPU
		{E9C11BF9-96CB-4B89-B1D7-F97BA256236E}.Release|Any CPU.ActiveCfg = Release|Any CPU
		{E9C11BF9-96CB-4B89-B1D7-F97BA256236E}.Release|Any CPU.Build.0 = Release|Any CPU
		{386AC7E1-1CF6-46AF-9B6E-E1DA622B7164}.Debug|Any CPU.ActiveCfg = Debug|Any CPU
		{386AC7E1-1CF6-46AF-9B6E-E1DA622B7164}.Debug|Any CPU.Build.0 = Debug|Any CPU
		{386AC7E1-1CF6-46AF-9B6E-E1DA622B7164}.Release|Any CPU.ActiveCfg = Release|Any CPU
		{386AC7E1-1CF6-46AF-9B6E-E1DA622B7164}.Release|Any CPU.Build.0 = Release|Any CPU
		{96E43F74-188A-4C67-BBD7-B5F87BD8693E}.Debug|Any CPU.ActiveCfg = Debug|Any CPU
		{96E43F74-188A-4C67-BBD7-B5F87BD8693E}.Debug|Any CPU.Build.0 = Debug|Any CPU
		{96E43F74-188A-4C67-BBD7-B5F87BD8693E}.Release|Any CPU.ActiveCfg = Release|Any CPU
		{96E43F74-188A-4C67-BBD7-B5F87BD8693E}.Release|Any CPU.Build.0 = Release|Any CPU
		{6EB2EF15-6817-411B-AA82-8193BB635754}.Debug|Any CPU.ActiveCfg = Debug|Any CPU
		{6EB2EF15-6817-411B-AA82-8193BB635754}.Debug|Any CPU.Build.0 = Debug|Any CPU
		{6EB2EF15-6817-411B-AA82-8193BB635754}.Release|Any CPU.ActiveCfg = Release|Any CPU
		{6EB2EF15-6817-411B-AA82-8193BB635754}.Release|Any CPU.Build.0 = Release|Any CPU
		{85E1E908-1883-4864-884F-7423C3321FAC}.Debug|Any CPU.ActiveCfg = Debug|Any CPU
		{85E1E908-1883-4864-884F-7423C3321FAC}.Debug|Any CPU.Build.0 = Debug|Any CPU
		{85E1E908-1883-4864-884F-7423C3321FAC}.Release|Any CPU.ActiveCfg = Release|Any CPU
		{85E1E908-1883-4864-884F-7423C3321FAC}.Release|Any CPU.Build.0 = Release|Any CPU
		{F6966944-CA65-45C2-9993-A5500AF2B4E1}.Debug|Any CPU.ActiveCfg = Debug|Any CPU
		{F6966944-CA65-45C2-9993-A5500AF2B4E1}.Debug|Any CPU.Build.0 = Debug|Any CPU
		{F6966944-CA65-45C2-9993-A5500AF2B4E1}.Release|Any CPU.ActiveCfg = Release|Any CPU
		{F6966944-CA65-45C2-9993-A5500AF2B4E1}.Release|Any CPU.Build.0 = Release|Any CPU
		{15696A3E-53C7-4359-A61D-A8ABD470040D}.Debug|Any CPU.ActiveCfg = Debug|Any CPU
		{15696A3E-53C7-4359-A61D-A8ABD470040D}.Debug|Any CPU.Build.0 = Debug|Any CPU
		{15696A3E-53C7-4359-A61D-A8ABD470040D}.Release|Any CPU.ActiveCfg = Release|Any CPU
		{15696A3E-53C7-4359-A61D-A8ABD470040D}.Release|Any CPU.Build.0 = Release|Any CPU
		{D22CA387-C0A3-495B-A297-B29D130A1B71}.Debug|Any CPU.ActiveCfg = Debug|Any CPU
		{D22CA387-C0A3-495B-A297-B29D130A1B71}.Debug|Any CPU.Build.0 = Debug|Any CPU
		{D22CA387-C0A3-495B-A297-B29D130A1B71}.Release|Any CPU.ActiveCfg = Release|Any CPU
		{D22CA387-C0A3-495B-A297-B29D130A1B71}.Release|Any CPU.Build.0 = Release|Any CPU
		{03D63417-EFC5-486A-BFF1-F0570960AB81}.Debug|Any CPU.ActiveCfg = Debug|Any CPU
		{03D63417-EFC5-486A-BFF1-F0570960AB81}.Debug|Any CPU.Build.0 = Debug|Any CPU
		{03D63417-EFC5-486A-BFF1-F0570960AB81}.Release|Any CPU.ActiveCfg = Release|Any CPU
		{03D63417-EFC5-486A-BFF1-F0570960AB81}.Release|Any CPU.Build.0 = Release|Any CPU
		{A0687656-A265-43BC-B6E9-9698EAAFDB95}.Debug|Any CPU.ActiveCfg = Debug|Any CPU
		{A0687656-A265-43BC-B6E9-9698EAAFDB95}.Debug|Any CPU.Build.0 = Debug|Any CPU
		{A0687656-A265-43BC-B6E9-9698EAAFDB95}.Release|Any CPU.ActiveCfg = Release|Any CPU
		{A0687656-A265-43BC-B6E9-9698EAAFDB95}.Release|Any CPU.Build.0 = Release|Any CPU
		{88E149A2-7DE6-4F1F-94AC-DB6F9141E050}.Debug|Any CPU.ActiveCfg = Debug|Any CPU
		{88E149A2-7DE6-4F1F-94AC-DB6F9141E050}.Debug|Any CPU.Build.0 = Debug|Any CPU
		{88E149A2-7DE6-4F1F-94AC-DB6F9141E050}.Release|Any CPU.ActiveCfg = Release|Any CPU
		{88E149A2-7DE6-4F1F-94AC-DB6F9141E050}.Release|Any CPU.Build.0 = Release|Any CPU
		{5A340A22-2A65-446E-921C-C8419B7611B3}.Debug|Any CPU.ActiveCfg = Debug|Any CPU
		{5A340A22-2A65-446E-921C-C8419B7611B3}.Debug|Any CPU.Build.0 = Debug|Any CPU
		{5A340A22-2A65-446E-921C-C8419B7611B3}.Release|Any CPU.ActiveCfg = Release|Any CPU
		{5A340A22-2A65-446E-921C-C8419B7611B3}.Release|Any CPU.Build.0 = Release|Any CPU
		{D3B1D853-D52F-47EF-BDEE-11DF189ED517}.Debug|Any CPU.ActiveCfg = Debug|Any CPU
		{D3B1D853-D52F-47EF-BDEE-11DF189ED517}.Debug|Any CPU.Build.0 = Debug|Any CPU
		{D3B1D853-D52F-47EF-BDEE-11DF189ED517}.Release|Any CPU.ActiveCfg = Release|Any CPU
		{D3B1D853-D52F-47EF-BDEE-11DF189ED517}.Release|Any CPU.Build.0 = Release|Any CPU
		{1EDFFF34-4361-4D03-B15A-BE25017C257D}.Debug|Any CPU.ActiveCfg = Debug|Any CPU
		{1EDFFF34-4361-4D03-B15A-BE25017C257D}.Debug|Any CPU.Build.0 = Debug|Any CPU
		{1EDFFF34-4361-4D03-B15A-BE25017C257D}.Release|Any CPU.ActiveCfg = Release|Any CPU
		{1EDFFF34-4361-4D03-B15A-BE25017C257D}.Release|Any CPU.Build.0 = Release|Any CPU
		{CA4D4554-9911-4727-A17D-0E47C1BF2B03}.Debug|Any CPU.ActiveCfg = Debug|Any CPU
		{CA4D4554-9911-4727-A17D-0E47C1BF2B03}.Debug|Any CPU.Build.0 = Debug|Any CPU
		{CA4D4554-9911-4727-A17D-0E47C1BF2B03}.Release|Any CPU.ActiveCfg = Release|Any CPU
		{CA4D4554-9911-4727-A17D-0E47C1BF2B03}.Release|Any CPU.Build.0 = Release|Any CPU
		{9942F7A8-A470-4355-A76E-56CF4BF86FFA}.Debug|Any CPU.ActiveCfg = Debug|Any CPU
		{9942F7A8-A470-4355-A76E-56CF4BF86FFA}.Debug|Any CPU.Build.0 = Debug|Any CPU
		{9942F7A8-A470-4355-A76E-56CF4BF86FFA}.Release|Any CPU.ActiveCfg = Release|Any CPU
		{9942F7A8-A470-4355-A76E-56CF4BF86FFA}.Release|Any CPU.Build.0 = Release|Any CPU
		{26C30C56-4671-4465-A785-46E1505868F6}.Debug|Any CPU.ActiveCfg = Debug|Any CPU
		{26C30C56-4671-4465-A785-46E1505868F6}.Debug|Any CPU.Build.0 = Debug|Any CPU
		{26C30C56-4671-4465-A785-46E1505868F6}.Release|Any CPU.ActiveCfg = Release|Any CPU
		{26C30C56-4671-4465-A785-46E1505868F6}.Release|Any CPU.Build.0 = Release|Any CPU
		{593A153B-4864-4A54-882A-AAD038E53D17}.Debug|Any CPU.ActiveCfg = Debug|Any CPU
		{593A153B-4864-4A54-882A-AAD038E53D17}.Debug|Any CPU.Build.0 = Debug|Any CPU
		{593A153B-4864-4A54-882A-AAD038E53D17}.Release|Any CPU.ActiveCfg = Release|Any CPU
		{593A153B-4864-4A54-882A-AAD038E53D17}.Release|Any CPU.Build.0 = Release|Any CPU
		{8B6D7DA8-7524-4FDF-BFA5-8F742AC00CF5}.Debug|Any CPU.ActiveCfg = Debug|Any CPU
		{8B6D7DA8-7524-4FDF-BFA5-8F742AC00CF5}.Debug|Any CPU.Build.0 = Debug|Any CPU
		{8B6D7DA8-7524-4FDF-BFA5-8F742AC00CF5}.Release|Any CPU.ActiveCfg = Release|Any CPU
		{8B6D7DA8-7524-4FDF-BFA5-8F742AC00CF5}.Release|Any CPU.Build.0 = Release|Any CPU
		{43920D3D-BD9D-4118-90D9-51D8F75D5275}.Debug|Any CPU.ActiveCfg = Debug|Any CPU
		{43920D3D-BD9D-4118-90D9-51D8F75D5275}.Debug|Any CPU.Build.0 = Debug|Any CPU
		{43920D3D-BD9D-4118-90D9-51D8F75D5275}.Release|Any CPU.ActiveCfg = Release|Any CPU
		{43920D3D-BD9D-4118-90D9-51D8F75D5275}.Release|Any CPU.Build.0 = Release|Any CPU
		{C175D3B1-2DCE-426F-BBFA-743A3F823929}.Debug|Any CPU.ActiveCfg = Debug|Any CPU
		{C175D3B1-2DCE-426F-BBFA-743A3F823929}.Debug|Any CPU.Build.0 = Debug|Any CPU
		{C175D3B1-2DCE-426F-BBFA-743A3F823929}.Release|Any CPU.ActiveCfg = Release|Any CPU
		{C175D3B1-2DCE-426F-BBFA-743A3F823929}.Release|Any CPU.Build.0 = Release|Any CPU
		{FA66016E-D580-49E3-92E6-9A62629576A2}.Debug|Any CPU.ActiveCfg = Debug|Any CPU
		{FA66016E-D580-49E3-92E6-9A62629576A2}.Debug|Any CPU.Build.0 = Debug|Any CPU
		{FA66016E-D580-49E3-92E6-9A62629576A2}.Release|Any CPU.ActiveCfg = Release|Any CPU
		{FA66016E-D580-49E3-92E6-9A62629576A2}.Release|Any CPU.Build.0 = Release|Any CPU
		{9E2DD5C1-CC23-468A-8160-09BB2A3FCD8C}.Debug|Any CPU.ActiveCfg = Debug|Any CPU
		{9E2DD5C1-CC23-468A-8160-09BB2A3FCD8C}.Debug|Any CPU.Build.0 = Debug|Any CPU
		{9E2DD5C1-CC23-468A-8160-09BB2A3FCD8C}.Release|Any CPU.ActiveCfg = Release|Any CPU
		{9E2DD5C1-CC23-468A-8160-09BB2A3FCD8C}.Release|Any CPU.Build.0 = Release|Any CPU
		{A611A52C-D9FF-455C-98F3-93B22057B22C}.Debug|Any CPU.ActiveCfg = Debug|Any CPU
		{A611A52C-D9FF-455C-98F3-93B22057B22C}.Debug|Any CPU.Build.0 = Debug|Any CPU
		{A611A52C-D9FF-455C-98F3-93B22057B22C}.Release|Any CPU.ActiveCfg = Release|Any CPU
		{A611A52C-D9FF-455C-98F3-93B22057B22C}.Release|Any CPU.Build.0 = Release|Any CPU
		{0F8DE6F1-9518-476E-83B4-75555E0989E9}.Debug|Any CPU.ActiveCfg = Debug|Any CPU
		{0F8DE6F1-9518-476E-83B4-75555E0989E9}.Debug|Any CPU.Build.0 = Debug|Any CPU
		{0F8DE6F1-9518-476E-83B4-75555E0989E9}.Release|Any CPU.ActiveCfg = Release|Any CPU
		{0F8DE6F1-9518-476E-83B4-75555E0989E9}.Release|Any CPU.Build.0 = Release|Any CPU
		{170B8DF8-222A-4E67-AC9D-D6B7BD2F5114}.Debug|Any CPU.ActiveCfg = Debug|Any CPU
		{170B8DF8-222A-4E67-AC9D-D6B7BD2F5114}.Debug|Any CPU.Build.0 = Debug|Any CPU
		{170B8DF8-222A-4E67-AC9D-D6B7BD2F5114}.Release|Any CPU.ActiveCfg = Release|Any CPU
		{170B8DF8-222A-4E67-AC9D-D6B7BD2F5114}.Release|Any CPU.Build.0 = Release|Any CPU
		{D7178DC3-C589-4EDF-8988-530FCC4E62E5}.Debug|Any CPU.ActiveCfg = Debug|Any CPU
		{D7178DC3-C589-4EDF-8988-530FCC4E62E5}.Debug|Any CPU.Build.0 = Debug|Any CPU
		{D7178DC3-C589-4EDF-8988-530FCC4E62E5}.Release|Any CPU.ActiveCfg = Release|Any CPU
		{D7178DC3-C589-4EDF-8988-530FCC4E62E5}.Release|Any CPU.Build.0 = Release|Any CPU
		{7D4CC95A-47B4-4585-9887-FEE51F9D08D0}.Debug|Any CPU.ActiveCfg = Debug|Any CPU
		{7D4CC95A-47B4-4585-9887-FEE51F9D08D0}.Debug|Any CPU.Build.0 = Debug|Any CPU
		{7D4CC95A-47B4-4585-9887-FEE51F9D08D0}.Release|Any CPU.ActiveCfg = Release|Any CPU
		{7D4CC95A-47B4-4585-9887-FEE51F9D08D0}.Release|Any CPU.Build.0 = Release|Any CPU
		{A8ECFF7A-397F-4616-8E41-5C875E64350E}.Debug|Any CPU.ActiveCfg = Debug|Any CPU
		{A8ECFF7A-397F-4616-8E41-5C875E64350E}.Debug|Any CPU.Build.0 = Debug|Any CPU
		{A8ECFF7A-397F-4616-8E41-5C875E64350E}.Release|Any CPU.ActiveCfg = Release|Any CPU
		{A8ECFF7A-397F-4616-8E41-5C875E64350E}.Release|Any CPU.Build.0 = Release|Any CPU
		{224CD683-470C-46BC-9717-5FF1E2FBD42E}.Debug|Any CPU.ActiveCfg = Debug|Any CPU
		{224CD683-470C-46BC-9717-5FF1E2FBD42E}.Debug|Any CPU.Build.0 = Debug|Any CPU
		{224CD683-470C-46BC-9717-5FF1E2FBD42E}.Release|Any CPU.ActiveCfg = Release|Any CPU
		{224CD683-470C-46BC-9717-5FF1E2FBD42E}.Release|Any CPU.Build.0 = Release|Any CPU
		{C5585D15-240C-49B5-9D3B-964865707510}.Debug|Any CPU.ActiveCfg = Debug|Any CPU
		{C5585D15-240C-49B5-9D3B-964865707510}.Debug|Any CPU.Build.0 = Debug|Any CPU
		{C5585D15-240C-49B5-9D3B-964865707510}.Release|Any CPU.ActiveCfg = Release|Any CPU
		{C5585D15-240C-49B5-9D3B-964865707510}.Release|Any CPU.Build.0 = Release|Any CPU
		{CC27CF87-E818-4B84-9DE3-EAD603592062}.Debug|Any CPU.ActiveCfg = Debug|Any CPU
		{CC27CF87-E818-4B84-9DE3-EAD603592062}.Debug|Any CPU.Build.0 = Debug|Any CPU
		{CC27CF87-E818-4B84-9DE3-EAD603592062}.Release|Any CPU.ActiveCfg = Release|Any CPU
		{CC27CF87-E818-4B84-9DE3-EAD603592062}.Release|Any CPU.Build.0 = Release|Any CPU
		{9418D3BB-8C6D-4F2C-888A-1B47BC075C93}.Debug|Any CPU.ActiveCfg = Debug|Any CPU
		{9418D3BB-8C6D-4F2C-888A-1B47BC075C93}.Debug|Any CPU.Build.0 = Debug|Any CPU
		{9418D3BB-8C6D-4F2C-888A-1B47BC075C93}.Release|Any CPU.ActiveCfg = Release|Any CPU
		{9418D3BB-8C6D-4F2C-888A-1B47BC075C93}.Release|Any CPU.Build.0 = Release|Any CPU
		{CC15BEC2-1B11-4BFE-8589-820ABA2B41DB}.Debug|Any CPU.ActiveCfg = Debug|Any CPU
		{CC15BEC2-1B11-4BFE-8589-820ABA2B41DB}.Debug|Any CPU.Build.0 = Debug|Any CPU
		{CC15BEC2-1B11-4BFE-8589-820ABA2B41DB}.Release|Any CPU.ActiveCfg = Release|Any CPU
		{CC15BEC2-1B11-4BFE-8589-820ABA2B41DB}.Release|Any CPU.Build.0 = Release|Any CPU
		{10DC89E5-24EE-48E9-8F9F-D23E22A90F36}.Debug|Any CPU.ActiveCfg = Debug|Any CPU
		{10DC89E5-24EE-48E9-8F9F-D23E22A90F36}.Debug|Any CPU.Build.0 = Debug|Any CPU
		{10DC89E5-24EE-48E9-8F9F-D23E22A90F36}.Release|Any CPU.ActiveCfg = Release|Any CPU
		{10DC89E5-24EE-48E9-8F9F-D23E22A90F36}.Release|Any CPU.Build.0 = Release|Any CPU
		{51273DA0-B39A-4787-A7E9-15340418D0AB}.Debug|Any CPU.ActiveCfg = Debug|Any CPU
		{51273DA0-B39A-4787-A7E9-15340418D0AB}.Debug|Any CPU.Build.0 = Debug|Any CPU
		{51273DA0-B39A-4787-A7E9-15340418D0AB}.Release|Any CPU.ActiveCfg = Release|Any CPU
		{51273DA0-B39A-4787-A7E9-15340418D0AB}.Release|Any CPU.Build.0 = Release|Any CPU
		{B36C633C-E557-4B38-A20A-0449E77B91E8}.Debug|Any CPU.ActiveCfg = Debug|Any CPU
		{B36C633C-E557-4B38-A20A-0449E77B91E8}.Debug|Any CPU.Build.0 = Debug|Any CPU
		{B36C633C-E557-4B38-A20A-0449E77B91E8}.Release|Any CPU.ActiveCfg = Release|Any CPU
		{B36C633C-E557-4B38-A20A-0449E77B91E8}.Release|Any CPU.Build.0 = Release|Any CPU
		{C2578EB5-C5E4-47B3-81E0-F26AE0EE90EE}.Debug|Any CPU.ActiveCfg = Debug|Any CPU
		{C2578EB5-C5E4-47B3-81E0-F26AE0EE90EE}.Debug|Any CPU.Build.0 = Debug|Any CPU
		{C2578EB5-C5E4-47B3-81E0-F26AE0EE90EE}.Release|Any CPU.ActiveCfg = Release|Any CPU
		{C2578EB5-C5E4-47B3-81E0-F26AE0EE90EE}.Release|Any CPU.Build.0 = Release|Any CPU
		{39C004A2-4B1C-46E2-B3EE-39A6F60262B3}.Debug|Any CPU.ActiveCfg = Debug|Any CPU
		{39C004A2-4B1C-46E2-B3EE-39A6F60262B3}.Debug|Any CPU.Build.0 = Debug|Any CPU
		{39C004A2-4B1C-46E2-B3EE-39A6F60262B3}.Release|Any CPU.ActiveCfg = Release|Any CPU
		{39C004A2-4B1C-46E2-B3EE-39A6F60262B3}.Release|Any CPU.Build.0 = Release|Any CPU
		{F84DD546-E750-47B0-8780-D2B84E510996}.Debug|Any CPU.ActiveCfg = Debug|Any CPU
		{F84DD546-E750-47B0-8780-D2B84E510996}.Debug|Any CPU.Build.0 = Debug|Any CPU
		{F84DD546-E750-47B0-8780-D2B84E510996}.Release|Any CPU.ActiveCfg = Release|Any CPU
		{F84DD546-E750-47B0-8780-D2B84E510996}.Release|Any CPU.Build.0 = Release|Any CPU
		{ECF92089-052F-48CD-942F-B7FBB624C5D6}.Debug|Any CPU.ActiveCfg = Debug|Any CPU
		{ECF92089-052F-48CD-942F-B7FBB624C5D6}.Debug|Any CPU.Build.0 = Debug|Any CPU
		{ECF92089-052F-48CD-942F-B7FBB624C5D6}.Release|Any CPU.ActiveCfg = Release|Any CPU
		{ECF92089-052F-48CD-942F-B7FBB624C5D6}.Release|Any CPU.Build.0 = Release|Any CPU
		{16C7271A-3555-42D5-92BB-47BBD90A5CCE}.Debug|Any CPU.ActiveCfg = Debug|Any CPU
		{16C7271A-3555-42D5-92BB-47BBD90A5CCE}.Debug|Any CPU.Build.0 = Debug|Any CPU
		{16C7271A-3555-42D5-92BB-47BBD90A5CCE}.Release|Any CPU.ActiveCfg = Release|Any CPU
		{16C7271A-3555-42D5-92BB-47BBD90A5CCE}.Release|Any CPU.Build.0 = Release|Any CPU
		{3B8D5DB0-70AE-4E86-9156-7099A1A9A03A}.Debug|Any CPU.ActiveCfg = Debug|Any CPU
		{3B8D5DB0-70AE-4E86-9156-7099A1A9A03A}.Debug|Any CPU.Build.0 = Debug|Any CPU
		{3B8D5DB0-70AE-4E86-9156-7099A1A9A03A}.Release|Any CPU.ActiveCfg = Release|Any CPU
		{3B8D5DB0-70AE-4E86-9156-7099A1A9A03A}.Release|Any CPU.Build.0 = Release|Any CPU
		{CF684A72-B415-4E7C-A3B4-2228CA495039}.Debug|Any CPU.ActiveCfg = Debug|Any CPU
		{CF684A72-B415-4E7C-A3B4-2228CA495039}.Debug|Any CPU.Build.0 = Debug|Any CPU
		{CF684A72-B415-4E7C-A3B4-2228CA495039}.Release|Any CPU.ActiveCfg = Release|Any CPU
		{CF684A72-B415-4E7C-A3B4-2228CA495039}.Release|Any CPU.Build.0 = Release|Any CPU
		{A845764F-C157-495D-A9F9-D5644175A16F}.Debug|Any CPU.ActiveCfg = Debug|Any CPU
		{A845764F-C157-495D-A9F9-D5644175A16F}.Debug|Any CPU.Build.0 = Debug|Any CPU
		{A845764F-C157-495D-A9F9-D5644175A16F}.Release|Any CPU.ActiveCfg = Release|Any CPU
		{A845764F-C157-495D-A9F9-D5644175A16F}.Release|Any CPU.Build.0 = Release|Any CPU
		{09AA3648-BABD-497D-9C26-DCD7F9774C3B}.Debug|Any CPU.ActiveCfg = Debug|Any CPU
		{09AA3648-BABD-497D-9C26-DCD7F9774C3B}.Debug|Any CPU.Build.0 = Debug|Any CPU
		{09AA3648-BABD-497D-9C26-DCD7F9774C3B}.Release|Any CPU.ActiveCfg = Release|Any CPU
		{09AA3648-BABD-497D-9C26-DCD7F9774C3B}.Release|Any CPU.Build.0 = Release|Any CPU
		{8F16778C-3B04-4852-AAD1-2147829BA0A7}.Debug|Any CPU.ActiveCfg = Debug|Any CPU
		{8F16778C-3B04-4852-AAD1-2147829BA0A7}.Debug|Any CPU.Build.0 = Debug|Any CPU
		{8F16778C-3B04-4852-AAD1-2147829BA0A7}.Release|Any CPU.ActiveCfg = Release|Any CPU
		{8F16778C-3B04-4852-AAD1-2147829BA0A7}.Release|Any CPU.Build.0 = Release|Any CPU
		{3CF24A79-00EE-4705-8343-0EC1217B32C3}.Debug|Any CPU.ActiveCfg = Debug|Any CPU
		{3CF24A79-00EE-4705-8343-0EC1217B32C3}.Debug|Any CPU.Build.0 = Debug|Any CPU
		{3CF24A79-00EE-4705-8343-0EC1217B32C3}.Release|Any CPU.ActiveCfg = Release|Any CPU
		{3CF24A79-00EE-4705-8343-0EC1217B32C3}.Release|Any CPU.Build.0 = Release|Any CPU
		{3109927C-4EB0-4CA6-BBCA-BC400D31C415}.Debug|Any CPU.ActiveCfg = Debug|Any CPU
		{3109927C-4EB0-4CA6-BBCA-BC400D31C415}.Debug|Any CPU.Build.0 = Debug|Any CPU
		{3109927C-4EB0-4CA6-BBCA-BC400D31C415}.Release|Any CPU.ActiveCfg = Release|Any CPU
		{3109927C-4EB0-4CA6-BBCA-BC400D31C415}.Release|Any CPU.Build.0 = Release|Any CPU
		{C997CA3F-21AE-45C0-BF28-28CA873EA63D}.Debug|Any CPU.ActiveCfg = Debug|Any CPU
		{C997CA3F-21AE-45C0-BF28-28CA873EA63D}.Debug|Any CPU.Build.0 = Debug|Any CPU
		{C997CA3F-21AE-45C0-BF28-28CA873EA63D}.Release|Any CPU.ActiveCfg = Release|Any CPU
		{C997CA3F-21AE-45C0-BF28-28CA873EA63D}.Release|Any CPU.Build.0 = Release|Any CPU
		{8287A5F1-659F-4A15-844E-D924DEB75E00}.Debug|Any CPU.ActiveCfg = Debug|Any CPU
		{8287A5F1-659F-4A15-844E-D924DEB75E00}.Debug|Any CPU.Build.0 = Debug|Any CPU
		{8287A5F1-659F-4A15-844E-D924DEB75E00}.Release|Any CPU.ActiveCfg = Release|Any CPU
		{8287A5F1-659F-4A15-844E-D924DEB75E00}.Release|Any CPU.Build.0 = Release|Any CPU
		{70FB0903-58EE-4975-85B2-B2FEF875C1ED}.Debug|Any CPU.ActiveCfg = Debug|Any CPU
		{70FB0903-58EE-4975-85B2-B2FEF875C1ED}.Debug|Any CPU.Build.0 = Debug|Any CPU
		{70FB0903-58EE-4975-85B2-B2FEF875C1ED}.Release|Any CPU.ActiveCfg = Release|Any CPU
		{70FB0903-58EE-4975-85B2-B2FEF875C1ED}.Release|Any CPU.Build.0 = Release|Any CPU
		{6DA61A9A-4218-470E-9AF5-5D5492DEFD27}.Debug|Any CPU.ActiveCfg = Debug|Any CPU
		{6DA61A9A-4218-470E-9AF5-5D5492DEFD27}.Debug|Any CPU.Build.0 = Debug|Any CPU
		{6DA61A9A-4218-470E-9AF5-5D5492DEFD27}.Release|Any CPU.ActiveCfg = Release|Any CPU
		{6DA61A9A-4218-470E-9AF5-5D5492DEFD27}.Release|Any CPU.Build.0 = Release|Any CPU
		{78C8C574-B3BF-4076-8CE4-419B03FE2081}.Debug|Any CPU.ActiveCfg = Debug|Any CPU
		{78C8C574-B3BF-4076-8CE4-419B03FE2081}.Debug|Any CPU.Build.0 = Debug|Any CPU
		{78C8C574-B3BF-4076-8CE4-419B03FE2081}.Release|Any CPU.ActiveCfg = Release|Any CPU
		{78C8C574-B3BF-4076-8CE4-419B03FE2081}.Release|Any CPU.Build.0 = Release|Any CPU
		{0B2AB5A2-120C-4F6B-92D6-2B012B9FF335}.Debug|Any CPU.ActiveCfg = Debug|Any CPU
		{0B2AB5A2-120C-4F6B-92D6-2B012B9FF335}.Debug|Any CPU.Build.0 = Debug|Any CPU
		{0B2AB5A2-120C-4F6B-92D6-2B012B9FF335}.Release|Any CPU.ActiveCfg = Release|Any CPU
		{0B2AB5A2-120C-4F6B-92D6-2B012B9FF335}.Release|Any CPU.Build.0 = Release|Any CPU
		{CAD748DD-C6AA-4617-AF9B-0CBA4A95652A}.Debug|Any CPU.ActiveCfg = Debug|Any CPU
		{CAD748DD-C6AA-4617-AF9B-0CBA4A95652A}.Debug|Any CPU.Build.0 = Debug|Any CPU
		{CAD748DD-C6AA-4617-AF9B-0CBA4A95652A}.Release|Any CPU.ActiveCfg = Release|Any CPU
		{CAD748DD-C6AA-4617-AF9B-0CBA4A95652A}.Release|Any CPU.Build.0 = Release|Any CPU
		{633B9FED-4F97-41B2-8E71-9B18698EF0D4}.Debug|Any CPU.ActiveCfg = Debug|Any CPU
		{633B9FED-4F97-41B2-8E71-9B18698EF0D4}.Debug|Any CPU.Build.0 = Debug|Any CPU
		{633B9FED-4F97-41B2-8E71-9B18698EF0D4}.Release|Any CPU.ActiveCfg = Release|Any CPU
		{633B9FED-4F97-41B2-8E71-9B18698EF0D4}.Release|Any CPU.Build.0 = Release|Any CPU
		{7E709922-8B7F-4FB4-95B6-29F357E3F9AA}.Debug|Any CPU.ActiveCfg = Debug|Any CPU
		{7E709922-8B7F-4FB4-95B6-29F357E3F9AA}.Debug|Any CPU.Build.0 = Debug|Any CPU
		{7E709922-8B7F-4FB4-95B6-29F357E3F9AA}.Release|Any CPU.ActiveCfg = Release|Any CPU
		{7E709922-8B7F-4FB4-95B6-29F357E3F9AA}.Release|Any CPU.Build.0 = Release|Any CPU
		{84FFBB85-14AE-402F-AEAA-900280676D9F}.Debug|Any CPU.ActiveCfg = Debug|Any CPU
		{84FFBB85-14AE-402F-AEAA-900280676D9F}.Debug|Any CPU.Build.0 = Debug|Any CPU
		{84FFBB85-14AE-402F-AEAA-900280676D9F}.Release|Any CPU.ActiveCfg = Release|Any CPU
		{84FFBB85-14AE-402F-AEAA-900280676D9F}.Release|Any CPU.Build.0 = Release|Any CPU
		{F4AA149E-5731-4B57-A486-D2F5DD27C6E4}.Debug|Any CPU.ActiveCfg = Debug|Any CPU
		{F4AA149E-5731-4B57-A486-D2F5DD27C6E4}.Debug|Any CPU.Build.0 = Debug|Any CPU
		{F4AA149E-5731-4B57-A486-D2F5DD27C6E4}.Release|Any CPU.ActiveCfg = Release|Any CPU
		{F4AA149E-5731-4B57-A486-D2F5DD27C6E4}.Release|Any CPU.Build.0 = Release|Any CPU
		{20A7B652-4624-4128-ADB8-5195B2856B8E}.Debug|Any CPU.ActiveCfg = Debug|Any CPU
		{20A7B652-4624-4128-ADB8-5195B2856B8E}.Debug|Any CPU.Build.0 = Debug|Any CPU
		{20A7B652-4624-4128-ADB8-5195B2856B8E}.Release|Any CPU.ActiveCfg = Release|Any CPU
		{20A7B652-4624-4128-ADB8-5195B2856B8E}.Release|Any CPU.Build.0 = Release|Any CPU
		{D7A00F58-FE99-4176-8430-F6B34A8BE889}.Debug|Any CPU.ActiveCfg = Debug|Any CPU
		{D7A00F58-FE99-4176-8430-F6B34A8BE889}.Debug|Any CPU.Build.0 = Debug|Any CPU
		{D7A00F58-FE99-4176-8430-F6B34A8BE889}.Release|Any CPU.ActiveCfg = Release|Any CPU
		{D7A00F58-FE99-4176-8430-F6B34A8BE889}.Release|Any CPU.Build.0 = Release|Any CPU
		{FA2C5D3F-21FF-46F0-9DE7-409DB4F7F31B}.Debug|Any CPU.ActiveCfg = Debug|Any CPU
		{FA2C5D3F-21FF-46F0-9DE7-409DB4F7F31B}.Debug|Any CPU.Build.0 = Debug|Any CPU
		{FA2C5D3F-21FF-46F0-9DE7-409DB4F7F31B}.Release|Any CPU.ActiveCfg = Release|Any CPU
		{FA2C5D3F-21FF-46F0-9DE7-409DB4F7F31B}.Release|Any CPU.Build.0 = Release|Any CPU
		{CBDD5F1B-9DB9-488F-B94A-C642099BE5DE}.Debug|Any CPU.ActiveCfg = Debug|Any CPU
		{CBDD5F1B-9DB9-488F-B94A-C642099BE5DE}.Debug|Any CPU.Build.0 = Debug|Any CPU
		{CBDD5F1B-9DB9-488F-B94A-C642099BE5DE}.Release|Any CPU.ActiveCfg = Release|Any CPU
		{CBDD5F1B-9DB9-488F-B94A-C642099BE5DE}.Release|Any CPU.Build.0 = Release|Any CPU
		{977E41D6-D558-4B52-BBDB-CB464C99342D}.Debug|Any CPU.ActiveCfg = Debug|Any CPU
		{977E41D6-D558-4B52-BBDB-CB464C99342D}.Debug|Any CPU.Build.0 = Debug|Any CPU
		{977E41D6-D558-4B52-BBDB-CB464C99342D}.Release|Any CPU.ActiveCfg = Release|Any CPU
		{977E41D6-D558-4B52-BBDB-CB464C99342D}.Release|Any CPU.Build.0 = Release|Any CPU
		{410BE421-40B0-494A-B2AD-042F8E76144C}.Debug|Any CPU.ActiveCfg = Debug|Any CPU
		{410BE421-40B0-494A-B2AD-042F8E76144C}.Debug|Any CPU.Build.0 = Debug|Any CPU
		{410BE421-40B0-494A-B2AD-042F8E76144C}.Release|Any CPU.ActiveCfg = Release|Any CPU
		{410BE421-40B0-494A-B2AD-042F8E76144C}.Release|Any CPU.Build.0 = Release|Any CPU
		{447DBC7B-5C31-41FA-AF6E-07BD37057EBE}.Debug|Any CPU.ActiveCfg = Debug|Any CPU
		{447DBC7B-5C31-41FA-AF6E-07BD37057EBE}.Debug|Any CPU.Build.0 = Debug|Any CPU
		{447DBC7B-5C31-41FA-AF6E-07BD37057EBE}.Release|Any CPU.ActiveCfg = Release|Any CPU
		{447DBC7B-5C31-41FA-AF6E-07BD37057EBE}.Release|Any CPU.Build.0 = Release|Any CPU
		{952E5969-6391-4EE6-8330-04F6A8E33A3D}.Debug|Any CPU.ActiveCfg = Debug|Any CPU
		{952E5969-6391-4EE6-8330-04F6A8E33A3D}.Debug|Any CPU.Build.0 = Debug|Any CPU
		{952E5969-6391-4EE6-8330-04F6A8E33A3D}.Release|Any CPU.ActiveCfg = Release|Any CPU
		{952E5969-6391-4EE6-8330-04F6A8E33A3D}.Release|Any CPU.Build.0 = Release|Any CPU
		{18E962C1-C429-4CF0-B9CF-9674AAF8639A}.Debug|Any CPU.ActiveCfg = Debug|Any CPU
		{18E962C1-C429-4CF0-B9CF-9674AAF8639A}.Debug|Any CPU.Build.0 = Debug|Any CPU
		{18E962C1-C429-4CF0-B9CF-9674AAF8639A}.Release|Any CPU.ActiveCfg = Release|Any CPU
		{18E962C1-C429-4CF0-B9CF-9674AAF8639A}.Release|Any CPU.Build.0 = Release|Any CPU
		{36845D41-26D0-4C4E-8B95-42526D6143E7}.Debug|Any CPU.ActiveCfg = Debug|Any CPU
		{36845D41-26D0-4C4E-8B95-42526D6143E7}.Debug|Any CPU.Build.0 = Debug|Any CPU
		{36845D41-26D0-4C4E-8B95-42526D6143E7}.Release|Any CPU.ActiveCfg = Release|Any CPU
		{36845D41-26D0-4C4E-8B95-42526D6143E7}.Release|Any CPU.Build.0 = Release|Any CPU
		{F2C56AED-ED70-4A72-BD18-57EEBD169BD6}.Debug|Any CPU.ActiveCfg = Debug|Any CPU
		{F2C56AED-ED70-4A72-BD18-57EEBD169BD6}.Debug|Any CPU.Build.0 = Debug|Any CPU
		{F2C56AED-ED70-4A72-BD18-57EEBD169BD6}.Release|Any CPU.ActiveCfg = Release|Any CPU
		{F2C56AED-ED70-4A72-BD18-57EEBD169BD6}.Release|Any CPU.Build.0 = Release|Any CPU
		{B4E2BC01-3A85-46E9-AAD9-0B8A9433E80D}.Debug|Any CPU.ActiveCfg = Debug|Any CPU
		{B4E2BC01-3A85-46E9-AAD9-0B8A9433E80D}.Debug|Any CPU.Build.0 = Debug|Any CPU
		{B4E2BC01-3A85-46E9-AAD9-0B8A9433E80D}.Release|Any CPU.ActiveCfg = Release|Any CPU
		{B4E2BC01-3A85-46E9-AAD9-0B8A9433E80D}.Release|Any CPU.Build.0 = Release|Any CPU
		{CC87C03D-BE1E-413D-8669-33D2AEB1B1D6}.Debug|Any CPU.ActiveCfg = Debug|Any CPU
		{CC87C03D-BE1E-413D-8669-33D2AEB1B1D6}.Debug|Any CPU.Build.0 = Debug|Any CPU
		{CC87C03D-BE1E-413D-8669-33D2AEB1B1D6}.Release|Any CPU.ActiveCfg = Release|Any CPU
		{CC87C03D-BE1E-413D-8669-33D2AEB1B1D6}.Release|Any CPU.Build.0 = Release|Any CPU
		{ABB55BC9-3B89-4E96-9C18-EECB0AC2BE41}.Debug|Any CPU.ActiveCfg = Debug|Any CPU
		{ABB55BC9-3B89-4E96-9C18-EECB0AC2BE41}.Debug|Any CPU.Build.0 = Debug|Any CPU
		{ABB55BC9-3B89-4E96-9C18-EECB0AC2BE41}.Release|Any CPU.ActiveCfg = Release|Any CPU
		{ABB55BC9-3B89-4E96-9C18-EECB0AC2BE41}.Release|Any CPU.Build.0 = Release|Any CPU
		{A7F04364-BE30-49EC-9FBF-455DDAA53740}.Debug|Any CPU.ActiveCfg = Debug|Any CPU
		{A7F04364-BE30-49EC-9FBF-455DDAA53740}.Debug|Any CPU.Build.0 = Debug|Any CPU
		{A7F04364-BE30-49EC-9FBF-455DDAA53740}.Release|Any CPU.ActiveCfg = Release|Any CPU
		{A7F04364-BE30-49EC-9FBF-455DDAA53740}.Release|Any CPU.Build.0 = Release|Any CPU
		{BE977486-9595-4FF5-B22C-945F81AE0D3C}.Debug|Any CPU.ActiveCfg = Debug|Any CPU
		{BE977486-9595-4FF5-B22C-945F81AE0D3C}.Debug|Any CPU.Build.0 = Debug|Any CPU
		{BE977486-9595-4FF5-B22C-945F81AE0D3C}.Release|Any CPU.ActiveCfg = Release|Any CPU
		{BE977486-9595-4FF5-B22C-945F81AE0D3C}.Release|Any CPU.Build.0 = Release|Any CPU
		{0C5FB9CD-B01E-4DCC-BD2E-955E5C0C43AB}.Debug|Any CPU.ActiveCfg = Debug|Any CPU
		{0C5FB9CD-B01E-4DCC-BD2E-955E5C0C43AB}.Debug|Any CPU.Build.0 = Debug|Any CPU
		{0C5FB9CD-B01E-4DCC-BD2E-955E5C0C43AB}.Release|Any CPU.ActiveCfg = Release|Any CPU
		{0C5FB9CD-B01E-4DCC-BD2E-955E5C0C43AB}.Release|Any CPU.Build.0 = Release|Any CPU
		{716CD573-FFAB-4AC7-A249-48BB7B73367A}.Debug|Any CPU.ActiveCfg = Debug|Any CPU
		{716CD573-FFAB-4AC7-A249-48BB7B73367A}.Debug|Any CPU.Build.0 = Debug|Any CPU
		{716CD573-FFAB-4AC7-A249-48BB7B73367A}.Release|Any CPU.ActiveCfg = Release|Any CPU
		{716CD573-FFAB-4AC7-A249-48BB7B73367A}.Release|Any CPU.Build.0 = Release|Any CPU
		{1A9D2763-3614-4D61-A612-E9AACBC09FFB}.Debug|Any CPU.ActiveCfg = Debug|Any CPU
		{1A9D2763-3614-4D61-A612-E9AACBC09FFB}.Debug|Any CPU.Build.0 = Debug|Any CPU
		{1A9D2763-3614-4D61-A612-E9AACBC09FFB}.Release|Any CPU.ActiveCfg = Release|Any CPU
		{1A9D2763-3614-4D61-A612-E9AACBC09FFB}.Release|Any CPU.Build.0 = Release|Any CPU
		{EC160AEB-EA74-4742-B887-892D634650EC}.Debug|Any CPU.ActiveCfg = Debug|Any CPU
		{EC160AEB-EA74-4742-B887-892D634650EC}.Debug|Any CPU.Build.0 = Debug|Any CPU
		{EC160AEB-EA74-4742-B887-892D634650EC}.Release|Any CPU.ActiveCfg = Release|Any CPU
		{EC160AEB-EA74-4742-B887-892D634650EC}.Release|Any CPU.Build.0 = Release|Any CPU
		{C72CD157-E30E-4D68-8897-8B78605E2A4B}.Debug|Any CPU.ActiveCfg = Debug|Any CPU
		{C72CD157-E30E-4D68-8897-8B78605E2A4B}.Debug|Any CPU.Build.0 = Debug|Any CPU
		{C72CD157-E30E-4D68-8897-8B78605E2A4B}.Release|Any CPU.ActiveCfg = Release|Any CPU
		{C72CD157-E30E-4D68-8897-8B78605E2A4B}.Release|Any CPU.Build.0 = Release|Any CPU
		{EC8B474C-A965-4006-9915-2DD19EF44C06}.Debug|Any CPU.ActiveCfg = Debug|Any CPU
		{EC8B474C-A965-4006-9915-2DD19EF44C06}.Debug|Any CPU.Build.0 = Debug|Any CPU
		{EC8B474C-A965-4006-9915-2DD19EF44C06}.Release|Any CPU.ActiveCfg = Release|Any CPU
		{EC8B474C-A965-4006-9915-2DD19EF44C06}.Release|Any CPU.Build.0 = Release|Any CPU
		{F9513F37-3E43-4758-A067-4373CDE9826C}.Debug|Any CPU.ActiveCfg = Debug|Any CPU
		{F9513F37-3E43-4758-A067-4373CDE9826C}.Debug|Any CPU.Build.0 = Debug|Any CPU
		{F9513F37-3E43-4758-A067-4373CDE9826C}.Release|Any CPU.ActiveCfg = Release|Any CPU
		{F9513F37-3E43-4758-A067-4373CDE9826C}.Release|Any CPU.Build.0 = Release|Any CPU
		{4A751BBC-C952-4DCF-9479-68A07D44E1A5}.Debug|Any CPU.ActiveCfg = Debug|Any CPU
		{4A751BBC-C952-4DCF-9479-68A07D44E1A5}.Debug|Any CPU.Build.0 = Debug|Any CPU
		{4A751BBC-C952-4DCF-9479-68A07D44E1A5}.Release|Any CPU.ActiveCfg = Release|Any CPU
		{4A751BBC-C952-4DCF-9479-68A07D44E1A5}.Release|Any CPU.Build.0 = Release|Any CPU
		{131A46BF-F4E6-433B-9F38-4AC25DFF39CF}.Debug|Any CPU.ActiveCfg = Debug|Any CPU
		{131A46BF-F4E6-433B-9F38-4AC25DFF39CF}.Debug|Any CPU.Build.0 = Debug|Any CPU
		{131A46BF-F4E6-433B-9F38-4AC25DFF39CF}.Release|Any CPU.ActiveCfg = Release|Any CPU
		{131A46BF-F4E6-433B-9F38-4AC25DFF39CF}.Release|Any CPU.Build.0 = Release|Any CPU
		{2BB54C97-2DAB-46A7-9AA3-A248B1BE1129}.Debug|Any CPU.ActiveCfg = Debug|Any CPU
		{2BB54C97-2DAB-46A7-9AA3-A248B1BE1129}.Debug|Any CPU.Build.0 = Debug|Any CPU
		{2BB54C97-2DAB-46A7-9AA3-A248B1BE1129}.Release|Any CPU.ActiveCfg = Release|Any CPU
		{2BB54C97-2DAB-46A7-9AA3-A248B1BE1129}.Release|Any CPU.Build.0 = Release|Any CPU
		{79576603-D6F7-4DE9-A7D9-B1633E42E21E}.Debug|Any CPU.ActiveCfg = Debug|Any CPU
		{79576603-D6F7-4DE9-A7D9-B1633E42E21E}.Debug|Any CPU.Build.0 = Debug|Any CPU
		{79576603-D6F7-4DE9-A7D9-B1633E42E21E}.Release|Any CPU.ActiveCfg = Release|Any CPU
		{79576603-D6F7-4DE9-A7D9-B1633E42E21E}.Release|Any CPU.Build.0 = Release|Any CPU
		{99980E80-8E86-41F8-BF70-6869B643192A}.Debug|Any CPU.ActiveCfg = Debug|Any CPU
		{99980E80-8E86-41F8-BF70-6869B643192A}.Debug|Any CPU.Build.0 = Debug|Any CPU
		{99980E80-8E86-41F8-BF70-6869B643192A}.Release|Any CPU.ActiveCfg = Release|Any CPU
		{99980E80-8E86-41F8-BF70-6869B643192A}.Release|Any CPU.Build.0 = Release|Any CPU
		{C5DB6DD7-8A10-4988-8F84-BAB54DC79564}.Debug|Any CPU.ActiveCfg = Debug|Any CPU
		{C5DB6DD7-8A10-4988-8F84-BAB54DC79564}.Debug|Any CPU.Build.0 = Debug|Any CPU
		{C5DB6DD7-8A10-4988-8F84-BAB54DC79564}.Release|Any CPU.ActiveCfg = Release|Any CPU
		{C5DB6DD7-8A10-4988-8F84-BAB54DC79564}.Release|Any CPU.Build.0 = Release|Any CPU
		{7CC51BA1-6B86-42F4-850B-D06EE5C0A5EE}.Debug|Any CPU.ActiveCfg = Debug|Any CPU
		{7CC51BA1-6B86-42F4-850B-D06EE5C0A5EE}.Debug|Any CPU.Build.0 = Debug|Any CPU
		{7CC51BA1-6B86-42F4-850B-D06EE5C0A5EE}.Release|Any CPU.ActiveCfg = Release|Any CPU
		{7CC51BA1-6B86-42F4-850B-D06EE5C0A5EE}.Release|Any CPU.Build.0 = Release|Any CPU
		{792A1594-2D63-4498-A40E-65C44B8A5161}.Debug|Any CPU.ActiveCfg = Debug|Any CPU
		{792A1594-2D63-4498-A40E-65C44B8A5161}.Debug|Any CPU.Build.0 = Debug|Any CPU
		{792A1594-2D63-4498-A40E-65C44B8A5161}.Release|Any CPU.ActiveCfg = Release|Any CPU
		{792A1594-2D63-4498-A40E-65C44B8A5161}.Release|Any CPU.Build.0 = Release|Any CPU
		{B8387DAF-98CC-4B01-99F7-C0826CC48BD0}.Debug|Any CPU.ActiveCfg = Debug|Any CPU
		{B8387DAF-98CC-4B01-99F7-C0826CC48BD0}.Debug|Any CPU.Build.0 = Debug|Any CPU
		{B8387DAF-98CC-4B01-99F7-C0826CC48BD0}.Release|Any CPU.ActiveCfg = Release|Any CPU
		{B8387DAF-98CC-4B01-99F7-C0826CC48BD0}.Release|Any CPU.Build.0 = Release|Any CPU
		{421402B9-2E61-42FF-840D-9D0A2EF70514}.Debug|Any CPU.ActiveCfg = Debug|Any CPU
		{421402B9-2E61-42FF-840D-9D0A2EF70514}.Debug|Any CPU.Build.0 = Debug|Any CPU
		{421402B9-2E61-42FF-840D-9D0A2EF70514}.Release|Any CPU.ActiveCfg = Release|Any CPU
		{421402B9-2E61-42FF-840D-9D0A2EF70514}.Release|Any CPU.Build.0 = Release|Any CPU
		{98A99FD3-69F3-4BD2-8443-51E6D6F1C4FE}.Debug|Any CPU.ActiveCfg = Debug|Any CPU
		{98A99FD3-69F3-4BD2-8443-51E6D6F1C4FE}.Debug|Any CPU.Build.0 = Debug|Any CPU
		{98A99FD3-69F3-4BD2-8443-51E6D6F1C4FE}.Release|Any CPU.ActiveCfg = Release|Any CPU
		{98A99FD3-69F3-4BD2-8443-51E6D6F1C4FE}.Release|Any CPU.Build.0 = Release|Any CPU
		{F6E03319-8CA2-4127-8BDB-2E169263B006}.Debug|Any CPU.ActiveCfg = Debug|Any CPU
		{F6E03319-8CA2-4127-8BDB-2E169263B006}.Debug|Any CPU.Build.0 = Debug|Any CPU
		{F6E03319-8CA2-4127-8BDB-2E169263B006}.Release|Any CPU.ActiveCfg = Release|Any CPU
		{F6E03319-8CA2-4127-8BDB-2E169263B006}.Release|Any CPU.Build.0 = Release|Any CPU
		{0BB9D412-10E2-4271-81D0-8F2D89681FA5}.Debug|Any CPU.ActiveCfg = Debug|Any CPU
		{0BB9D412-10E2-4271-81D0-8F2D89681FA5}.Debug|Any CPU.Build.0 = Debug|Any CPU
		{0BB9D412-10E2-4271-81D0-8F2D89681FA5}.Release|Any CPU.ActiveCfg = Release|Any CPU
		{0BB9D412-10E2-4271-81D0-8F2D89681FA5}.Release|Any CPU.Build.0 = Release|Any CPU
		{C5C819FE-200B-4E47-9B00-11C03D5AB1B7}.Debug|Any CPU.ActiveCfg = Debug|Any CPU
		{C5C819FE-200B-4E47-9B00-11C03D5AB1B7}.Debug|Any CPU.Build.0 = Debug|Any CPU
		{C5C819FE-200B-4E47-9B00-11C03D5AB1B7}.Release|Any CPU.ActiveCfg = Release|Any CPU
		{C5C819FE-200B-4E47-9B00-11C03D5AB1B7}.Release|Any CPU.Build.0 = Release|Any CPU
		{D86F43C8-1AF6-4ADA-901D-E480BCA65EAF}.Debug|Any CPU.ActiveCfg = Debug|Any CPU
		{D86F43C8-1AF6-4ADA-901D-E480BCA65EAF}.Debug|Any CPU.Build.0 = Debug|Any CPU
		{D86F43C8-1AF6-4ADA-901D-E480BCA65EAF}.Release|Any CPU.ActiveCfg = Release|Any CPU
		{D86F43C8-1AF6-4ADA-901D-E480BCA65EAF}.Release|Any CPU.Build.0 = Release|Any CPU
		{9E9620B3-3FD3-43D7-AD15-3D163E3105D9}.Debug|Any CPU.ActiveCfg = Debug|Any CPU
		{9E9620B3-3FD3-43D7-AD15-3D163E3105D9}.Debug|Any CPU.Build.0 = Debug|Any CPU
		{9E9620B3-3FD3-43D7-AD15-3D163E3105D9}.Release|Any CPU.ActiveCfg = Release|Any CPU
		{9E9620B3-3FD3-43D7-AD15-3D163E3105D9}.Release|Any CPU.Build.0 = Release|Any CPU
		{FF51EEF6-53D4-4C24-82D1-90FC348FC327}.Debug|Any CPU.ActiveCfg = Debug|Any CPU
		{FF51EEF6-53D4-4C24-82D1-90FC348FC327}.Debug|Any CPU.Build.0 = Debug|Any CPU
		{FF51EEF6-53D4-4C24-82D1-90FC348FC327}.Release|Any CPU.ActiveCfg = Release|Any CPU
		{FF51EEF6-53D4-4C24-82D1-90FC348FC327}.Release|Any CPU.Build.0 = Release|Any CPU
		{35CE0A93-28F4-43A4-8CE8-FA0FE8756577}.Debug|Any CPU.ActiveCfg = Debug|Any CPU
		{35CE0A93-28F4-43A4-8CE8-FA0FE8756577}.Debug|Any CPU.Build.0 = Debug|Any CPU
		{35CE0A93-28F4-43A4-8CE8-FA0FE8756577}.Release|Any CPU.ActiveCfg = Release|Any CPU
		{35CE0A93-28F4-43A4-8CE8-FA0FE8756577}.Release|Any CPU.Build.0 = Release|Any CPU
		{97DBF5EB-CB5B-415D-8819-76318EEA937E}.Debug|Any CPU.ActiveCfg = Debug|Any CPU
		{97DBF5EB-CB5B-415D-8819-76318EEA937E}.Debug|Any CPU.Build.0 = Debug|Any CPU
		{97DBF5EB-CB5B-415D-8819-76318EEA937E}.Release|Any CPU.ActiveCfg = Release|Any CPU
		{97DBF5EB-CB5B-415D-8819-76318EEA937E}.Release|Any CPU.Build.0 = Release|Any CPU
		{9D4CBF10-74BB-4161-B482-AD88564B44A3}.Debug|Any CPU.ActiveCfg = Debug|Any CPU
		{9D4CBF10-74BB-4161-B482-AD88564B44A3}.Debug|Any CPU.Build.0 = Debug|Any CPU
		{9D4CBF10-74BB-4161-B482-AD88564B44A3}.Release|Any CPU.ActiveCfg = Release|Any CPU
		{9D4CBF10-74BB-4161-B482-AD88564B44A3}.Release|Any CPU.Build.0 = Release|Any CPU
		{29B593B4-BA09-48A3-AD02-A5C5992BE196}.Debug|Any CPU.ActiveCfg = Debug|Any CPU
		{29B593B4-BA09-48A3-AD02-A5C5992BE196}.Debug|Any CPU.Build.0 = Debug|Any CPU
		{29B593B4-BA09-48A3-AD02-A5C5992BE196}.Release|Any CPU.ActiveCfg = Release|Any CPU
		{29B593B4-BA09-48A3-AD02-A5C5992BE196}.Release|Any CPU.Build.0 = Release|Any CPU
		{613F2108-3345-457E-8D40-04D1F5C6CD79}.Debug|Any CPU.ActiveCfg = Debug|Any CPU
		{613F2108-3345-457E-8D40-04D1F5C6CD79}.Debug|Any CPU.Build.0 = Debug|Any CPU
		{613F2108-3345-457E-8D40-04D1F5C6CD79}.Release|Any CPU.ActiveCfg = Release|Any CPU
		{613F2108-3345-457E-8D40-04D1F5C6CD79}.Release|Any CPU.Build.0 = Release|Any CPU
		{D959DEC8-8D60-4744-BE00-DFB8FF98D87D}.Debug|Any CPU.ActiveCfg = Debug|Any CPU
		{D959DEC8-8D60-4744-BE00-DFB8FF98D87D}.Debug|Any CPU.Build.0 = Debug|Any CPU
		{D959DEC8-8D60-4744-BE00-DFB8FF98D87D}.Release|Any CPU.ActiveCfg = Release|Any CPU
		{D959DEC8-8D60-4744-BE00-DFB8FF98D87D}.Release|Any CPU.Build.0 = Release|Any CPU
		{0F950761-B7B2-4135-883E-3B8A0B13793E}.Debug|Any CPU.ActiveCfg = Debug|Any CPU
		{0F950761-B7B2-4135-883E-3B8A0B13793E}.Debug|Any CPU.Build.0 = Debug|Any CPU
		{0F950761-B7B2-4135-883E-3B8A0B13793E}.Release|Any CPU.ActiveCfg = Release|Any CPU
		{0F950761-B7B2-4135-883E-3B8A0B13793E}.Release|Any CPU.Build.0 = Release|Any CPU
		{88D8DDB5-DED4-44BC-ABDE-08EC1FB2828E}.Debug|Any CPU.ActiveCfg = Debug|Any CPU
		{88D8DDB5-DED4-44BC-ABDE-08EC1FB2828E}.Debug|Any CPU.Build.0 = Debug|Any CPU
		{88D8DDB5-DED4-44BC-ABDE-08EC1FB2828E}.Release|Any CPU.ActiveCfg = Release|Any CPU
		{88D8DDB5-DED4-44BC-ABDE-08EC1FB2828E}.Release|Any CPU.Build.0 = Release|Any CPU
		{82E20455-CF9B-4CBD-8DE9-9564E491568B}.Debug|Any CPU.ActiveCfg = Debug|Any CPU
		{82E20455-CF9B-4CBD-8DE9-9564E491568B}.Debug|Any CPU.Build.0 = Debug|Any CPU
		{82E20455-CF9B-4CBD-8DE9-9564E491568B}.Release|Any CPU.ActiveCfg = Release|Any CPU
		{82E20455-CF9B-4CBD-8DE9-9564E491568B}.Release|Any CPU.Build.0 = Release|Any CPU
		{DB00E101-D405-42C0-BFB9-4BF94905CA10}.Debug|Any CPU.ActiveCfg = Debug|Any CPU
		{DB00E101-D405-42C0-BFB9-4BF94905CA10}.Debug|Any CPU.Build.0 = Debug|Any CPU
		{DB00E101-D405-42C0-BFB9-4BF94905CA10}.Release|Any CPU.ActiveCfg = Release|Any CPU
		{DB00E101-D405-42C0-BFB9-4BF94905CA10}.Release|Any CPU.Build.0 = Release|Any CPU
		{D91DA30B-D167-4D53-83C3-8F911F5917BD}.Debug|Any CPU.ActiveCfg = Debug|Any CPU
		{D91DA30B-D167-4D53-83C3-8F911F5917BD}.Debug|Any CPU.Build.0 = Debug|Any CPU
		{D91DA30B-D167-4D53-83C3-8F911F5917BD}.Release|Any CPU.ActiveCfg = Release|Any CPU
		{D91DA30B-D167-4D53-83C3-8F911F5917BD}.Release|Any CPU.Build.0 = Release|Any CPU
		{2CA7B7D8-BE50-4712-8ED0-910F600B2EAA}.Debug|Any CPU.ActiveCfg = Debug|Any CPU
		{2CA7B7D8-BE50-4712-8ED0-910F600B2EAA}.Debug|Any CPU.Build.0 = Debug|Any CPU
		{2CA7B7D8-BE50-4712-8ED0-910F600B2EAA}.Release|Any CPU.ActiveCfg = Release|Any CPU
		{2CA7B7D8-BE50-4712-8ED0-910F600B2EAA}.Release|Any CPU.Build.0 = Release|Any CPU
		{D0262C88-A3C1-40CE-AD85-750908C428D1}.Debug|Any CPU.ActiveCfg = Debug|Any CPU
		{D0262C88-A3C1-40CE-AD85-750908C428D1}.Debug|Any CPU.Build.0 = Debug|Any CPU
		{D0262C88-A3C1-40CE-AD85-750908C428D1}.Release|Any CPU.ActiveCfg = Release|Any CPU
		{D0262C88-A3C1-40CE-AD85-750908C428D1}.Release|Any CPU.Build.0 = Release|Any CPU
		{92ECE186-54A1-4E3E-A391-B965144F51F8}.Debug|Any CPU.ActiveCfg = Debug|Any CPU
		{92ECE186-54A1-4E3E-A391-B965144F51F8}.Debug|Any CPU.Build.0 = Debug|Any CPU
		{92ECE186-54A1-4E3E-A391-B965144F51F8}.Release|Any CPU.ActiveCfg = Release|Any CPU
		{92ECE186-54A1-4E3E-A391-B965144F51F8}.Release|Any CPU.Build.0 = Release|Any CPU
		{2D347E05-5CF9-4CD9-A2C1-16E86DEC2EDF}.Debug|Any CPU.ActiveCfg = Debug|Any CPU
		{2D347E05-5CF9-4CD9-A2C1-16E86DEC2EDF}.Debug|Any CPU.Build.0 = Debug|Any CPU
		{2D347E05-5CF9-4CD9-A2C1-16E86DEC2EDF}.Release|Any CPU.ActiveCfg = Release|Any CPU
		{2D347E05-5CF9-4CD9-A2C1-16E86DEC2EDF}.Release|Any CPU.Build.0 = Release|Any CPU
		{73CF94AB-FFC7-44E4-A191-25C344B0D1C0}.Debug|Any CPU.ActiveCfg = Debug|Any CPU
		{73CF94AB-FFC7-44E4-A191-25C344B0D1C0}.Debug|Any CPU.Build.0 = Debug|Any CPU
		{73CF94AB-FFC7-44E4-A191-25C344B0D1C0}.Release|Any CPU.ActiveCfg = Release|Any CPU
		{73CF94AB-FFC7-44E4-A191-25C344B0D1C0}.Release|Any CPU.Build.0 = Release|Any CPU
		{7580E54D-65C8-45BB-87D6-6220B1D25023}.Debug|Any CPU.ActiveCfg = Debug|Any CPU
		{7580E54D-65C8-45BB-87D6-6220B1D25023}.Debug|Any CPU.Build.0 = Debug|Any CPU
		{7580E54D-65C8-45BB-87D6-6220B1D25023}.Release|Any CPU.ActiveCfg = Release|Any CPU
		{7580E54D-65C8-45BB-87D6-6220B1D25023}.Release|Any CPU.Build.0 = Release|Any CPU
		{828D68DB-2A43-488E-B199-4CAA823C3EED}.Debug|Any CPU.ActiveCfg = Debug|Any CPU
		{828D68DB-2A43-488E-B199-4CAA823C3EED}.Debug|Any CPU.Build.0 = Debug|Any CPU
		{828D68DB-2A43-488E-B199-4CAA823C3EED}.Release|Any CPU.ActiveCfg = Release|Any CPU
		{828D68DB-2A43-488E-B199-4CAA823C3EED}.Release|Any CPU.Build.0 = Release|Any CPU
		{3EFC23F1-B99A-4775-B7D3-74D7332C4BDF}.Debug|Any CPU.ActiveCfg = Debug|Any CPU
		{3EFC23F1-B99A-4775-B7D3-74D7332C4BDF}.Debug|Any CPU.Build.0 = Debug|Any CPU
		{3EFC23F1-B99A-4775-B7D3-74D7332C4BDF}.Release|Any CPU.ActiveCfg = Release|Any CPU
		{3EFC23F1-B99A-4775-B7D3-74D7332C4BDF}.Release|Any CPU.Build.0 = Release|Any CPU
		{F08D0FDF-972E-42E1-AD38-74F14F8F7228}.Debug|Any CPU.ActiveCfg = Debug|Any CPU
		{F08D0FDF-972E-42E1-AD38-74F14F8F7228}.Debug|Any CPU.Build.0 = Debug|Any CPU
		{F08D0FDF-972E-42E1-AD38-74F14F8F7228}.Release|Any CPU.ActiveCfg = Release|Any CPU
		{F08D0FDF-972E-42E1-AD38-74F14F8F7228}.Release|Any CPU.Build.0 = Release|Any CPU
		{8860EEE4-7602-44AA-A924-8E387BBF0AD5}.Debug|Any CPU.ActiveCfg = Debug|Any CPU
		{8860EEE4-7602-44AA-A924-8E387BBF0AD5}.Debug|Any CPU.Build.0 = Debug|Any CPU
		{8860EEE4-7602-44AA-A924-8E387BBF0AD5}.Release|Any CPU.ActiveCfg = Release|Any CPU
		{8860EEE4-7602-44AA-A924-8E387BBF0AD5}.Release|Any CPU.Build.0 = Release|Any CPU
		{4FB55B67-0D1B-4C5A-AE73-257CFA8FEBA8}.Debug|Any CPU.ActiveCfg = Debug|Any CPU
		{4FB55B67-0D1B-4C5A-AE73-257CFA8FEBA8}.Debug|Any CPU.Build.0 = Debug|Any CPU
		{4FB55B67-0D1B-4C5A-AE73-257CFA8FEBA8}.Release|Any CPU.ActiveCfg = Release|Any CPU
		{4FB55B67-0D1B-4C5A-AE73-257CFA8FEBA8}.Release|Any CPU.Build.0 = Release|Any CPU
		{5A258636-C6B7-48E1-A9D7-9D06E95C1CB9}.Debug|Any CPU.ActiveCfg = Debug|Any CPU
		{5A258636-C6B7-48E1-A9D7-9D06E95C1CB9}.Debug|Any CPU.Build.0 = Debug|Any CPU
		{5A258636-C6B7-48E1-A9D7-9D06E95C1CB9}.Release|Any CPU.ActiveCfg = Release|Any CPU
		{5A258636-C6B7-48E1-A9D7-9D06E95C1CB9}.Release|Any CPU.Build.0 = Release|Any CPU
		{4ADF6E66-5699-4A3A-8BF1-B0CE0B4741A8}.Debug|Any CPU.ActiveCfg = Debug|Any CPU
		{4ADF6E66-5699-4A3A-8BF1-B0CE0B4741A8}.Debug|Any CPU.Build.0 = Debug|Any CPU
		{4ADF6E66-5699-4A3A-8BF1-B0CE0B4741A8}.Release|Any CPU.ActiveCfg = Release|Any CPU
		{4ADF6E66-5699-4A3A-8BF1-B0CE0B4741A8}.Release|Any CPU.Build.0 = Release|Any CPU
		{5E1C0F5C-D935-43D2-B165-310F7FEBA04E}.Debug|Any CPU.ActiveCfg = Debug|Any CPU
		{5E1C0F5C-D935-43D2-B165-310F7FEBA04E}.Debug|Any CPU.Build.0 = Debug|Any CPU
		{5E1C0F5C-D935-43D2-B165-310F7FEBA04E}.Release|Any CPU.ActiveCfg = Release|Any CPU
		{5E1C0F5C-D935-43D2-B165-310F7FEBA04E}.Release|Any CPU.Build.0 = Release|Any CPU
		{DBDC8455-E0A0-4E65-BFE0-1E981201749A}.Debug|Any CPU.ActiveCfg = Debug|Any CPU
		{DBDC8455-E0A0-4E65-BFE0-1E981201749A}.Debug|Any CPU.Build.0 = Debug|Any CPU
		{DBDC8455-E0A0-4E65-BFE0-1E981201749A}.Release|Any CPU.ActiveCfg = Release|Any CPU
		{DBDC8455-E0A0-4E65-BFE0-1E981201749A}.Release|Any CPU.Build.0 = Release|Any CPU
		{BE2CB98D-30C8-4BAB-9159-F646D9610C6E}.Debug|Any CPU.ActiveCfg = Debug|Any CPU
		{BE2CB98D-30C8-4BAB-9159-F646D9610C6E}.Debug|Any CPU.Build.0 = Debug|Any CPU
		{BE2CB98D-30C8-4BAB-9159-F646D9610C6E}.Release|Any CPU.ActiveCfg = Release|Any CPU
		{BE2CB98D-30C8-4BAB-9159-F646D9610C6E}.Release|Any CPU.Build.0 = Release|Any CPU
		{303112B2-1332-40F6-B13F-A9010E0D5BF6}.Debug|Any CPU.ActiveCfg = Debug|Any CPU
		{303112B2-1332-40F6-B13F-A9010E0D5BF6}.Debug|Any CPU.Build.0 = Debug|Any CPU
		{303112B2-1332-40F6-B13F-A9010E0D5BF6}.Release|Any CPU.ActiveCfg = Release|Any CPU
		{303112B2-1332-40F6-B13F-A9010E0D5BF6}.Release|Any CPU.Build.0 = Release|Any CPU
		{851D0F4C-DEF0-42AF-9495-E13199235119}.Debug|Any CPU.ActiveCfg = Debug|Any CPU
		{851D0F4C-DEF0-42AF-9495-E13199235119}.Debug|Any CPU.Build.0 = Debug|Any CPU
		{851D0F4C-DEF0-42AF-9495-E13199235119}.Release|Any CPU.ActiveCfg = Release|Any CPU
		{851D0F4C-DEF0-42AF-9495-E13199235119}.Release|Any CPU.Build.0 = Release|Any CPU
		{A3AAD036-625F-461A-A09A-56010D1C2045}.Debug|Any CPU.ActiveCfg = Debug|Any CPU
		{A3AAD036-625F-461A-A09A-56010D1C2045}.Debug|Any CPU.Build.0 = Debug|Any CPU
		{A3AAD036-625F-461A-A09A-56010D1C2045}.Release|Any CPU.ActiveCfg = Release|Any CPU
		{A3AAD036-625F-461A-A09A-56010D1C2045}.Release|Any CPU.Build.0 = Release|Any CPU
		{4919869B-35E6-4D2D-9CE1-9AD6BBE41FD3}.Debug|Any CPU.ActiveCfg = Debug|Any CPU
		{4919869B-35E6-4D2D-9CE1-9AD6BBE41FD3}.Debug|Any CPU.Build.0 = Debug|Any CPU
		{4919869B-35E6-4D2D-9CE1-9AD6BBE41FD3}.Release|Any CPU.ActiveCfg = Release|Any CPU
		{4919869B-35E6-4D2D-9CE1-9AD6BBE41FD3}.Release|Any CPU.Build.0 = Release|Any CPU
		{AE0001F0-54FE-46A7-B604-80928AEBB5D5}.Debug|Any CPU.ActiveCfg = Debug|Any CPU
		{AE0001F0-54FE-46A7-B604-80928AEBB5D5}.Debug|Any CPU.Build.0 = Debug|Any CPU
		{AE0001F0-54FE-46A7-B604-80928AEBB5D5}.Release|Any CPU.ActiveCfg = Release|Any CPU
		{AE0001F0-54FE-46A7-B604-80928AEBB5D5}.Release|Any CPU.Build.0 = Release|Any CPU
		{BDED0F30-81A6-4B3F-B239-16F1F5EABBFB}.Debug|Any CPU.ActiveCfg = Debug|Any CPU
		{BDED0F30-81A6-4B3F-B239-16F1F5EABBFB}.Debug|Any CPU.Build.0 = Debug|Any CPU
		{BDED0F30-81A6-4B3F-B239-16F1F5EABBFB}.Release|Any CPU.ActiveCfg = Release|Any CPU
		{BDED0F30-81A6-4B3F-B239-16F1F5EABBFB}.Release|Any CPU.Build.0 = Release|Any CPU
		{5C11C11A-FA4F-4521-967A-9F249A63D3CC}.Debug|Any CPU.ActiveCfg = Debug|Any CPU
		{5C11C11A-FA4F-4521-967A-9F249A63D3CC}.Debug|Any CPU.Build.0 = Debug|Any CPU
		{5C11C11A-FA4F-4521-967A-9F249A63D3CC}.Release|Any CPU.ActiveCfg = Release|Any CPU
		{5C11C11A-FA4F-4521-967A-9F249A63D3CC}.Release|Any CPU.Build.0 = Release|Any CPU
		{E0581E98-169C-427B-9487-39E109F8389D}.Debug|Any CPU.ActiveCfg = Debug|Any CPU
		{E0581E98-169C-427B-9487-39E109F8389D}.Debug|Any CPU.Build.0 = Debug|Any CPU
		{E0581E98-169C-427B-9487-39E109F8389D}.Release|Any CPU.ActiveCfg = Release|Any CPU
		{E0581E98-169C-427B-9487-39E109F8389D}.Release|Any CPU.Build.0 = Release|Any CPU
		{DDB9AB73-618B-4702-9D81-5AEE3E662575}.Debug|Any CPU.ActiveCfg = Debug|Any CPU
		{DDB9AB73-618B-4702-9D81-5AEE3E662575}.Debug|Any CPU.Build.0 = Debug|Any CPU
		{DDB9AB73-618B-4702-9D81-5AEE3E662575}.Release|Any CPU.ActiveCfg = Release|Any CPU
		{DDB9AB73-618B-4702-9D81-5AEE3E662575}.Release|Any CPU.Build.0 = Release|Any CPU
		{4E9C4056-AF4F-45C0-B5D8-BD700F0A5389}.Debug|Any CPU.ActiveCfg = Debug|Any CPU
		{4E9C4056-AF4F-45C0-B5D8-BD700F0A5389}.Debug|Any CPU.Build.0 = Debug|Any CPU
		{4E9C4056-AF4F-45C0-B5D8-BD700F0A5389}.Release|Any CPU.ActiveCfg = Release|Any CPU
		{4E9C4056-AF4F-45C0-B5D8-BD700F0A5389}.Release|Any CPU.Build.0 = Release|Any CPU
		{A4FF2486-AB3E-4952-B171-A514327738D3}.Debug|Any CPU.ActiveCfg = Debug|Any CPU
		{A4FF2486-AB3E-4952-B171-A514327738D3}.Debug|Any CPU.Build.0 = Debug|Any CPU
		{A4FF2486-AB3E-4952-B171-A514327738D3}.Release|Any CPU.ActiveCfg = Release|Any CPU
		{A4FF2486-AB3E-4952-B171-A514327738D3}.Release|Any CPU.Build.0 = Release|Any CPU
		{B6A710FF-A8EF-4C7E-BDB7-294AB69D6E33}.Debug|Any CPU.ActiveCfg = Debug|Any CPU
		{B6A710FF-A8EF-4C7E-BDB7-294AB69D6E33}.Debug|Any CPU.Build.0 = Debug|Any CPU
		{B6A710FF-A8EF-4C7E-BDB7-294AB69D6E33}.Release|Any CPU.ActiveCfg = Release|Any CPU
		{B6A710FF-A8EF-4C7E-BDB7-294AB69D6E33}.Release|Any CPU.Build.0 = Release|Any CPU
		{57CC1EB2-D161-44D3-9F29-2BEC8E092E13}.Debug|Any CPU.ActiveCfg = Debug|Any CPU
		{57CC1EB2-D161-44D3-9F29-2BEC8E092E13}.Debug|Any CPU.Build.0 = Debug|Any CPU
		{57CC1EB2-D161-44D3-9F29-2BEC8E092E13}.Release|Any CPU.ActiveCfg = Release|Any CPU
		{57CC1EB2-D161-44D3-9F29-2BEC8E092E13}.Release|Any CPU.Build.0 = Release|Any CPU
		{DD1B8BB6-DB8C-4F62-B391-9AE8600A5E27}.Debug|Any CPU.ActiveCfg = Debug|Any CPU
		{DD1B8BB6-DB8C-4F62-B391-9AE8600A5E27}.Debug|Any CPU.Build.0 = Debug|Any CPU
		{DD1B8BB6-DB8C-4F62-B391-9AE8600A5E27}.Release|Any CPU.ActiveCfg = Release|Any CPU
		{DD1B8BB6-DB8C-4F62-B391-9AE8600A5E27}.Release|Any CPU.Build.0 = Release|Any CPU
		{D37B718F-092F-49E3-A871-E967DC5BADED}.Debug|Any CPU.ActiveCfg = Debug|Any CPU
		{D37B718F-092F-49E3-A871-E967DC5BADED}.Debug|Any CPU.Build.0 = Debug|Any CPU
		{D37B718F-092F-49E3-A871-E967DC5BADED}.Release|Any CPU.ActiveCfg = Release|Any CPU
		{D37B718F-092F-49E3-A871-E967DC5BADED}.Release|Any CPU.Build.0 = Release|Any CPU
		{738E3797-D107-4F23-AB70-3395FF97C242}.Debug|Any CPU.ActiveCfg = Debug|Any CPU
		{738E3797-D107-4F23-AB70-3395FF97C242}.Debug|Any CPU.Build.0 = Debug|Any CPU
		{738E3797-D107-4F23-AB70-3395FF97C242}.Release|Any CPU.ActiveCfg = Release|Any CPU
		{738E3797-D107-4F23-AB70-3395FF97C242}.Release|Any CPU.Build.0 = Release|Any CPU
		{760F69F3-A847-492E-AD89-4CF7918754C3}.Debug|Any CPU.ActiveCfg = Debug|Any CPU
		{760F69F3-A847-492E-AD89-4CF7918754C3}.Debug|Any CPU.Build.0 = Debug|Any CPU
		{760F69F3-A847-492E-AD89-4CF7918754C3}.Release|Any CPU.ActiveCfg = Release|Any CPU
		{760F69F3-A847-492E-AD89-4CF7918754C3}.Release|Any CPU.Build.0 = Release|Any CPU
		{635705B4-9264-4A1C-B07F-E1AF2237C03E}.Debug|Any CPU.ActiveCfg = Debug|Any CPU
		{635705B4-9264-4A1C-B07F-E1AF2237C03E}.Debug|Any CPU.Build.0 = Debug|Any CPU
		{635705B4-9264-4A1C-B07F-E1AF2237C03E}.Release|Any CPU.ActiveCfg = Release|Any CPU
		{635705B4-9264-4A1C-B07F-E1AF2237C03E}.Release|Any CPU.Build.0 = Release|Any CPU
		{F22AEF60-BBD9-44BB-9CB1-F4F1BFFF4390}.Debug|Any CPU.ActiveCfg = Debug|Any CPU
		{F22AEF60-BBD9-44BB-9CB1-F4F1BFFF4390}.Debug|Any CPU.Build.0 = Debug|Any CPU
		{F22AEF60-BBD9-44BB-9CB1-F4F1BFFF4390}.Release|Any CPU.ActiveCfg = Release|Any CPU
		{F22AEF60-BBD9-44BB-9CB1-F4F1BFFF4390}.Release|Any CPU.Build.0 = Release|Any CPU
		{BEA0AE9A-F42F-4FE5-9F15-9F0B971150D4}.Debug|Any CPU.ActiveCfg = Debug|Any CPU
		{BEA0AE9A-F42F-4FE5-9F15-9F0B971150D4}.Debug|Any CPU.Build.0 = Debug|Any CPU
		{BEA0AE9A-F42F-4FE5-9F15-9F0B971150D4}.Release|Any CPU.ActiveCfg = Release|Any CPU
		{BEA0AE9A-F42F-4FE5-9F15-9F0B971150D4}.Release|Any CPU.Build.0 = Release|Any CPU
	EndGlobalSection
	GlobalSection(SolutionProperties) = preSolution
		HideSolutionNode = FALSE
	EndGlobalSection
	GlobalSection(ExtensibilityGlobals) = postSolution
		SolutionGuid = {047CFE23-9D47-41E1-B066-08860F30BDC2}
	EndGlobalSection
EndGlobal
